// !$*UTF8*$!
{
	archiveVersion = 1;
	classes = {
	};
	objectVersion = 55;
	objects = {

/* Begin PBXBuildFile section */
		0422958A278C32FB0090983F /* CPPMetalDepthStencil.mm in Sources */ = {isa = PBXBuildFile; fileRef = 0422955F278C32F90090983F /* CPPMetalDepthStencil.mm */; };
		0422958B278C32FB0090983F /* CPPMetalAllocator.hpp in Headers */ = {isa = PBXBuildFile; fileRef = 04229560278C32F90090983F /* CPPMetalAllocator.hpp */; };
		0422958C278C32FB0090983F /* CPPMetalRenderPass.mm in Sources */ = {isa = PBXBuildFile; fileRef = 04229561278C32F90090983F /* CPPMetalRenderPass.mm */; };
		0422958D278C32FB0090983F /* CPPMetalRenderPipeline.mm in Sources */ = {isa = PBXBuildFile; fileRef = 04229562278C32F90090983F /* CPPMetalRenderPipeline.mm */; };
		0422958E278C32FB0090983F /* CPPMetalRenderCommandEncoder_DispatchTable.mm in Sources */ = {isa = PBXBuildFile; fileRef = 04229563278C32F90090983F /* CPPMetalRenderCommandEncoder_DispatchTable.mm */; };
		0422958F278C32FB0090983F /* CPPMetalCommandEncoder.hpp in Headers */ = {isa = PBXBuildFile; fileRef = 04229564278C32F90090983F /* CPPMetalCommandEncoder.hpp */; };
		04229590278C32FB0090983F /* CPPMetalCommandEncoder.mm in Sources */ = {isa = PBXBuildFile; fileRef = 04229565278C32F90090983F /* CPPMetalCommandEncoder.mm */; };
		04229591278C32FB0090983F /* CPPMetalKitView.hpp in Headers */ = {isa = PBXBuildFile; fileRef = 04229566278C32F90090983F /* CPPMetalKitView.hpp */; };
		04229592278C32FB0090983F /* CPPMetalTexture.hpp in Headers */ = {isa = PBXBuildFile; fileRef = 04229567278C32F90090983F /* CPPMetalTexture.hpp */; };
		04229593278C32FB0090983F /* CPPMetalDrawable.hpp in Headers */ = {isa = PBXBuildFile; fileRef = 04229568278C32FA0090983F /* CPPMetalDrawable.hpp */; };
		04229594278C32FB0090983F /* CPPMetalDeviceInternals.mm in Sources */ = {isa = PBXBuildFile; fileRef = 04229569278C32FA0090983F /* CPPMetalDeviceInternals.mm */; };
		04229595278C32FB0090983F /* CPPMetalPixelFormat.mm in Sources */ = {isa = PBXBuildFile; fileRef = 0422956A278C32FA0090983F /* CPPMetalPixelFormat.mm */; };
		04229596278C32FB0090983F /* CPPMetalRenderCommandEncoder_DispatchTable.hpp in Headers */ = {isa = PBXBuildFile; fileRef = 0422956B278C32FA0090983F /* CPPMetalRenderCommandEncoder_DispatchTable.hpp */; };
		04229597278C32FB0090983F /* CPPMetalTypes.hpp in Headers */ = {isa = PBXBuildFile; fileRef = 0422956C278C32FA0090983F /* CPPMetalTypes.hpp */; };
		04229598278C32FB0090983F /* CPPMetalKitView.mm in Sources */ = {isa = PBXBuildFile; fileRef = 0422956D278C32FA0090983F /* CPPMetalKitView.mm */; };
		04229599278C32FB0090983F /* CPPMetalCommandQueue.hpp in Headers */ = {isa = PBXBuildFile; fileRef = 0422956E278C32FA0090983F /* CPPMetalCommandQueue.hpp */; };
		0422959A278C32FB0090983F /* CPPMetalResource.mm in Sources */ = {isa = PBXBuildFile; fileRef = 0422956F278C32FA0090983F /* CPPMetalResource.mm */; };
		0422959B278C32FB0090983F /* CPPMetalKitTextureLoader.hpp in Headers */ = {isa = PBXBuildFile; fileRef = 04229570278C32FA0090983F /* CPPMetalKitTextureLoader.hpp */; };
		0422959C278C32FB0090983F /* CPPMetalBuffer.mm in Sources */ = {isa = PBXBuildFile; fileRef = 04229571278C32FA0090983F /* CPPMetalBuffer.mm */; };
		0422959D278C32FB0090983F /* CPPMetalResourceEnum.hpp in Headers */ = {isa = PBXBuildFile; fileRef = 04229572278C32FA0090983F /* CPPMetalResourceEnum.hpp */; };
		0422959E278C32FB0090983F /* CPPMetalVertexDescriptor.hpp in Headers */ = {isa = PBXBuildFile; fileRef = 04229573278C32FA0090983F /* CPPMetalVertexDescriptor.hpp */; };
		0422959F278C32FB0090983F /* CPPMetalTexture.mm in Sources */ = {isa = PBXBuildFile; fileRef = 04229574278C32FA0090983F /* CPPMetalTexture.mm */; };
		042295A0278C32FB0090983F /* CPPMetalRenderPipeline.hpp in Headers */ = {isa = PBXBuildFile; fileRef = 04229575278C32FA0090983F /* CPPMetalRenderPipeline.hpp */; };
		042295A1278C32FB0090983F /* CPPMetalCommandBuffer.mm in Sources */ = {isa = PBXBuildFile; fileRef = 04229576278C32FA0090983F /* CPPMetalCommandBuffer.mm */; };
		042295A2278C32FB0090983F /* CPPMetalDevice.hpp in Headers */ = {isa = PBXBuildFile; fileRef = 04229577278C32FA0090983F /* CPPMetalDevice.hpp */; };
		042295A3278C32FB0090983F /* CPPMetalPixelFormat.hpp in Headers */ = {isa = PBXBuildFile; fileRef = 04229578278C32FA0090983F /* CPPMetalPixelFormat.hpp */; };
		042295A4278C32FB0090983F /* CPPMetalCommandQueue.mm in Sources */ = {isa = PBXBuildFile; fileRef = 04229579278C32FA0090983F /* CPPMetalCommandQueue.mm */; };
		042295A5278C32FB0090983F /* CPPMetalVertexDescriptor.mm in Sources */ = {isa = PBXBuildFile; fileRef = 0422957A278C32FA0090983F /* CPPMetalVertexDescriptor.mm */; };
		042295A6278C32FB0090983F /* CPPMetalConstants.hpp in Headers */ = {isa = PBXBuildFile; fileRef = 0422957B278C32FA0090983F /* CPPMetalConstants.hpp */; };
		042295A7278C32FB0090983F /* CPPMetalDepthStencil.hpp in Headers */ = {isa = PBXBuildFile; fileRef = 0422957C278C32FA0090983F /* CPPMetalDepthStencil.hpp */; };
		042295A8278C32FB0090983F /* CPPMetalBuffer.hpp in Headers */ = {isa = PBXBuildFile; fileRef = 0422957D278C32FA0090983F /* CPPMetalBuffer.hpp */; };
		042295A9278C32FB0090983F /* CPPMetalRenderCommandEncoder.mm in Sources */ = {isa = PBXBuildFile; fileRef = 0422957E278C32FA0090983F /* CPPMetalRenderCommandEncoder.mm */; };
		042295AA278C32FB0090983F /* CPPMetalDrawable.mm in Sources */ = {isa = PBXBuildFile; fileRef = 0422957F278C32FA0090983F /* CPPMetalDrawable.mm */; };
		042295AB278C32FB0090983F /* CPPMetalResource.hpp in Headers */ = {isa = PBXBuildFile; fileRef = 04229580278C32FA0090983F /* CPPMetalResource.hpp */; };
		042295AC278C32FB0090983F /* CPPMetalRenderPass.hpp in Headers */ = {isa = PBXBuildFile; fileRef = 04229581278C32FA0090983F /* CPPMetalRenderPass.hpp */; };
		042295AD278C32FB0090983F /* CPPMetalLibrary.mm in Sources */ = {isa = PBXBuildFile; fileRef = 04229582278C32FA0090983F /* CPPMetalLibrary.mm */; };
		042295AE278C32FB0090983F /* CPPMetalKitTextureLoader.mm in Sources */ = {isa = PBXBuildFile; fileRef = 04229583278C32FA0090983F /* CPPMetalKitTextureLoader.mm */; };
		042295AF278C32FB0090983F /* CPPMetal.hpp in Headers */ = {isa = PBXBuildFile; fileRef = 04229584278C32FA0090983F /* CPPMetal.hpp */; };
		042295B0278C32FB0090983F /* CPPMetalDevice.mm in Sources */ = {isa = PBXBuildFile; fileRef = 04229585278C32FA0090983F /* CPPMetalDevice.mm */; };
		042295B1278C32FB0090983F /* CPPMetalCommandBuffer.hpp in Headers */ = {isa = PBXBuildFile; fileRef = 04229586278C32FA0090983F /* CPPMetalCommandBuffer.hpp */; };
		042295B2278C32FB0090983F /* CPPMetalLibrary.hpp in Headers */ = {isa = PBXBuildFile; fileRef = 04229587278C32FA0090983F /* CPPMetalLibrary.hpp */; };
		042295B3278C32FB0090983F /* CPPMetalRenderCommandEncoder.hpp in Headers */ = {isa = PBXBuildFile; fileRef = 04229588278C32FA0090983F /* CPPMetalRenderCommandEncoder.hpp */; };
		042295B4278C32FB0090983F /* CPPMetalImplementation.hpp in Headers */ = {isa = PBXBuildFile; fileRef = 04229589278C32FB0090983F /* CPPMetalImplementation.hpp */; };
		042295B8278C33090090983F /* CPPMetalDeviceInternals.h in Headers */ = {isa = PBXBuildFile; fileRef = 042295B5278C33080090983F /* CPPMetalDeviceInternals.h */; };
		042295B9278C33090090983F /* CPPMetalDispatchTableCache.h in Headers */ = {isa = PBXBuildFile; fileRef = 042295B6278C33080090983F /* CPPMetalDispatchTableCache.h */; };
		042295BA278C33090090983F /* CPPMetalInternalMacros.h in Headers */ = {isa = PBXBuildFile; fileRef = 042295B7278C33080090983F /* CPPMetalInternalMacros.h */; };
		042295BE278C3B210090983F /* ray.cpp in Sources */ = {isa = PBXBuildFile; fileRef = 042295BC278C3B210090983F /* ray.cpp */; };
		042295BF278C3B210090983F /* ray.h in Headers */ = {isa = PBXBuildFile; fileRef = 042295BD278C3B210090983F /* ray.h */; };
		042295E6278D17790090983F /* constants.h in Headers */ = {isa = PBXBuildFile; fileRef = 042295E4278D17790090983F /* constants.h */; };
		042295E7278D17790090983F /* macros.h in Headers */ = {isa = PBXBuildFile; fileRef = 042295E5278D17790090983F /* macros.h */; };
		042295F4278D1FAA0090983F /* size.h in Headers */ = {isa = PBXBuildFile; fileRef = 042295E8278D1FAA0090983F /* size.h */; };
		042295F5278D1FAA0090983F /* point3.h in Headers */ = {isa = PBXBuildFile; fileRef = 042295E9278D1FAA0090983F /* point3.h */; };
		042295F6278D1FAA0090983F /* point.h in Headers */ = {isa = PBXBuildFile; fileRef = 042295EA278D1FAA0090983F /* point.h */; };
		042295F7278D1FAA0090983F /* size-inl.h in Headers */ = {isa = PBXBuildFile; fileRef = 042295EB278D1FAA0090983F /* size-inl.h */; };
		042295F8278D1FAA0090983F /* size3.h in Headers */ = {isa = PBXBuildFile; fileRef = 042295EC278D1FAA0090983F /* size3.h */; };
		042295F9278D1FAA0090983F /* size2.h in Headers */ = {isa = PBXBuildFile; fileRef = 042295ED278D1FAA0090983F /* size2.h */; };
		042295FA278D1FAA0090983F /* size2-inl.h in Headers */ = {isa = PBXBuildFile; fileRef = 042295EE278D1FAA0090983F /* size2-inl.h */; };
		042295FB278D1FAA0090983F /* point2.h in Headers */ = {isa = PBXBuildFile; fileRef = 042295EF278D1FAA0090983F /* point2.h */; };
		042295FC278D1FAA0090983F /* point3-inl.h in Headers */ = {isa = PBXBuildFile; fileRef = 042295F0278D1FAA0090983F /* point3-inl.h */; };
		042295FD278D1FAA0090983F /* size3-inl.h in Headers */ = {isa = PBXBuildFile; fileRef = 042295F1278D1FAA0090983F /* size3-inl.h */; };
		042295FF278D1FAA0090983F /* point-inl.h in Headers */ = {isa = PBXBuildFile; fileRef = 042295F3278D1FAA0090983F /* point-inl.h */; };
		04229600278D204C0090983F /* point2.cpp in Sources */ = {isa = PBXBuildFile; fileRef = 042295F2278D1FAA0090983F /* point2.cpp */; };
		04229603278D20680090983F /* math_utils-inl.h in Headers */ = {isa = PBXBuildFile; fileRef = 04229601278D20680090983F /* math_utils-inl.h */; };
		04229604278D20680090983F /* math_utils.h in Headers */ = {isa = PBXBuildFile; fileRef = 04229602278D20680090983F /* math_utils.h */; };
/* End PBXBuildFile section */

/* Begin PBXFileReference section */
		0422954F278C30840090983F /* libvox.render.a */ = {isa = PBXFileReference; explicitFileType = archive.ar; includeInIndex = 0; path = libvox.render.a; sourceTree = BUILT_PRODUCTS_DIR; };
		0422955F278C32F90090983F /* CPPMetalDepthStencil.mm */ = {isa = PBXFileReference; fileEncoding = 4; lastKnownFileType = sourcecode.cpp.objcpp; path = CPPMetalDepthStencil.mm; sourceTree = "<group>"; };
		04229560278C32F90090983F /* CPPMetalAllocator.hpp */ = {isa = PBXFileReference; fileEncoding = 4; lastKnownFileType = sourcecode.cpp.h; path = CPPMetalAllocator.hpp; sourceTree = "<group>"; };
		04229561278C32F90090983F /* CPPMetalRenderPass.mm */ = {isa = PBXFileReference; fileEncoding = 4; lastKnownFileType = sourcecode.cpp.objcpp; path = CPPMetalRenderPass.mm; sourceTree = "<group>"; };
		04229562278C32F90090983F /* CPPMetalRenderPipeline.mm */ = {isa = PBXFileReference; fileEncoding = 4; lastKnownFileType = sourcecode.cpp.objcpp; path = CPPMetalRenderPipeline.mm; sourceTree = "<group>"; };
		04229563278C32F90090983F /* CPPMetalRenderCommandEncoder_DispatchTable.mm */ = {isa = PBXFileReference; fileEncoding = 4; lastKnownFileType = sourcecode.cpp.objcpp; path = CPPMetalRenderCommandEncoder_DispatchTable.mm; sourceTree = "<group>"; };
		04229564278C32F90090983F /* CPPMetalCommandEncoder.hpp */ = {isa = PBXFileReference; fileEncoding = 4; lastKnownFileType = sourcecode.cpp.h; path = CPPMetalCommandEncoder.hpp; sourceTree = "<group>"; };
		04229565278C32F90090983F /* CPPMetalCommandEncoder.mm */ = {isa = PBXFileReference; fileEncoding = 4; lastKnownFileType = sourcecode.cpp.objcpp; path = CPPMetalCommandEncoder.mm; sourceTree = "<group>"; };
		04229566278C32F90090983F /* CPPMetalKitView.hpp */ = {isa = PBXFileReference; fileEncoding = 4; lastKnownFileType = sourcecode.cpp.h; path = CPPMetalKitView.hpp; sourceTree = "<group>"; };
		04229567278C32F90090983F /* CPPMetalTexture.hpp */ = {isa = PBXFileReference; fileEncoding = 4; lastKnownFileType = sourcecode.cpp.h; path = CPPMetalTexture.hpp; sourceTree = "<group>"; };
		04229568278C32FA0090983F /* CPPMetalDrawable.hpp */ = {isa = PBXFileReference; fileEncoding = 4; lastKnownFileType = sourcecode.cpp.h; path = CPPMetalDrawable.hpp; sourceTree = "<group>"; };
		04229569278C32FA0090983F /* CPPMetalDeviceInternals.mm */ = {isa = PBXFileReference; fileEncoding = 4; lastKnownFileType = sourcecode.cpp.objcpp; path = CPPMetalDeviceInternals.mm; sourceTree = "<group>"; };
		0422956A278C32FA0090983F /* CPPMetalPixelFormat.mm */ = {isa = PBXFileReference; fileEncoding = 4; lastKnownFileType = sourcecode.cpp.objcpp; path = CPPMetalPixelFormat.mm; sourceTree = "<group>"; };
		0422956B278C32FA0090983F /* CPPMetalRenderCommandEncoder_DispatchTable.hpp */ = {isa = PBXFileReference; fileEncoding = 4; lastKnownFileType = sourcecode.cpp.h; path = CPPMetalRenderCommandEncoder_DispatchTable.hpp; sourceTree = "<group>"; };
		0422956C278C32FA0090983F /* CPPMetalTypes.hpp */ = {isa = PBXFileReference; fileEncoding = 4; lastKnownFileType = sourcecode.cpp.h; path = CPPMetalTypes.hpp; sourceTree = "<group>"; };
		0422956D278C32FA0090983F /* CPPMetalKitView.mm */ = {isa = PBXFileReference; fileEncoding = 4; lastKnownFileType = sourcecode.cpp.objcpp; path = CPPMetalKitView.mm; sourceTree = "<group>"; };
		0422956E278C32FA0090983F /* CPPMetalCommandQueue.hpp */ = {isa = PBXFileReference; fileEncoding = 4; lastKnownFileType = sourcecode.cpp.h; path = CPPMetalCommandQueue.hpp; sourceTree = "<group>"; };
		0422956F278C32FA0090983F /* CPPMetalResource.mm */ = {isa = PBXFileReference; fileEncoding = 4; lastKnownFileType = sourcecode.cpp.objcpp; path = CPPMetalResource.mm; sourceTree = "<group>"; };
		04229570278C32FA0090983F /* CPPMetalKitTextureLoader.hpp */ = {isa = PBXFileReference; fileEncoding = 4; lastKnownFileType = sourcecode.cpp.h; path = CPPMetalKitTextureLoader.hpp; sourceTree = "<group>"; };
		04229571278C32FA0090983F /* CPPMetalBuffer.mm */ = {isa = PBXFileReference; fileEncoding = 4; lastKnownFileType = sourcecode.cpp.objcpp; path = CPPMetalBuffer.mm; sourceTree = "<group>"; };
		04229572278C32FA0090983F /* CPPMetalResourceEnum.hpp */ = {isa = PBXFileReference; fileEncoding = 4; lastKnownFileType = sourcecode.cpp.h; path = CPPMetalResourceEnum.hpp; sourceTree = "<group>"; };
		04229573278C32FA0090983F /* CPPMetalVertexDescriptor.hpp */ = {isa = PBXFileReference; fileEncoding = 4; lastKnownFileType = sourcecode.cpp.h; path = CPPMetalVertexDescriptor.hpp; sourceTree = "<group>"; };
		04229574278C32FA0090983F /* CPPMetalTexture.mm */ = {isa = PBXFileReference; fileEncoding = 4; lastKnownFileType = sourcecode.cpp.objcpp; path = CPPMetalTexture.mm; sourceTree = "<group>"; };
		04229575278C32FA0090983F /* CPPMetalRenderPipeline.hpp */ = {isa = PBXFileReference; fileEncoding = 4; lastKnownFileType = sourcecode.cpp.h; path = CPPMetalRenderPipeline.hpp; sourceTree = "<group>"; };
		04229576278C32FA0090983F /* CPPMetalCommandBuffer.mm */ = {isa = PBXFileReference; fileEncoding = 4; lastKnownFileType = sourcecode.cpp.objcpp; path = CPPMetalCommandBuffer.mm; sourceTree = "<group>"; };
		04229577278C32FA0090983F /* CPPMetalDevice.hpp */ = {isa = PBXFileReference; fileEncoding = 4; lastKnownFileType = sourcecode.cpp.h; path = CPPMetalDevice.hpp; sourceTree = "<group>"; };
		04229578278C32FA0090983F /* CPPMetalPixelFormat.hpp */ = {isa = PBXFileReference; fileEncoding = 4; lastKnownFileType = sourcecode.cpp.h; path = CPPMetalPixelFormat.hpp; sourceTree = "<group>"; };
		04229579278C32FA0090983F /* CPPMetalCommandQueue.mm */ = {isa = PBXFileReference; fileEncoding = 4; lastKnownFileType = sourcecode.cpp.objcpp; path = CPPMetalCommandQueue.mm; sourceTree = "<group>"; };
		0422957A278C32FA0090983F /* CPPMetalVertexDescriptor.mm */ = {isa = PBXFileReference; fileEncoding = 4; lastKnownFileType = sourcecode.cpp.objcpp; path = CPPMetalVertexDescriptor.mm; sourceTree = "<group>"; };
		0422957B278C32FA0090983F /* CPPMetalConstants.hpp */ = {isa = PBXFileReference; fileEncoding = 4; lastKnownFileType = sourcecode.cpp.h; path = CPPMetalConstants.hpp; sourceTree = "<group>"; };
		0422957C278C32FA0090983F /* CPPMetalDepthStencil.hpp */ = {isa = PBXFileReference; fileEncoding = 4; lastKnownFileType = sourcecode.cpp.h; path = CPPMetalDepthStencil.hpp; sourceTree = "<group>"; };
		0422957D278C32FA0090983F /* CPPMetalBuffer.hpp */ = {isa = PBXFileReference; fileEncoding = 4; lastKnownFileType = sourcecode.cpp.h; path = CPPMetalBuffer.hpp; sourceTree = "<group>"; };
		0422957E278C32FA0090983F /* CPPMetalRenderCommandEncoder.mm */ = {isa = PBXFileReference; fileEncoding = 4; lastKnownFileType = sourcecode.cpp.objcpp; path = CPPMetalRenderCommandEncoder.mm; sourceTree = "<group>"; };
		0422957F278C32FA0090983F /* CPPMetalDrawable.mm */ = {isa = PBXFileReference; fileEncoding = 4; lastKnownFileType = sourcecode.cpp.objcpp; path = CPPMetalDrawable.mm; sourceTree = "<group>"; };
		04229580278C32FA0090983F /* CPPMetalResource.hpp */ = {isa = PBXFileReference; fileEncoding = 4; lastKnownFileType = sourcecode.cpp.h; path = CPPMetalResource.hpp; sourceTree = "<group>"; };
		04229581278C32FA0090983F /* CPPMetalRenderPass.hpp */ = {isa = PBXFileReference; fileEncoding = 4; lastKnownFileType = sourcecode.cpp.h; path = CPPMetalRenderPass.hpp; sourceTree = "<group>"; };
		04229582278C32FA0090983F /* CPPMetalLibrary.mm */ = {isa = PBXFileReference; fileEncoding = 4; lastKnownFileType = sourcecode.cpp.objcpp; path = CPPMetalLibrary.mm; sourceTree = "<group>"; };
		04229583278C32FA0090983F /* CPPMetalKitTextureLoader.mm */ = {isa = PBXFileReference; fileEncoding = 4; lastKnownFileType = sourcecode.cpp.objcpp; path = CPPMetalKitTextureLoader.mm; sourceTree = "<group>"; };
		04229584278C32FA0090983F /* CPPMetal.hpp */ = {isa = PBXFileReference; fileEncoding = 4; lastKnownFileType = sourcecode.cpp.h; path = CPPMetal.hpp; sourceTree = "<group>"; };
		04229585278C32FA0090983F /* CPPMetalDevice.mm */ = {isa = PBXFileReference; fileEncoding = 4; lastKnownFileType = sourcecode.cpp.objcpp; path = CPPMetalDevice.mm; sourceTree = "<group>"; };
		04229586278C32FA0090983F /* CPPMetalCommandBuffer.hpp */ = {isa = PBXFileReference; fileEncoding = 4; lastKnownFileType = sourcecode.cpp.h; path = CPPMetalCommandBuffer.hpp; sourceTree = "<group>"; };
		04229587278C32FA0090983F /* CPPMetalLibrary.hpp */ = {isa = PBXFileReference; fileEncoding = 4; lastKnownFileType = sourcecode.cpp.h; path = CPPMetalLibrary.hpp; sourceTree = "<group>"; };
		04229588278C32FA0090983F /* CPPMetalRenderCommandEncoder.hpp */ = {isa = PBXFileReference; fileEncoding = 4; lastKnownFileType = sourcecode.cpp.h; path = CPPMetalRenderCommandEncoder.hpp; sourceTree = "<group>"; };
		04229589278C32FB0090983F /* CPPMetalImplementation.hpp */ = {isa = PBXFileReference; fileEncoding = 4; lastKnownFileType = sourcecode.cpp.h; path = CPPMetalImplementation.hpp; sourceTree = "<group>"; };
		042295B5278C33080090983F /* CPPMetalDeviceInternals.h */ = {isa = PBXFileReference; fileEncoding = 4; lastKnownFileType = sourcecode.c.h; path = CPPMetalDeviceInternals.h; sourceTree = "<group>"; };
		042295B6278C33080090983F /* CPPMetalDispatchTableCache.h */ = {isa = PBXFileReference; fileEncoding = 4; lastKnownFileType = sourcecode.c.h; path = CPPMetalDispatchTableCache.h; sourceTree = "<group>"; };
		042295B7278C33080090983F /* CPPMetalInternalMacros.h */ = {isa = PBXFileReference; fileEncoding = 4; lastKnownFileType = sourcecode.c.h; path = CPPMetalInternalMacros.h; sourceTree = "<group>"; };
		042295BC278C3B210090983F /* ray.cpp */ = {isa = PBXFileReference; lastKnownFileType = sourcecode.cpp.cpp; path = ray.cpp; sourceTree = "<group>"; };
		042295BD278C3B210090983F /* ray.h */ = {isa = PBXFileReference; lastKnownFileType = sourcecode.c.h; path = ray.h; sourceTree = "<group>"; };
		042295C1278C3B710090983F /* glm_common.h */ = {isa = PBXFileReference; lastKnownFileType = sourcecode.c.h; path = glm_common.h; sourceTree = "<group>"; };
		042295D9278D121C0090983F /* libvox.geometry.a */ = {isa = PBXFileReference; explicitFileType = archive.ar; includeInIndex = 0; path = libvox.geometry.a; sourceTree = BUILT_PRODUCTS_DIR; };
		042295E4278D17790090983F /* constants.h */ = {isa = PBXFileReference; fileEncoding = 4; lastKnownFileType = sourcecode.c.h; path = constants.h; sourceTree = "<group>"; };
		042295E5278D17790090983F /* macros.h */ = {isa = PBXFileReference; fileEncoding = 4; lastKnownFileType = sourcecode.c.h; path = macros.h; sourceTree = "<group>"; };
		042295E8278D1FAA0090983F /* size.h */ = {isa = PBXFileReference; fileEncoding = 4; lastKnownFileType = sourcecode.c.h; path = size.h; sourceTree = "<group>"; };
		042295E9278D1FAA0090983F /* point3.h */ = {isa = PBXFileReference; fileEncoding = 4; lastKnownFileType = sourcecode.c.h; path = point3.h; sourceTree = "<group>"; };
		042295EA278D1FAA0090983F /* point.h */ = {isa = PBXFileReference; fileEncoding = 4; lastKnownFileType = sourcecode.c.h; path = point.h; sourceTree = "<group>"; };
		042295EB278D1FAA0090983F /* size-inl.h */ = {isa = PBXFileReference; fileEncoding = 4; lastKnownFileType = sourcecode.c.h; path = "size-inl.h"; sourceTree = "<group>"; };
		042295EC278D1FAA0090983F /* size3.h */ = {isa = PBXFileReference; fileEncoding = 4; lastKnownFileType = sourcecode.c.h; path = size3.h; sourceTree = "<group>"; };
		042295ED278D1FAA0090983F /* size2.h */ = {isa = PBXFileReference; fileEncoding = 4; lastKnownFileType = sourcecode.c.h; path = size2.h; sourceTree = "<group>"; };
		042295EE278D1FAA0090983F /* size2-inl.h */ = {isa = PBXFileReference; fileEncoding = 4; lastKnownFileType = sourcecode.c.h; path = "size2-inl.h"; sourceTree = "<group>"; };
		042295EF278D1FAA0090983F /* point2.h */ = {isa = PBXFileReference; fileEncoding = 4; lastKnownFileType = sourcecode.c.h; path = point2.h; sourceTree = "<group>"; };
		042295F0278D1FAA0090983F /* point3-inl.h */ = {isa = PBXFileReference; fileEncoding = 4; lastKnownFileType = sourcecode.c.h; path = "point3-inl.h"; sourceTree = "<group>"; };
		042295F1278D1FAA0090983F /* size3-inl.h */ = {isa = PBXFileReference; fileEncoding = 4; lastKnownFileType = sourcecode.c.h; path = "size3-inl.h"; sourceTree = "<group>"; };
		042295F2278D1FAA0090983F /* point2.cpp */ = {isa = PBXFileReference; fileEncoding = 4; lastKnownFileType = sourcecode.cpp.cpp; path = point2.cpp; sourceTree = "<group>"; };
		042295F3278D1FAA0090983F /* point-inl.h */ = {isa = PBXFileReference; fileEncoding = 4; lastKnownFileType = sourcecode.c.h; path = "point-inl.h"; sourceTree = "<group>"; };
		04229601278D20680090983F /* math_utils-inl.h */ = {isa = PBXFileReference; fileEncoding = 4; lastKnownFileType = sourcecode.c.h; path = "math_utils-inl.h"; sourceTree = "<group>"; };
		04229602278D20680090983F /* math_utils.h */ = {isa = PBXFileReference; fileEncoding = 4; lastKnownFileType = sourcecode.c.h; path = math_utils.h; sourceTree = "<group>"; };
/* End PBXFileReference section */

/* Begin PBXFrameworksBuildPhase section */
		0422954D278C30840090983F /* Frameworks */ = {
			isa = PBXFrameworksBuildPhase;
			buildActionMask = 2147483647;
			files = (
			);
			runOnlyForDeploymentPostprocessing = 0;
		};
		042295D7278D121C0090983F /* Frameworks */ = {
			isa = PBXFrameworksBuildPhase;
			buildActionMask = 2147483647;
			files = (
			);
			runOnlyForDeploymentPostprocessing = 0;
		};
/* End PBXFrameworksBuildPhase section */

/* Begin PBXGroup section */
		04229546278C30840090983F = {
			isa = PBXGroup;
			children = (
				042295DA278D121D0090983F /* vox.geometry */,
				04229551278C30840090983F /* vox.render */,
				04229550278C30840090983F /* Products */,
			);
			sourceTree = "<group>";
		};
		04229550278C30840090983F /* Products */ = {
			isa = PBXGroup;
			children = (
				0422954F278C30840090983F /* libvox.render.a */,
				042295D9278D121C0090983F /* libvox.geometry.a */,
			);
			name = Products;
			sourceTree = "<group>";
		};
		04229551278C30840090983F /* vox.render */ = {
			isa = PBXGroup;
			children = (
				042295C0278C3B460090983F /* common */,
				042295BB278C3B150090983F /* math */,
				0422955D278C31DC0090983F /* core */,
			);
			path = vox.render;
			sourceTree = "<group>";
		};
		0422955D278C31DC0090983F /* core */ = {
			isa = PBXGroup;
			children = (
				04229584278C32FA0090983F /* CPPMetal.hpp */,
				0422956C278C32FA0090983F /* CPPMetalTypes.hpp */,
				04229560278C32F90090983F /* CPPMetalAllocator.hpp */,
				0422957B278C32FA0090983F /* CPPMetalConstants.hpp */,
				04229568278C32FA0090983F /* CPPMetalDrawable.hpp */,
				0422957F278C32FA0090983F /* CPPMetalDrawable.mm */,
				04229577278C32FA0090983F /* CPPMetalDevice.hpp */,
				04229585278C32FA0090983F /* CPPMetalDevice.mm */,
				04229569278C32FA0090983F /* CPPMetalDeviceInternals.mm */,
				04229580278C32FA0090983F /* CPPMetalResource.hpp */,
				0422956F278C32FA0090983F /* CPPMetalResource.mm */,
				04229572278C32FA0090983F /* CPPMetalResourceEnum.hpp */,
				0422957D278C32FA0090983F /* CPPMetalBuffer.hpp */,
				04229571278C32FA0090983F /* CPPMetalBuffer.mm */,
				04229567278C32F90090983F /* CPPMetalTexture.hpp */,
				04229574278C32FA0090983F /* CPPMetalTexture.mm */,
				04229586278C32FA0090983F /* CPPMetalCommandBuffer.hpp */,
				04229576278C32FA0090983F /* CPPMetalCommandBuffer.mm */,
				0422956E278C32FA0090983F /* CPPMetalCommandQueue.hpp */,
				04229579278C32FA0090983F /* CPPMetalCommandQueue.mm */,
				04229564278C32F90090983F /* CPPMetalCommandEncoder.hpp */,
				04229565278C32F90090983F /* CPPMetalCommandEncoder.mm */,
				04229588278C32FA0090983F /* CPPMetalRenderCommandEncoder.hpp */,
				0422957E278C32FA0090983F /* CPPMetalRenderCommandEncoder.mm */,
				0422956B278C32FA0090983F /* CPPMetalRenderCommandEncoder_DispatchTable.hpp */,
				04229563278C32F90090983F /* CPPMetalRenderCommandEncoder_DispatchTable.mm */,
				04229575278C32FA0090983F /* CPPMetalRenderPipeline.hpp */,
				04229562278C32F90090983F /* CPPMetalRenderPipeline.mm */,
				0422957C278C32FA0090983F /* CPPMetalDepthStencil.hpp */,
				0422955F278C32F90090983F /* CPPMetalDepthStencil.mm */,
				04229587278C32FA0090983F /* CPPMetalLibrary.hpp */,
				04229582278C32FA0090983F /* CPPMetalLibrary.mm */,
				04229578278C32FA0090983F /* CPPMetalPixelFormat.hpp */,
				0422956A278C32FA0090983F /* CPPMetalPixelFormat.mm */,
				04229581278C32FA0090983F /* CPPMetalRenderPass.hpp */,
				04229561278C32F90090983F /* CPPMetalRenderPass.mm */,
				04229573278C32FA0090983F /* CPPMetalVertexDescriptor.hpp */,
				0422957A278C32FA0090983F /* CPPMetalVertexDescriptor.mm */,
				04229589278C32FB0090983F /* CPPMetalImplementation.hpp */,
				0422955E278C32C30090983F /* internal */,
				04229566278C32F90090983F /* CPPMetalKitView.hpp */,
				0422956D278C32FA0090983F /* CPPMetalKitView.mm */,
				04229570278C32FA0090983F /* CPPMetalKitTextureLoader.hpp */,
				04229583278C32FA0090983F /* CPPMetalKitTextureLoader.mm */,
			);
			path = core;
			sourceTree = "<group>";
		};
		0422955E278C32C30090983F /* internal */ = {
			isa = PBXGroup;
			children = (
				042295B7278C33080090983F /* CPPMetalInternalMacros.h */,
				042295B5278C33080090983F /* CPPMetalDeviceInternals.h */,
				042295B6278C33080090983F /* CPPMetalDispatchTableCache.h */,
			);
			path = internal;
			sourceTree = "<group>";
		};
		042295BB278C3B150090983F /* math */ = {
			isa = PBXGroup;
			children = (
				042295BD278C3B210090983F /* ray.h */,
				042295BC278C3B210090983F /* ray.cpp */,
			);
			path = math;
			sourceTree = "<group>";
		};
		042295C0278C3B460090983F /* common */ = {
			isa = PBXGroup;
			children = (
				042295C1278C3B710090983F /* glm_common.h */,
			);
			path = common;
			sourceTree = "<group>";
		};
		042295DA278D121D0090983F /* vox.geometry */ = {
			isa = PBXGroup;
			children = (
				042295E5278D17790090983F /* macros.h */,
				042295E4278D17790090983F /* constants.h */,
				04229602278D20680090983F /* math_utils.h */,
				04229601278D20680090983F /* math_utils-inl.h */,
				042295EA278D1FAA0090983F /* point.h */,
				042295F3278D1FAA0090983F /* point-inl.h */,
				042295EF278D1FAA0090983F /* point2.h */,
				042295F2278D1FAA0090983F /* point2.cpp */,
				042295E9278D1FAA0090983F /* point3.h */,
				042295F0278D1FAA0090983F /* point3-inl.h */,
				042295EB278D1FAA0090983F /* size-inl.h */,
				042295E8278D1FAA0090983F /* size.h */,
				042295EE278D1FAA0090983F /* size2-inl.h */,
				042295ED278D1FAA0090983F /* size2.h */,
				042295F1278D1FAA0090983F /* size3-inl.h */,
				042295EC278D1FAA0090983F /* size3.h */,
			);
			path = vox.geometry;
			sourceTree = "<group>";
		};
/* End PBXGroup section */

/* Begin PBXHeadersBuildPhase section */
		0422954B278C30840090983F /* Headers */ = {
			isa = PBXHeadersBuildPhase;
			buildActionMask = 2147483647;
			files = (
				04229599278C32FB0090983F /* CPPMetalCommandQueue.hpp in Headers */,
				0422959D278C32FB0090983F /* CPPMetalResourceEnum.hpp in Headers */,
				042295AB278C32FB0090983F /* CPPMetalResource.hpp in Headers */,
				0422959E278C32FB0090983F /* CPPMetalVertexDescriptor.hpp in Headers */,
				042295AF278C32FB0090983F /* CPPMetal.hpp in Headers */,
				0422959B278C32FB0090983F /* CPPMetalKitTextureLoader.hpp in Headers */,
				042295A0278C32FB0090983F /* CPPMetalRenderPipeline.hpp in Headers */,
				042295BA278C33090090983F /* CPPMetalInternalMacros.h in Headers */,
				04229597278C32FB0090983F /* CPPMetalTypes.hpp in Headers */,
				042295B2278C32FB0090983F /* CPPMetalLibrary.hpp in Headers */,
				042295B8278C33090090983F /* CPPMetalDeviceInternals.h in Headers */,
				042295A3278C32FB0090983F /* CPPMetalPixelFormat.hpp in Headers */,
				042295A2278C32FB0090983F /* CPPMetalDevice.hpp in Headers */,
				042295BF278C3B210090983F /* ray.h in Headers */,
				042295AC278C32FB0090983F /* CPPMetalRenderPass.hpp in Headers */,
				042295B4278C32FB0090983F /* CPPMetalImplementation.hpp in Headers */,
				04229596278C32FB0090983F /* CPPMetalRenderCommandEncoder_DispatchTable.hpp in Headers */,
				042295B1278C32FB0090983F /* CPPMetalCommandBuffer.hpp in Headers */,
				042295A8278C32FB0090983F /* CPPMetalBuffer.hpp in Headers */,
				04229593278C32FB0090983F /* CPPMetalDrawable.hpp in Headers */,
				042295A6278C32FB0090983F /* CPPMetalConstants.hpp in Headers */,
				042295A7278C32FB0090983F /* CPPMetalDepthStencil.hpp in Headers */,
				04229592278C32FB0090983F /* CPPMetalTexture.hpp in Headers */,
				04229591278C32FB0090983F /* CPPMetalKitView.hpp in Headers */,
				042295B3278C32FB0090983F /* CPPMetalRenderCommandEncoder.hpp in Headers */,
				0422958B278C32FB0090983F /* CPPMetalAllocator.hpp in Headers */,
				042295B9278C33090090983F /* CPPMetalDispatchTableCache.h in Headers */,
				0422958F278C32FB0090983F /* CPPMetalCommandEncoder.hpp in Headers */,
			);
			runOnlyForDeploymentPostprocessing = 0;
		};
		042295D5278D121C0090983F /* Headers */ = {
			isa = PBXHeadersBuildPhase;
			buildActionMask = 2147483647;
			files = (
				042295FC278D1FAA0090983F /* point3-inl.h in Headers */,
				042295F6278D1FAA0090983F /* point.h in Headers */,
				04229603278D20680090983F /* math_utils-inl.h in Headers */,
				042295F8278D1FAA0090983F /* size3.h in Headers */,
				042295FD278D1FAA0090983F /* size3-inl.h in Headers */,
				042295F9278D1FAA0090983F /* size2.h in Headers */,
				042295F4278D1FAA0090983F /* size.h in Headers */,
				042295E6278D17790090983F /* constants.h in Headers */,
				042295FF278D1FAA0090983F /* point-inl.h in Headers */,
				042295E7278D17790090983F /* macros.h in Headers */,
				04229604278D20680090983F /* math_utils.h in Headers */,
				042295FB278D1FAA0090983F /* point2.h in Headers */,
				042295FA278D1FAA0090983F /* size2-inl.h in Headers */,
				042295F5278D1FAA0090983F /* point3.h in Headers */,
				042295F7278D1FAA0090983F /* size-inl.h in Headers */,
			);
			runOnlyForDeploymentPostprocessing = 0;
		};
/* End PBXHeadersBuildPhase section */

/* Begin PBXNativeTarget section */
		0422954E278C30840090983F /* vox.render */ = {
			isa = PBXNativeTarget;
			buildConfigurationList = 0422955A278C30840090983F /* Build configuration list for PBXNativeTarget "vox.render" */;
			buildPhases = (
				0422954B278C30840090983F /* Headers */,
				0422954C278C30840090983F /* Sources */,
				0422954D278C30840090983F /* Frameworks */,
			);
			buildRules = (
			);
			dependencies = (
			);
			name = vox.render;
			productName = DigitalVox4;
			productReference = 0422954F278C30840090983F /* libvox.render.a */;
			productType = "com.apple.product-type.library.static";
		};
		042295D8278D121C0090983F /* vox.geometry */ = {
			isa = PBXNativeTarget;
			buildConfigurationList = 042295E3278D121D0090983F /* Build configuration list for PBXNativeTarget "vox.geometry" */;
			buildPhases = (
				042295D5278D121C0090983F /* Headers */,
				042295D6278D121C0090983F /* Sources */,
				042295D7278D121C0090983F /* Frameworks */,
			);
			buildRules = (
			);
			dependencies = (
			);
			name = vox.geometry;
			productName = vox.geometry;
			productReference = 042295D9278D121C0090983F /* libvox.geometry.a */;
			productType = "com.apple.product-type.library.static";
		};
/* End PBXNativeTarget section */

/* Begin PBXProject section */
		04229547278C30840090983F /* Project object */ = {
			isa = PBXProject;
			attributes = {
				BuildIndependentTargetsInParallel = 1;
				LastUpgradeCheck = 1320;
				TargetAttributes = {
					0422954E278C30840090983F = {
						CreatedOnToolsVersion = 13.2.1;
					};
					042295D8278D121C0090983F = {
						CreatedOnToolsVersion = 13.2.1;
					};
				};
			};
			buildConfigurationList = 0422954A278C30840090983F /* Build configuration list for PBXProject "DigitalVox4" */;
			compatibilityVersion = "Xcode 13.0";
			developmentRegion = en;
			hasScannedForEncodings = 0;
			knownRegions = (
				en,
				Base,
			);
			mainGroup = 04229546278C30840090983F;
			productRefGroup = 04229550278C30840090983F /* Products */;
			projectDirPath = "";
			projectRoot = "";
			targets = (
				0422954E278C30840090983F /* vox.render */,
				042295D8278D121C0090983F /* vox.geometry */,
			);
		};
/* End PBXProject section */

/* Begin PBXSourcesBuildPhase section */
		0422954C278C30840090983F /* Sources */ = {
			isa = PBXSourcesBuildPhase;
			buildActionMask = 2147483647;
			files = (
				0422958D278C32FB0090983F /* CPPMetalRenderPipeline.mm in Sources */,
				042295AE278C32FB0090983F /* CPPMetalKitTextureLoader.mm in Sources */,
				042295A4278C32FB0090983F /* CPPMetalCommandQueue.mm in Sources */,
				0422958E278C32FB0090983F /* CPPMetalRenderCommandEncoder_DispatchTable.mm in Sources */,
				042295BE278C3B210090983F /* ray.cpp in Sources */,
				042295AA278C32FB0090983F /* CPPMetalDrawable.mm in Sources */,
				0422959A278C32FB0090983F /* CPPMetalResource.mm in Sources */,
				042295AD278C32FB0090983F /* CPPMetalLibrary.mm in Sources */,
				04229590278C32FB0090983F /* CPPMetalCommandEncoder.mm in Sources */,
				04229598278C32FB0090983F /* CPPMetalKitView.mm in Sources */,
				042295A5278C32FB0090983F /* CPPMetalVertexDescriptor.mm in Sources */,
				0422958C278C32FB0090983F /* CPPMetalRenderPass.mm in Sources */,
				042295B0278C32FB0090983F /* CPPMetalDevice.mm in Sources */,
				042295A9278C32FB0090983F /* CPPMetalRenderCommandEncoder.mm in Sources */,
				04229595278C32FB0090983F /* CPPMetalPixelFormat.mm in Sources */,
				04229594278C32FB0090983F /* CPPMetalDeviceInternals.mm in Sources */,
				0422958A278C32FB0090983F /* CPPMetalDepthStencil.mm in Sources */,
				0422959F278C32FB0090983F /* CPPMetalTexture.mm in Sources */,
				0422959C278C32FB0090983F /* CPPMetalBuffer.mm in Sources */,
				042295A1278C32FB0090983F /* CPPMetalCommandBuffer.mm in Sources */,
			);
			runOnlyForDeploymentPostprocessing = 0;
		};
		042295D6278D121C0090983F /* Sources */ = {
			isa = PBXSourcesBuildPhase;
			buildActionMask = 2147483647;
			files = (
				04229600278D204C0090983F /* point2.cpp in Sources */,
			);
			runOnlyForDeploymentPostprocessing = 0;
		};
/* End PBXSourcesBuildPhase section */

/* Begin XCBuildConfiguration section */
		04229558278C30840090983F /* Debug */ = {
			isa = XCBuildConfiguration;
			buildSettings = {
				ALWAYS_SEARCH_USER_PATHS = NO;
				CLANG_ANALYZER_NONNULL = YES;
				CLANG_ANALYZER_NUMBER_OBJECT_CONVERSION = YES_AGGRESSIVE;
				CLANG_CXX_LANGUAGE_STANDARD = "gnu++17";
				CLANG_CXX_LIBRARY = "libc++";
				CLANG_ENABLE_MODULES = YES;
				CLANG_ENABLE_OBJC_ARC = YES;
				CLANG_ENABLE_OBJC_WEAK = YES;
				CLANG_WARN_BLOCK_CAPTURE_AUTORELEASING = YES;
				CLANG_WARN_BOOL_CONVERSION = YES;
				CLANG_WARN_COMMA = YES;
				CLANG_WARN_CONSTANT_CONVERSION = YES;
				CLANG_WARN_DEPRECATED_OBJC_IMPLEMENTATIONS = YES;
				CLANG_WARN_DIRECT_OBJC_ISA_USAGE = YES_ERROR;
				CLANG_WARN_DOCUMENTATION_COMMENTS = YES;
				CLANG_WARN_EMPTY_BODY = YES;
				CLANG_WARN_ENUM_CONVERSION = YES;
				CLANG_WARN_INFINITE_RECURSION = YES;
				CLANG_WARN_INT_CONVERSION = YES;
				CLANG_WARN_NON_LITERAL_NULL_CONVERSION = YES;
				CLANG_WARN_OBJC_IMPLICIT_RETAIN_SELF = YES;
				CLANG_WARN_OBJC_LITERAL_CONVERSION = YES;
				CLANG_WARN_OBJC_ROOT_CLASS = YES_ERROR;
				CLANG_WARN_QUOTED_INCLUDE_IN_FRAMEWORK_HEADER = YES;
				CLANG_WARN_RANGE_LOOP_ANALYSIS = YES;
				CLANG_WARN_STRICT_PROTOTYPES = YES;
				CLANG_WARN_SUSPICIOUS_MOVE = YES;
				CLANG_WARN_UNGUARDED_AVAILABILITY = YES_AGGRESSIVE;
				CLANG_WARN_UNREACHABLE_CODE = YES;
				CLANG_WARN__DUPLICATE_METHOD_MATCH = YES;
				COPY_PHASE_STRIP = NO;
				DEBUG_INFORMATION_FORMAT = dwarf;
				ENABLE_STRICT_OBJC_MSGSEND = YES;
				ENABLE_TESTABILITY = YES;
				GCC_C_LANGUAGE_STANDARD = gnu11;
				GCC_DYNAMIC_NO_PIC = NO;
				GCC_NO_COMMON_BLOCKS = YES;
				GCC_OPTIMIZATION_LEVEL = 0;
				GCC_PREPROCESSOR_DEFINITIONS = (
					"DEBUG=1",
					"$(inherited)",
				);
				GCC_WARN_64_TO_32_BIT_CONVERSION = YES;
				GCC_WARN_ABOUT_RETURN_TYPE = YES_ERROR;
				GCC_WARN_UNDECLARED_SELECTOR = YES;
				GCC_WARN_UNINITIALIZED_AUTOS = YES_AGGRESSIVE;
				GCC_WARN_UNUSED_FUNCTION = YES;
				GCC_WARN_UNUSED_VARIABLE = YES;
				MACOSX_DEPLOYMENT_TARGET = 12.1;
				MTL_ENABLE_DEBUG_INFO = INCLUDE_SOURCE;
				MTL_FAST_MATH = YES;
				ONLY_ACTIVE_ARCH = YES;
				SDKROOT = macosx;
			};
			name = Debug;
		};
		04229559278C30840090983F /* Release */ = {
			isa = XCBuildConfiguration;
			buildSettings = {
				ALWAYS_SEARCH_USER_PATHS = NO;
				CLANG_ANALYZER_NONNULL = YES;
				CLANG_ANALYZER_NUMBER_OBJECT_CONVERSION = YES_AGGRESSIVE;
				CLANG_CXX_LANGUAGE_STANDARD = "gnu++17";
				CLANG_CXX_LIBRARY = "libc++";
				CLANG_ENABLE_MODULES = YES;
				CLANG_ENABLE_OBJC_ARC = YES;
				CLANG_ENABLE_OBJC_WEAK = YES;
				CLANG_WARN_BLOCK_CAPTURE_AUTORELEASING = YES;
				CLANG_WARN_BOOL_CONVERSION = YES;
				CLANG_WARN_COMMA = YES;
				CLANG_WARN_CONSTANT_CONVERSION = YES;
				CLANG_WARN_DEPRECATED_OBJC_IMPLEMENTATIONS = YES;
				CLANG_WARN_DIRECT_OBJC_ISA_USAGE = YES_ERROR;
				CLANG_WARN_DOCUMENTATION_COMMENTS = YES;
				CLANG_WARN_EMPTY_BODY = YES;
				CLANG_WARN_ENUM_CONVERSION = YES;
				CLANG_WARN_INFINITE_RECURSION = YES;
				CLANG_WARN_INT_CONVERSION = YES;
				CLANG_WARN_NON_LITERAL_NULL_CONVERSION = YES;
				CLANG_WARN_OBJC_IMPLICIT_RETAIN_SELF = YES;
				CLANG_WARN_OBJC_LITERAL_CONVERSION = YES;
				CLANG_WARN_OBJC_ROOT_CLASS = YES_ERROR;
				CLANG_WARN_QUOTED_INCLUDE_IN_FRAMEWORK_HEADER = YES;
				CLANG_WARN_RANGE_LOOP_ANALYSIS = YES;
				CLANG_WARN_STRICT_PROTOTYPES = YES;
				CLANG_WARN_SUSPICIOUS_MOVE = YES;
				CLANG_WARN_UNGUARDED_AVAILABILITY = YES_AGGRESSIVE;
				CLANG_WARN_UNREACHABLE_CODE = YES;
				CLANG_WARN__DUPLICATE_METHOD_MATCH = YES;
				COPY_PHASE_STRIP = NO;
				DEBUG_INFORMATION_FORMAT = "dwarf-with-dsym";
				ENABLE_NS_ASSERTIONS = NO;
				ENABLE_STRICT_OBJC_MSGSEND = YES;
				GCC_C_LANGUAGE_STANDARD = gnu11;
				GCC_NO_COMMON_BLOCKS = YES;
				GCC_WARN_64_TO_32_BIT_CONVERSION = YES;
				GCC_WARN_ABOUT_RETURN_TYPE = YES_ERROR;
				GCC_WARN_UNDECLARED_SELECTOR = YES;
				GCC_WARN_UNINITIALIZED_AUTOS = YES_AGGRESSIVE;
				GCC_WARN_UNUSED_FUNCTION = YES;
				GCC_WARN_UNUSED_VARIABLE = YES;
				MACOSX_DEPLOYMENT_TARGET = 12.1;
				MTL_ENABLE_DEBUG_INFO = NO;
				MTL_FAST_MATH = YES;
				SDKROOT = macosx;
			};
			name = Release;
		};
		0422955B278C30840090983F /* Debug */ = {
			isa = XCBuildConfiguration;
			buildSettings = {
				CODE_SIGN_STYLE = Automatic;
				DEVELOPMENT_TEAM = 4SL5L673UU;
				EXECUTABLE_PREFIX = lib;
				GCC_ENABLE_CPP_EXCEPTIONS = YES;
				GCC_ENABLE_CPP_RTTI = YES;
				HEADER_SEARCH_PATHS = ./vox.render;
				PRODUCT_NAME = "$(TARGET_NAME)";
				SKIP_INSTALL = YES;
				SYSTEM_HEADER_SEARCH_PATHS = ./third_party/glm;
			};
			name = Debug;
		};
		0422955C278C30840090983F /* Release */ = {
			isa = XCBuildConfiguration;
			buildSettings = {
				CODE_SIGN_STYLE = Automatic;
				DEVELOPMENT_TEAM = 4SL5L673UU;
				EXECUTABLE_PREFIX = lib;
				GCC_ENABLE_CPP_EXCEPTIONS = YES;
				GCC_ENABLE_CPP_RTTI = YES;
				HEADER_SEARCH_PATHS = ./vox.render;
				PRODUCT_NAME = "$(TARGET_NAME)";
				SKIP_INSTALL = YES;
				SYSTEM_HEADER_SEARCH_PATHS = ./third_party/glm;
			};
			name = Release;
		};
		042295E1278D121D0090983F /* Debug */ = {
			isa = XCBuildConfiguration;
			buildSettings = {
				CODE_SIGN_STYLE = Automatic;
				DEVELOPMENT_TEAM = 4SL5L673UU;
				EXECUTABLE_PREFIX = lib;
				GCC_ENABLE_CPP_EXCEPTIONS = YES;
				GCC_ENABLE_CPP_RTTI = YES;
				PRODUCT_NAME = "$(TARGET_NAME)";
				SKIP_INSTALL = YES;
			};
			name = Debug;
		};
		042295E2278D121D0090983F /* Release */ = {
			isa = XCBuildConfiguration;
			buildSettings = {
				CODE_SIGN_STYLE = Automatic;
				DEVELOPMENT_TEAM = 4SL5L673UU;
				EXECUTABLE_PREFIX = lib;
				GCC_ENABLE_CPP_EXCEPTIONS = YES;
				GCC_ENABLE_CPP_RTTI = YES;
				PRODUCT_NAME = "$(TARGET_NAME)";
				SKIP_INSTALL = YES;
			};
			name = Release;
		};
/* End XCBuildConfiguration section */

/* Begin XCConfigurationList section */
		0422954A278C30840090983F /* Build configuration list for PBXProject "DigitalVox4" */ = {
			isa = XCConfigurationList;
			buildConfigurations = (
				04229558278C30840090983F /* Debug */,
				04229559278C30840090983F /* Release */,
			);
			defaultConfigurationIsVisible = 0;
			defaultConfigurationName = Release;
		};
		0422955A278C30840090983F /* Build configuration list for PBXNativeTarget "vox.render" */ = {
			isa = XCConfigurationList;
			buildConfigurations = (
				0422955B278C30840090983F /* Debug */,
				0422955C278C30840090983F /* Release */,
			);
			defaultConfigurationIsVisible = 0;
			defaultConfigurationName = Release;
		};
		042295E3278D121D0090983F /* Build configuration list for PBXNativeTarget "vox.geometry" */ = {
			isa = XCConfigurationList;
			buildConfigurations = (
				042295E1278D121D0090983F /* Debug */,
				042295E2278D121D0090983F /* Release */,
			);
			defaultConfigurationIsVisible = 0;
			defaultConfigurationName = Release;
		};
/* End XCConfigurationList section */
	};
	rootObject = 04229547278C30840090983F /* Project object */;
}
