// !$*UTF8*$!
{
	archiveVersion = 1;
	classes = {
	};
	objectVersion = 55;
	objects = {

/* Begin PBXBuildFile section */
		0422958A278C32FB0090983F /* CPPMetalDepthStencil.mm in Sources */ = {isa = PBXBuildFile; fileRef = 0422955F278C32F90090983F /* CPPMetalDepthStencil.mm */; };
		0422958B278C32FB0090983F /* CPPMetalAllocator.hpp in Headers */ = {isa = PBXBuildFile; fileRef = 04229560278C32F90090983F /* CPPMetalAllocator.hpp */; };
		0422958C278C32FB0090983F /* CPPMetalRenderPass.mm in Sources */ = {isa = PBXBuildFile; fileRef = 04229561278C32F90090983F /* CPPMetalRenderPass.mm */; };
		0422958D278C32FB0090983F /* CPPMetalRenderPipeline.mm in Sources */ = {isa = PBXBuildFile; fileRef = 04229562278C32F90090983F /* CPPMetalRenderPipeline.mm */; };
		0422958E278C32FB0090983F /* CPPMetalRenderCommandEncoder_DispatchTable.mm in Sources */ = {isa = PBXBuildFile; fileRef = 04229563278C32F90090983F /* CPPMetalRenderCommandEncoder_DispatchTable.mm */; };
		0422958F278C32FB0090983F /* CPPMetalCommandEncoder.hpp in Headers */ = {isa = PBXBuildFile; fileRef = 04229564278C32F90090983F /* CPPMetalCommandEncoder.hpp */; };
		04229590278C32FB0090983F /* CPPMetalCommandEncoder.mm in Sources */ = {isa = PBXBuildFile; fileRef = 04229565278C32F90090983F /* CPPMetalCommandEncoder.mm */; };
		04229591278C32FB0090983F /* CPPMetalKitView.hpp in Headers */ = {isa = PBXBuildFile; fileRef = 04229566278C32F90090983F /* CPPMetalKitView.hpp */; };
		04229592278C32FB0090983F /* CPPMetalTexture.hpp in Headers */ = {isa = PBXBuildFile; fileRef = 04229567278C32F90090983F /* CPPMetalTexture.hpp */; };
		04229593278C32FB0090983F /* CPPMetalDrawable.hpp in Headers */ = {isa = PBXBuildFile; fileRef = 04229568278C32FA0090983F /* CPPMetalDrawable.hpp */; };
		04229594278C32FB0090983F /* CPPMetalDeviceInternals.mm in Sources */ = {isa = PBXBuildFile; fileRef = 04229569278C32FA0090983F /* CPPMetalDeviceInternals.mm */; };
		04229595278C32FB0090983F /* CPPMetalPixelFormat.mm in Sources */ = {isa = PBXBuildFile; fileRef = 0422956A278C32FA0090983F /* CPPMetalPixelFormat.mm */; };
		04229596278C32FB0090983F /* CPPMetalRenderCommandEncoder_DispatchTable.hpp in Headers */ = {isa = PBXBuildFile; fileRef = 0422956B278C32FA0090983F /* CPPMetalRenderCommandEncoder_DispatchTable.hpp */; };
		04229597278C32FB0090983F /* CPPMetalTypes.hpp in Headers */ = {isa = PBXBuildFile; fileRef = 0422956C278C32FA0090983F /* CPPMetalTypes.hpp */; };
		04229598278C32FB0090983F /* CPPMetalKitView.mm in Sources */ = {isa = PBXBuildFile; fileRef = 0422956D278C32FA0090983F /* CPPMetalKitView.mm */; };
		04229599278C32FB0090983F /* CPPMetalCommandQueue.hpp in Headers */ = {isa = PBXBuildFile; fileRef = 0422956E278C32FA0090983F /* CPPMetalCommandQueue.hpp */; };
		0422959A278C32FB0090983F /* CPPMetalResource.mm in Sources */ = {isa = PBXBuildFile; fileRef = 0422956F278C32FA0090983F /* CPPMetalResource.mm */; };
		0422959B278C32FB0090983F /* CPPMetalKitTextureLoader.hpp in Headers */ = {isa = PBXBuildFile; fileRef = 04229570278C32FA0090983F /* CPPMetalKitTextureLoader.hpp */; };
		0422959C278C32FB0090983F /* CPPMetalBuffer.mm in Sources */ = {isa = PBXBuildFile; fileRef = 04229571278C32FA0090983F /* CPPMetalBuffer.mm */; };
		0422959D278C32FB0090983F /* CPPMetalResourceEnum.hpp in Headers */ = {isa = PBXBuildFile; fileRef = 04229572278C32FA0090983F /* CPPMetalResourceEnum.hpp */; };
		0422959E278C32FB0090983F /* CPPMetalVertexDescriptor.hpp in Headers */ = {isa = PBXBuildFile; fileRef = 04229573278C32FA0090983F /* CPPMetalVertexDescriptor.hpp */; };
		0422959F278C32FB0090983F /* CPPMetalTexture.mm in Sources */ = {isa = PBXBuildFile; fileRef = 04229574278C32FA0090983F /* CPPMetalTexture.mm */; };
		042295A0278C32FB0090983F /* CPPMetalRenderPipeline.hpp in Headers */ = {isa = PBXBuildFile; fileRef = 04229575278C32FA0090983F /* CPPMetalRenderPipeline.hpp */; };
		042295A1278C32FB0090983F /* CPPMetalCommandBuffer.mm in Sources */ = {isa = PBXBuildFile; fileRef = 04229576278C32FA0090983F /* CPPMetalCommandBuffer.mm */; };
		042295A2278C32FB0090983F /* CPPMetalDevice.hpp in Headers */ = {isa = PBXBuildFile; fileRef = 04229577278C32FA0090983F /* CPPMetalDevice.hpp */; };
		042295A3278C32FB0090983F /* CPPMetalPixelFormat.hpp in Headers */ = {isa = PBXBuildFile; fileRef = 04229578278C32FA0090983F /* CPPMetalPixelFormat.hpp */; };
		042295A4278C32FB0090983F /* CPPMetalCommandQueue.mm in Sources */ = {isa = PBXBuildFile; fileRef = 04229579278C32FA0090983F /* CPPMetalCommandQueue.mm */; };
		042295A5278C32FB0090983F /* CPPMetalVertexDescriptor.mm in Sources */ = {isa = PBXBuildFile; fileRef = 0422957A278C32FA0090983F /* CPPMetalVertexDescriptor.mm */; };
		042295A6278C32FB0090983F /* CPPMetalConstants.hpp in Headers */ = {isa = PBXBuildFile; fileRef = 0422957B278C32FA0090983F /* CPPMetalConstants.hpp */; };
		042295A7278C32FB0090983F /* CPPMetalDepthStencil.hpp in Headers */ = {isa = PBXBuildFile; fileRef = 0422957C278C32FA0090983F /* CPPMetalDepthStencil.hpp */; };
		042295A8278C32FB0090983F /* CPPMetalBuffer.hpp in Headers */ = {isa = PBXBuildFile; fileRef = 0422957D278C32FA0090983F /* CPPMetalBuffer.hpp */; };
		042295A9278C32FB0090983F /* CPPMetalRenderCommandEncoder.mm in Sources */ = {isa = PBXBuildFile; fileRef = 0422957E278C32FA0090983F /* CPPMetalRenderCommandEncoder.mm */; };
		042295AA278C32FB0090983F /* CPPMetalDrawable.mm in Sources */ = {isa = PBXBuildFile; fileRef = 0422957F278C32FA0090983F /* CPPMetalDrawable.mm */; };
		042295AB278C32FB0090983F /* CPPMetalResource.hpp in Headers */ = {isa = PBXBuildFile; fileRef = 04229580278C32FA0090983F /* CPPMetalResource.hpp */; };
		042295AC278C32FB0090983F /* CPPMetalRenderPass.hpp in Headers */ = {isa = PBXBuildFile; fileRef = 04229581278C32FA0090983F /* CPPMetalRenderPass.hpp */; };
		042295AD278C32FB0090983F /* CPPMetalLibrary.mm in Sources */ = {isa = PBXBuildFile; fileRef = 04229582278C32FA0090983F /* CPPMetalLibrary.mm */; };
		042295AE278C32FB0090983F /* CPPMetalKitTextureLoader.mm in Sources */ = {isa = PBXBuildFile; fileRef = 04229583278C32FA0090983F /* CPPMetalKitTextureLoader.mm */; };
		042295AF278C32FB0090983F /* CPPMetal.hpp in Headers */ = {isa = PBXBuildFile; fileRef = 04229584278C32FA0090983F /* CPPMetal.hpp */; };
		042295B0278C32FB0090983F /* CPPMetalDevice.mm in Sources */ = {isa = PBXBuildFile; fileRef = 04229585278C32FA0090983F /* CPPMetalDevice.mm */; };
		042295B1278C32FB0090983F /* CPPMetalCommandBuffer.hpp in Headers */ = {isa = PBXBuildFile; fileRef = 04229586278C32FA0090983F /* CPPMetalCommandBuffer.hpp */; };
		042295B2278C32FB0090983F /* CPPMetalLibrary.hpp in Headers */ = {isa = PBXBuildFile; fileRef = 04229587278C32FA0090983F /* CPPMetalLibrary.hpp */; };
		042295B3278C32FB0090983F /* CPPMetalRenderCommandEncoder.hpp in Headers */ = {isa = PBXBuildFile; fileRef = 04229588278C32FA0090983F /* CPPMetalRenderCommandEncoder.hpp */; };
		042295B4278C32FB0090983F /* CPPMetalImplementation.hpp in Headers */ = {isa = PBXBuildFile; fileRef = 04229589278C32FB0090983F /* CPPMetalImplementation.hpp */; };
		042295B8278C33090090983F /* CPPMetalDeviceInternals.h in Headers */ = {isa = PBXBuildFile; fileRef = 042295B5278C33080090983F /* CPPMetalDeviceInternals.h */; };
		042295B9278C33090090983F /* CPPMetalDispatchTableCache.h in Headers */ = {isa = PBXBuildFile; fileRef = 042295B6278C33080090983F /* CPPMetalDispatchTableCache.h */; };
		042295BA278C33090090983F /* CPPMetalInternalMacros.h in Headers */ = {isa = PBXBuildFile; fileRef = 042295B7278C33080090983F /* CPPMetalInternalMacros.h */; };
		042295BE278C3B210090983F /* ray.cpp in Sources */ = {isa = PBXBuildFile; fileRef = 042295BC278C3B210090983F /* ray.cpp */; };
		042295BF278C3B210090983F /* ray.h in Headers */ = {isa = PBXBuildFile; fileRef = 042295BD278C3B210090983F /* ray.h */; };
		042295F4278D1FAA0090983F /* size.h in Headers */ = {isa = PBXBuildFile; fileRef = 042295E8278D1FAA0090983F /* size.h */; };
		042295F5278D1FAA0090983F /* point3.h in Headers */ = {isa = PBXBuildFile; fileRef = 042295E9278D1FAA0090983F /* point3.h */; };
		042295F6278D1FAA0090983F /* point.h in Headers */ = {isa = PBXBuildFile; fileRef = 042295EA278D1FAA0090983F /* point.h */; };
		042295F7278D1FAA0090983F /* size-inl.h in Headers */ = {isa = PBXBuildFile; fileRef = 042295EB278D1FAA0090983F /* size-inl.h */; };
		042295F8278D1FAA0090983F /* size3.h in Headers */ = {isa = PBXBuildFile; fileRef = 042295EC278D1FAA0090983F /* size3.h */; };
		042295F9278D1FAA0090983F /* size2.h in Headers */ = {isa = PBXBuildFile; fileRef = 042295ED278D1FAA0090983F /* size2.h */; };
		042295FA278D1FAA0090983F /* size2-inl.h in Headers */ = {isa = PBXBuildFile; fileRef = 042295EE278D1FAA0090983F /* size2-inl.h */; };
		042295FB278D1FAA0090983F /* point2.h in Headers */ = {isa = PBXBuildFile; fileRef = 042295EF278D1FAA0090983F /* point2.h */; };
		042295FC278D1FAA0090983F /* point3-inl.h in Headers */ = {isa = PBXBuildFile; fileRef = 042295F0278D1FAA0090983F /* point3-inl.h */; };
		042295FD278D1FAA0090983F /* size3-inl.h in Headers */ = {isa = PBXBuildFile; fileRef = 042295F1278D1FAA0090983F /* size3-inl.h */; };
		042295FF278D1FAA0090983F /* point-inl.h in Headers */ = {isa = PBXBuildFile; fileRef = 042295F3278D1FAA0090983F /* point-inl.h */; };
		04229616278D2DA00090983F /* point2-inl.h in Headers */ = {isa = PBXBuildFile; fileRef = 042295F2278D1FAA0090983F /* point2-inl.h */; };
		0422961E278D3EC70090983F /* vector4.h in Headers */ = {isa = PBXBuildFile; fileRef = 04229619278D3EC70090983F /* vector4.h */; };
		0422961F278D3EC70090983F /* vector.h in Headers */ = {isa = PBXBuildFile; fileRef = 0422961A278D3EC70090983F /* vector.h */; };
		04229620278D3EC70090983F /* vector3.h in Headers */ = {isa = PBXBuildFile; fileRef = 0422961B278D3EC70090983F /* vector3.h */; };
		04229621278D3EC70090983F /* vector_expression.h in Headers */ = {isa = PBXBuildFile; fileRef = 0422961C278D3EC70090983F /* vector_expression.h */; };
		04229622278D3EC70090983F /* vector2.h in Headers */ = {isa = PBXBuildFile; fileRef = 0422961D278D3EC70090983F /* vector2.h */; };
		04229628278D3EF70090983F /* vector_expression-inl.h in Headers */ = {isa = PBXBuildFile; fileRef = 04229623278D3EF60090983F /* vector_expression-inl.h */; };
		04229629278D3EF70090983F /* vector3-inl.h in Headers */ = {isa = PBXBuildFile; fileRef = 04229624278D3EF60090983F /* vector3-inl.h */; };
		0422962A278D3EF70090983F /* vector2-inl.h in Headers */ = {isa = PBXBuildFile; fileRef = 04229625278D3EF60090983F /* vector2-inl.h */; };
		0422962B278D3EF70090983F /* vector-inl.h in Headers */ = {isa = PBXBuildFile; fileRef = 04229626278D3EF60090983F /* vector-inl.h */; };
		0422962C278D3EF70090983F /* vector4-inl.h in Headers */ = {isa = PBXBuildFile; fileRef = 04229627278D3EF60090983F /* vector4-inl.h */; };
		04229637278D3F7D0090983F /* functors-inl.h in Headers */ = {isa = PBXBuildFile; fileRef = 04229635278D3F7D0090983F /* functors-inl.h */; };
		04229638278D3F7D0090983F /* functors.h in Headers */ = {isa = PBXBuildFile; fileRef = 04229636278D3F7D0090983F /* functors.h */; };
		0422963A278D403C0090983F /* type_helpers.h in Headers */ = {isa = PBXBuildFile; fileRef = 04229639278D403C0090983F /* type_helpers.h */; };
		0422965F278D5CC00090983F /* quaternion-inl.h in Headers */ = {isa = PBXBuildFile; fileRef = 0422965D278D5CC00090983F /* quaternion-inl.h */; };
		04229660278D5CC00090983F /* quaternion.h in Headers */ = {isa = PBXBuildFile; fileRef = 0422965E278D5CC00090983F /* quaternion.h */; };
		0422968A278D6F910090983F /* transform3-inl.h in Headers */ = {isa = PBXBuildFile; fileRef = 04229686278D6F910090983F /* transform3-inl.h */; };
		0422968B278D6F910090983F /* transform2.h in Headers */ = {isa = PBXBuildFile; fileRef = 04229687278D6F910090983F /* transform2.h */; };
		0422968C278D6F910090983F /* transform2-inl.h in Headers */ = {isa = PBXBuildFile; fileRef = 04229688278D6F910090983F /* transform2-inl.h */; };
		0422968D278D6F910090983F /* transform3.h in Headers */ = {isa = PBXBuildFile; fileRef = 04229689278D6F910090983F /* transform3.h */; };
		04229696278D71760090983F /* surface3.h in Headers */ = {isa = PBXBuildFile; fileRef = 04229692278D71760090983F /* surface3.h */; };
		04229697278D71760090983F /* surface2.h in Headers */ = {isa = PBXBuildFile; fileRef = 04229693278D71760090983F /* surface2.h */; };
		042296D3278DAE7B0090983F /* ImathLine.h in Headers */ = {isa = PBXBuildFile; fileRef = 042296AA278DAE790090983F /* ImathLine.h */; };
		042296D4278DAE7B0090983F /* ImathMatrixAlgo.cpp in Sources */ = {isa = PBXBuildFile; fileRef = 042296AB278DAE790090983F /* ImathMatrixAlgo.cpp */; };
		042296D5278DAE7B0090983F /* ImathNamespace.h in Headers */ = {isa = PBXBuildFile; fileRef = 042296AC278DAE790090983F /* ImathNamespace.h */; };
		042296D6278DAE7B0090983F /* ImathInt64.h in Headers */ = {isa = PBXBuildFile; fileRef = 042296AD278DAE7A0090983F /* ImathInt64.h */; };
		042296D7278DAE7B0090983F /* ImathGLU.h in Headers */ = {isa = PBXBuildFile; fileRef = 042296AE278DAE7A0090983F /* ImathGLU.h */; };
		042296D8278DAE7C0090983F /* ImathTypeTraits.h in Headers */ = {isa = PBXBuildFile; fileRef = 042296AF278DAE7A0090983F /* ImathTypeTraits.h */; };
		042296D9278DAE7C0090983F /* ImathSphere.h in Headers */ = {isa = PBXBuildFile; fileRef = 042296B0278DAE7A0090983F /* ImathSphere.h */; };
		042296DA278DAE7C0090983F /* ImathRandom.cpp in Sources */ = {isa = PBXBuildFile; fileRef = 042296B1278DAE7A0090983F /* ImathRandom.cpp */; };
		042296DB278DAE7C0090983F /* ImathVec.h in Headers */ = {isa = PBXBuildFile; fileRef = 042296B2278DAE7A0090983F /* ImathVec.h */; };
		042296DC278DAE7C0090983F /* ImathRandom.h in Headers */ = {isa = PBXBuildFile; fileRef = 042296B3278DAE7A0090983F /* ImathRandom.h */; };
		042296DD278DAE7C0090983F /* ImathBox.h in Headers */ = {isa = PBXBuildFile; fileRef = 042296B4278DAE7A0090983F /* ImathBox.h */; };
		042296DE278DAE7C0090983F /* ImathLineAlgo.h in Headers */ = {isa = PBXBuildFile; fileRef = 042296B5278DAE7A0090983F /* ImathLineAlgo.h */; };
		042296DF278DAE7C0090983F /* ImathInterval.h in Headers */ = {isa = PBXBuildFile; fileRef = 042296B6278DAE7A0090983F /* ImathInterval.h */; };
		042296E0278DAE7C0090983F /* ImathForward.h in Headers */ = {isa = PBXBuildFile; fileRef = 042296B7278DAE7A0090983F /* ImathForward.h */; };
		042296E1278DAE7C0090983F /* ImathExport.h in Headers */ = {isa = PBXBuildFile; fileRef = 042296B8278DAE7A0090983F /* ImathExport.h */; };
		042296E2278DAE7C0090983F /* ImathFrustumTest.h in Headers */ = {isa = PBXBuildFile; fileRef = 042296B9278DAE7A0090983F /* ImathFrustumTest.h */; };
		042296E3278DAE7C0090983F /* ImathFrustum.h in Headers */ = {isa = PBXBuildFile; fileRef = 042296BA278DAE7A0090983F /* ImathFrustum.h */; };
		042296E4278DAE7C0090983F /* ImathColorAlgo.h in Headers */ = {isa = PBXBuildFile; fileRef = 042296BB278DAE7A0090983F /* ImathColorAlgo.h */; };
		042296E5278DAE7C0090983F /* ImathShear.h in Headers */ = {isa = PBXBuildFile; fileRef = 042296BC278DAE7A0090983F /* ImathShear.h */; };
		042296E6278DAE7C0090983F /* ImathGL.h in Headers */ = {isa = PBXBuildFile; fileRef = 042296BD278DAE7A0090983F /* ImathGL.h */; };
		042296E7278DAE7C0090983F /* ImathPlatform.h in Headers */ = {isa = PBXBuildFile; fileRef = 042296BE278DAE7A0090983F /* ImathPlatform.h */; };
		042296E9278DAE7C0090983F /* ImathColorAlgo.cpp in Sources */ = {isa = PBXBuildFile; fileRef = 042296C0278DAE7A0090983F /* ImathColorAlgo.cpp */; };
		042296EA278DAE7C0090983F /* halfFunction.h in Headers */ = {isa = PBXBuildFile; fileRef = 042296C1278DAE7B0090983F /* halfFunction.h */; };
		042296EB278DAE7C0090983F /* ImathBoxAlgo.h in Headers */ = {isa = PBXBuildFile; fileRef = 042296C2278DAE7B0090983F /* ImathBoxAlgo.h */; };
		042296EC278DAE7C0090983F /* ImathFun.cpp in Sources */ = {isa = PBXBuildFile; fileRef = 042296C3278DAE7B0090983F /* ImathFun.cpp */; };
		042296ED278DAE7C0090983F /* ImathFun.h in Headers */ = {isa = PBXBuildFile; fileRef = 042296C4278DAE7B0090983F /* ImathFun.h */; };
		042296EE278DAE7C0090983F /* half.cpp in Sources */ = {isa = PBXBuildFile; fileRef = 042296C5278DAE7B0090983F /* half.cpp */; };
		042296EF278DAE7C0090983F /* half.h in Headers */ = {isa = PBXBuildFile; fileRef = 042296C6278DAE7B0090983F /* half.h */; };
		042296F0278DAE7C0090983F /* ImathPlane.h in Headers */ = {isa = PBXBuildFile; fileRef = 042296C7278DAE7B0090983F /* ImathPlane.h */; };
		042296F1278DAE7C0090983F /* ImathQuat.h in Headers */ = {isa = PBXBuildFile; fileRef = 042296C8278DAE7B0090983F /* ImathQuat.h */; };
		042296F2278DAE7C0090983F /* ImathFrame.h in Headers */ = {isa = PBXBuildFile; fileRef = 042296C9278DAE7B0090983F /* ImathFrame.h */; };
		042296F3278DAE7C0090983F /* ImathColor.h in Headers */ = {isa = PBXBuildFile; fileRef = 042296CA278DAE7B0090983F /* ImathColor.h */; };
		042296F4278DAE7C0090983F /* ImathMatrixAlgo.h in Headers */ = {isa = PBXBuildFile; fileRef = 042296CB278DAE7B0090983F /* ImathMatrixAlgo.h */; };
		042296F5278DAE7C0090983F /* halfLimits.h in Headers */ = {isa = PBXBuildFile; fileRef = 042296CC278DAE7B0090983F /* halfLimits.h */; };
		042296F6278DAE7C0090983F /* ImathRoots.h in Headers */ = {isa = PBXBuildFile; fileRef = 042296CD278DAE7B0090983F /* ImathRoots.h */; };
		042296F7278DAE7C0090983F /* ImathVecAlgo.h in Headers */ = {isa = PBXBuildFile; fileRef = 042296CE278DAE7B0090983F /* ImathVecAlgo.h */; };
		042296F9278DAE7C0090983F /* ImathMath.h in Headers */ = {isa = PBXBuildFile; fileRef = 042296D0278DAE7B0090983F /* ImathMath.h */; };
		042296FA278DAE7C0090983F /* ImathEuler.h in Headers */ = {isa = PBXBuildFile; fileRef = 042296D1278DAE7B0090983F /* ImathEuler.h */; };
		042296FB278DAE7C0090983F /* ImathMatrix.h in Headers */ = {isa = PBXBuildFile; fileRef = 042296D2278DAE7B0090983F /* ImathMatrix.h */; };
		042296FD278DAEB40090983F /* ImathConfig.h in Headers */ = {isa = PBXBuildFile; fileRef = 042296FC278DAEB40090983F /* ImathConfig.h */; };
		044591B1278DB33600F04CE0 /* ray2_tests.cpp in Sources */ = {isa = PBXBuildFile; fileRef = 04229679278D697B0090983F /* ray2_tests.cpp */; };
		044591B2278DB43000F04CE0 /* ray3_tests.cpp in Sources */ = {isa = PBXBuildFile; fileRef = 0422967B278D697B0090983F /* ray3_tests.cpp */; };
		044591B3278DB45D00F04CE0 /* ray3-inl.h in Headers */ = {isa = PBXBuildFile; fileRef = 04229666278D689B0090983F /* ray3-inl.h */; };
		044591B4278DB45D00F04CE0 /* ray2-inl.h in Headers */ = {isa = PBXBuildFile; fileRef = 0422966A278D689B0090983F /* ray2-inl.h */; };
		044591B5278DB45D00F04CE0 /* ray.h in Headers */ = {isa = PBXBuildFile; fileRef = 0422966D278D689C0090983F /* ray.h */; };
		044591B6278DB45D00F04CE0 /* ray2.h in Headers */ = {isa = PBXBuildFile; fileRef = 04229663278D689B0090983F /* ray2.h */; };
		044591B7278DB45D00F04CE0 /* ray3.h in Headers */ = {isa = PBXBuildFile; fileRef = 04229668278D689B0090983F /* ray3.h */; };
		044591B9278DB69500F04CE0 /* bounding_box2_tests.cpp in Sources */ = {isa = PBXBuildFile; fileRef = 0422967C278D697B0090983F /* bounding_box2_tests.cpp */; };
		044591BA278DB7A500F04CE0 /* unit_tests_utils.cpp in Sources */ = {isa = PBXBuildFile; fileRef = 04229684278D69AF0090983F /* unit_tests_utils.cpp */; };
		044591BB278DB90500F04CE0 /* bounding_box_tests.cpp in Sources */ = {isa = PBXBuildFile; fileRef = 0422967D278D697B0090983F /* bounding_box_tests.cpp */; };
		044591BC278DBA1B00F04CE0 /* bounding_box3_tests.cpp in Sources */ = {isa = PBXBuildFile; fileRef = 0422967A278D697B0090983F /* bounding_box3_tests.cpp */; };
/* End PBXBuildFile section */

/* Begin PBXContainerItemProxy section */
		04229614278D2B300090983F /* PBXContainerItemProxy */ = {
			isa = PBXContainerItemProxy;
			containerPortal = 04229547278C30840090983F /* Project object */;
			proxyType = 1;
			remoteGlobalIDString = 042295D8278D121C0090983F;
			remoteInfo = vox.geometry;
		};
/* End PBXContainerItemProxy section */

/* Begin PBXCopyFilesBuildPhase section */
		04229607278D29760090983F /* CopyFiles */ = {
			isa = PBXCopyFilesBuildPhase;
			buildActionMask = 2147483647;
			dstPath = /usr/share/man/man1/;
			dstSubfolderSpec = 0;
			files = (
			);
			runOnlyForDeploymentPostprocessing = 1;
		};
/* End PBXCopyFilesBuildPhase section */

/* Begin PBXFileReference section */
		0422954F278C30840090983F /* libvox.render.a */ = {isa = PBXFileReference; explicitFileType = archive.ar; includeInIndex = 0; path = libvox.render.a; sourceTree = BUILT_PRODUCTS_DIR; };
		0422955F278C32F90090983F /* CPPMetalDepthStencil.mm */ = {isa = PBXFileReference; fileEncoding = 4; lastKnownFileType = sourcecode.cpp.objcpp; path = CPPMetalDepthStencil.mm; sourceTree = "<group>"; };
		04229560278C32F90090983F /* CPPMetalAllocator.hpp */ = {isa = PBXFileReference; fileEncoding = 4; lastKnownFileType = sourcecode.cpp.h; path = CPPMetalAllocator.hpp; sourceTree = "<group>"; };
		04229561278C32F90090983F /* CPPMetalRenderPass.mm */ = {isa = PBXFileReference; fileEncoding = 4; lastKnownFileType = sourcecode.cpp.objcpp; path = CPPMetalRenderPass.mm; sourceTree = "<group>"; };
		04229562278C32F90090983F /* CPPMetalRenderPipeline.mm */ = {isa = PBXFileReference; fileEncoding = 4; lastKnownFileType = sourcecode.cpp.objcpp; path = CPPMetalRenderPipeline.mm; sourceTree = "<group>"; };
		04229563278C32F90090983F /* CPPMetalRenderCommandEncoder_DispatchTable.mm */ = {isa = PBXFileReference; fileEncoding = 4; lastKnownFileType = sourcecode.cpp.objcpp; path = CPPMetalRenderCommandEncoder_DispatchTable.mm; sourceTree = "<group>"; };
		04229564278C32F90090983F /* CPPMetalCommandEncoder.hpp */ = {isa = PBXFileReference; fileEncoding = 4; lastKnownFileType = sourcecode.cpp.h; path = CPPMetalCommandEncoder.hpp; sourceTree = "<group>"; };
		04229565278C32F90090983F /* CPPMetalCommandEncoder.mm */ = {isa = PBXFileReference; fileEncoding = 4; lastKnownFileType = sourcecode.cpp.objcpp; path = CPPMetalCommandEncoder.mm; sourceTree = "<group>"; };
		04229566278C32F90090983F /* CPPMetalKitView.hpp */ = {isa = PBXFileReference; fileEncoding = 4; lastKnownFileType = sourcecode.cpp.h; path = CPPMetalKitView.hpp; sourceTree = "<group>"; };
		04229567278C32F90090983F /* CPPMetalTexture.hpp */ = {isa = PBXFileReference; fileEncoding = 4; lastKnownFileType = sourcecode.cpp.h; path = CPPMetalTexture.hpp; sourceTree = "<group>"; };
		04229568278C32FA0090983F /* CPPMetalDrawable.hpp */ = {isa = PBXFileReference; fileEncoding = 4; lastKnownFileType = sourcecode.cpp.h; path = CPPMetalDrawable.hpp; sourceTree = "<group>"; };
		04229569278C32FA0090983F /* CPPMetalDeviceInternals.mm */ = {isa = PBXFileReference; fileEncoding = 4; lastKnownFileType = sourcecode.cpp.objcpp; path = CPPMetalDeviceInternals.mm; sourceTree = "<group>"; };
		0422956A278C32FA0090983F /* CPPMetalPixelFormat.mm */ = {isa = PBXFileReference; fileEncoding = 4; lastKnownFileType = sourcecode.cpp.objcpp; path = CPPMetalPixelFormat.mm; sourceTree = "<group>"; };
		0422956B278C32FA0090983F /* CPPMetalRenderCommandEncoder_DispatchTable.hpp */ = {isa = PBXFileReference; fileEncoding = 4; lastKnownFileType = sourcecode.cpp.h; path = CPPMetalRenderCommandEncoder_DispatchTable.hpp; sourceTree = "<group>"; };
		0422956C278C32FA0090983F /* CPPMetalTypes.hpp */ = {isa = PBXFileReference; fileEncoding = 4; lastKnownFileType = sourcecode.cpp.h; path = CPPMetalTypes.hpp; sourceTree = "<group>"; };
		0422956D278C32FA0090983F /* CPPMetalKitView.mm */ = {isa = PBXFileReference; fileEncoding = 4; lastKnownFileType = sourcecode.cpp.objcpp; path = CPPMetalKitView.mm; sourceTree = "<group>"; };
		0422956E278C32FA0090983F /* CPPMetalCommandQueue.hpp */ = {isa = PBXFileReference; fileEncoding = 4; lastKnownFileType = sourcecode.cpp.h; path = CPPMetalCommandQueue.hpp; sourceTree = "<group>"; };
		0422956F278C32FA0090983F /* CPPMetalResource.mm */ = {isa = PBXFileReference; fileEncoding = 4; lastKnownFileType = sourcecode.cpp.objcpp; path = CPPMetalResource.mm; sourceTree = "<group>"; };
		04229570278C32FA0090983F /* CPPMetalKitTextureLoader.hpp */ = {isa = PBXFileReference; fileEncoding = 4; lastKnownFileType = sourcecode.cpp.h; path = CPPMetalKitTextureLoader.hpp; sourceTree = "<group>"; };
		04229571278C32FA0090983F /* CPPMetalBuffer.mm */ = {isa = PBXFileReference; fileEncoding = 4; lastKnownFileType = sourcecode.cpp.objcpp; path = CPPMetalBuffer.mm; sourceTree = "<group>"; };
		04229572278C32FA0090983F /* CPPMetalResourceEnum.hpp */ = {isa = PBXFileReference; fileEncoding = 4; lastKnownFileType = sourcecode.cpp.h; path = CPPMetalResourceEnum.hpp; sourceTree = "<group>"; };
		04229573278C32FA0090983F /* CPPMetalVertexDescriptor.hpp */ = {isa = PBXFileReference; fileEncoding = 4; lastKnownFileType = sourcecode.cpp.h; path = CPPMetalVertexDescriptor.hpp; sourceTree = "<group>"; };
		04229574278C32FA0090983F /* CPPMetalTexture.mm */ = {isa = PBXFileReference; fileEncoding = 4; lastKnownFileType = sourcecode.cpp.objcpp; path = CPPMetalTexture.mm; sourceTree = "<group>"; };
		04229575278C32FA0090983F /* CPPMetalRenderPipeline.hpp */ = {isa = PBXFileReference; fileEncoding = 4; lastKnownFileType = sourcecode.cpp.h; path = CPPMetalRenderPipeline.hpp; sourceTree = "<group>"; };
		04229576278C32FA0090983F /* CPPMetalCommandBuffer.mm */ = {isa = PBXFileReference; fileEncoding = 4; lastKnownFileType = sourcecode.cpp.objcpp; path = CPPMetalCommandBuffer.mm; sourceTree = "<group>"; };
		04229577278C32FA0090983F /* CPPMetalDevice.hpp */ = {isa = PBXFileReference; fileEncoding = 4; lastKnownFileType = sourcecode.cpp.h; path = CPPMetalDevice.hpp; sourceTree = "<group>"; };
		04229578278C32FA0090983F /* CPPMetalPixelFormat.hpp */ = {isa = PBXFileReference; fileEncoding = 4; lastKnownFileType = sourcecode.cpp.h; path = CPPMetalPixelFormat.hpp; sourceTree = "<group>"; };
		04229579278C32FA0090983F /* CPPMetalCommandQueue.mm */ = {isa = PBXFileReference; fileEncoding = 4; lastKnownFileType = sourcecode.cpp.objcpp; path = CPPMetalCommandQueue.mm; sourceTree = "<group>"; };
		0422957A278C32FA0090983F /* CPPMetalVertexDescriptor.mm */ = {isa = PBXFileReference; fileEncoding = 4; lastKnownFileType = sourcecode.cpp.objcpp; path = CPPMetalVertexDescriptor.mm; sourceTree = "<group>"; };
		0422957B278C32FA0090983F /* CPPMetalConstants.hpp */ = {isa = PBXFileReference; fileEncoding = 4; lastKnownFileType = sourcecode.cpp.h; path = CPPMetalConstants.hpp; sourceTree = "<group>"; };
		0422957C278C32FA0090983F /* CPPMetalDepthStencil.hpp */ = {isa = PBXFileReference; fileEncoding = 4; lastKnownFileType = sourcecode.cpp.h; path = CPPMetalDepthStencil.hpp; sourceTree = "<group>"; };
		0422957D278C32FA0090983F /* CPPMetalBuffer.hpp */ = {isa = PBXFileReference; fileEncoding = 4; lastKnownFileType = sourcecode.cpp.h; path = CPPMetalBuffer.hpp; sourceTree = "<group>"; };
		0422957E278C32FA0090983F /* CPPMetalRenderCommandEncoder.mm */ = {isa = PBXFileReference; fileEncoding = 4; lastKnownFileType = sourcecode.cpp.objcpp; path = CPPMetalRenderCommandEncoder.mm; sourceTree = "<group>"; };
		0422957F278C32FA0090983F /* CPPMetalDrawable.mm */ = {isa = PBXFileReference; fileEncoding = 4; lastKnownFileType = sourcecode.cpp.objcpp; path = CPPMetalDrawable.mm; sourceTree = "<group>"; };
		04229580278C32FA0090983F /* CPPMetalResource.hpp */ = {isa = PBXFileReference; fileEncoding = 4; lastKnownFileType = sourcecode.cpp.h; path = CPPMetalResource.hpp; sourceTree = "<group>"; };
		04229581278C32FA0090983F /* CPPMetalRenderPass.hpp */ = {isa = PBXFileReference; fileEncoding = 4; lastKnownFileType = sourcecode.cpp.h; path = CPPMetalRenderPass.hpp; sourceTree = "<group>"; };
		04229582278C32FA0090983F /* CPPMetalLibrary.mm */ = {isa = PBXFileReference; fileEncoding = 4; lastKnownFileType = sourcecode.cpp.objcpp; path = CPPMetalLibrary.mm; sourceTree = "<group>"; };
		04229583278C32FA0090983F /* CPPMetalKitTextureLoader.mm */ = {isa = PBXFileReference; fileEncoding = 4; lastKnownFileType = sourcecode.cpp.objcpp; path = CPPMetalKitTextureLoader.mm; sourceTree = "<group>"; };
		04229584278C32FA0090983F /* CPPMetal.hpp */ = {isa = PBXFileReference; fileEncoding = 4; lastKnownFileType = sourcecode.cpp.h; path = CPPMetal.hpp; sourceTree = "<group>"; };
		04229585278C32FA0090983F /* CPPMetalDevice.mm */ = {isa = PBXFileReference; fileEncoding = 4; lastKnownFileType = sourcecode.cpp.objcpp; path = CPPMetalDevice.mm; sourceTree = "<group>"; };
		04229586278C32FA0090983F /* CPPMetalCommandBuffer.hpp */ = {isa = PBXFileReference; fileEncoding = 4; lastKnownFileType = sourcecode.cpp.h; path = CPPMetalCommandBuffer.hpp; sourceTree = "<group>"; };
		04229587278C32FA0090983F /* CPPMetalLibrary.hpp */ = {isa = PBXFileReference; fileEncoding = 4; lastKnownFileType = sourcecode.cpp.h; path = CPPMetalLibrary.hpp; sourceTree = "<group>"; };
		04229588278C32FA0090983F /* CPPMetalRenderCommandEncoder.hpp */ = {isa = PBXFileReference; fileEncoding = 4; lastKnownFileType = sourcecode.cpp.h; path = CPPMetalRenderCommandEncoder.hpp; sourceTree = "<group>"; };
		04229589278C32FB0090983F /* CPPMetalImplementation.hpp */ = {isa = PBXFileReference; fileEncoding = 4; lastKnownFileType = sourcecode.cpp.h; path = CPPMetalImplementation.hpp; sourceTree = "<group>"; };
		042295B5278C33080090983F /* CPPMetalDeviceInternals.h */ = {isa = PBXFileReference; fileEncoding = 4; lastKnownFileType = sourcecode.c.h; path = CPPMetalDeviceInternals.h; sourceTree = "<group>"; };
		042295B6278C33080090983F /* CPPMetalDispatchTableCache.h */ = {isa = PBXFileReference; fileEncoding = 4; lastKnownFileType = sourcecode.c.h; path = CPPMetalDispatchTableCache.h; sourceTree = "<group>"; };
		042295B7278C33080090983F /* CPPMetalInternalMacros.h */ = {isa = PBXFileReference; fileEncoding = 4; lastKnownFileType = sourcecode.c.h; path = CPPMetalInternalMacros.h; sourceTree = "<group>"; };
		042295BC278C3B210090983F /* ray.cpp */ = {isa = PBXFileReference; lastKnownFileType = sourcecode.cpp.cpp; path = ray.cpp; sourceTree = "<group>"; };
		042295BD278C3B210090983F /* ray.h */ = {isa = PBXFileReference; lastKnownFileType = sourcecode.c.h; path = ray.h; sourceTree = "<group>"; };
		042295C1278C3B710090983F /* glm_common.h */ = {isa = PBXFileReference; lastKnownFileType = sourcecode.c.h; path = glm_common.h; sourceTree = "<group>"; };
		042295D9278D121C0090983F /* libvox.geometry.a */ = {isa = PBXFileReference; explicitFileType = archive.ar; includeInIndex = 0; path = libvox.geometry.a; sourceTree = BUILT_PRODUCTS_DIR; };
		042295E4278D17790090983F /* constants.h */ = {isa = PBXFileReference; fileEncoding = 4; lastKnownFileType = sourcecode.c.h; path = constants.h; sourceTree = "<group>"; };
		042295E5278D17790090983F /* macros.h */ = {isa = PBXFileReference; fileEncoding = 4; lastKnownFileType = sourcecode.c.h; path = macros.h; sourceTree = "<group>"; };
		042295E8278D1FAA0090983F /* size.h */ = {isa = PBXFileReference; fileEncoding = 4; lastKnownFileType = sourcecode.c.h; path = size.h; sourceTree = "<group>"; };
		042295E9278D1FAA0090983F /* point3.h */ = {isa = PBXFileReference; fileEncoding = 4; lastKnownFileType = sourcecode.c.h; path = point3.h; sourceTree = "<group>"; };
		042295EA278D1FAA0090983F /* point.h */ = {isa = PBXFileReference; fileEncoding = 4; lastKnownFileType = sourcecode.c.h; path = point.h; sourceTree = "<group>"; };
		042295EB278D1FAA0090983F /* size-inl.h */ = {isa = PBXFileReference; fileEncoding = 4; lastKnownFileType = sourcecode.c.h; path = "size-inl.h"; sourceTree = "<group>"; };
		042295EC278D1FAA0090983F /* size3.h */ = {isa = PBXFileReference; fileEncoding = 4; lastKnownFileType = sourcecode.c.h; path = size3.h; sourceTree = "<group>"; };
		042295ED278D1FAA0090983F /* size2.h */ = {isa = PBXFileReference; fileEncoding = 4; lastKnownFileType = sourcecode.c.h; path = size2.h; sourceTree = "<group>"; };
		042295EE278D1FAA0090983F /* size2-inl.h */ = {isa = PBXFileReference; fileEncoding = 4; lastKnownFileType = sourcecode.c.h; path = "size2-inl.h"; sourceTree = "<group>"; };
		042295EF278D1FAA0090983F /* point2.h */ = {isa = PBXFileReference; fileEncoding = 4; lastKnownFileType = sourcecode.c.h; path = point2.h; sourceTree = "<group>"; };
		042295F0278D1FAA0090983F /* point3-inl.h */ = {isa = PBXFileReference; fileEncoding = 4; lastKnownFileType = sourcecode.c.h; path = "point3-inl.h"; sourceTree = "<group>"; };
		042295F1278D1FAA0090983F /* size3-inl.h */ = {isa = PBXFileReference; fileEncoding = 4; lastKnownFileType = sourcecode.c.h; path = "size3-inl.h"; sourceTree = "<group>"; };
		042295F2278D1FAA0090983F /* point2-inl.h */ = {isa = PBXFileReference; fileEncoding = 4; lastKnownFileType = sourcecode.c.h; path = "point2-inl.h"; sourceTree = "<group>"; };
		042295F3278D1FAA0090983F /* point-inl.h */ = {isa = PBXFileReference; fileEncoding = 4; lastKnownFileType = sourcecode.c.h; path = "point-inl.h"; sourceTree = "<group>"; };
		04229601278D20680090983F /* math_utils-inl.h */ = {isa = PBXFileReference; fileEncoding = 4; lastKnownFileType = sourcecode.c.h; path = "math_utils-inl.h"; sourceTree = "<group>"; };
		04229602278D20680090983F /* math_utils.h */ = {isa = PBXFileReference; fileEncoding = 4; lastKnownFileType = sourcecode.c.h; path = math_utils.h; sourceTree = "<group>"; };
		04229609278D29760090983F /* unit_tests */ = {isa = PBXFileReference; explicitFileType = "compiled.mach-o.executable"; includeInIndex = 0; path = unit_tests; sourceTree = BUILT_PRODUCTS_DIR; };
		04229610278D29A70090983F /* point2_tests.cpp */ = {isa = PBXFileReference; fileEncoding = 4; lastKnownFileType = sourcecode.cpp.cpp; path = point2_tests.cpp; sourceTree = "<group>"; };
		04229617278D30850090983F /* point3_tests.cpp */ = {isa = PBXFileReference; fileEncoding = 4; lastKnownFileType = sourcecode.cpp.cpp; path = point3_tests.cpp; sourceTree = "<group>"; };
		04229619278D3EC70090983F /* vector4.h */ = {isa = PBXFileReference; fileEncoding = 4; lastKnownFileType = sourcecode.c.h; path = vector4.h; sourceTree = "<group>"; };
		0422961A278D3EC70090983F /* vector.h */ = {isa = PBXFileReference; fileEncoding = 4; lastKnownFileType = sourcecode.c.h; path = vector.h; sourceTree = "<group>"; };
		0422961B278D3EC70090983F /* vector3.h */ = {isa = PBXFileReference; fileEncoding = 4; lastKnownFileType = sourcecode.c.h; path = vector3.h; sourceTree = "<group>"; };
		0422961C278D3EC70090983F /* vector_expression.h */ = {isa = PBXFileReference; fileEncoding = 4; lastKnownFileType = sourcecode.c.h; path = vector_expression.h; sourceTree = "<group>"; };
		0422961D278D3EC70090983F /* vector2.h */ = {isa = PBXFileReference; fileEncoding = 4; lastKnownFileType = sourcecode.c.h; path = vector2.h; sourceTree = "<group>"; };
		04229623278D3EF60090983F /* vector_expression-inl.h */ = {isa = PBXFileReference; fileEncoding = 4; lastKnownFileType = sourcecode.c.h; path = "vector_expression-inl.h"; sourceTree = "<group>"; };
		04229624278D3EF60090983F /* vector3-inl.h */ = {isa = PBXFileReference; fileEncoding = 4; lastKnownFileType = sourcecode.c.h; path = "vector3-inl.h"; sourceTree = "<group>"; };
		04229625278D3EF60090983F /* vector2-inl.h */ = {isa = PBXFileReference; fileEncoding = 4; lastKnownFileType = sourcecode.c.h; path = "vector2-inl.h"; sourceTree = "<group>"; };
		04229626278D3EF60090983F /* vector-inl.h */ = {isa = PBXFileReference; fileEncoding = 4; lastKnownFileType = sourcecode.c.h; path = "vector-inl.h"; sourceTree = "<group>"; };
		04229627278D3EF60090983F /* vector4-inl.h */ = {isa = PBXFileReference; fileEncoding = 4; lastKnownFileType = sourcecode.c.h; path = "vector4-inl.h"; sourceTree = "<group>"; };
		0422962D278D3F430090983F /* vector3_tests.cpp */ = {isa = PBXFileReference; fileEncoding = 4; lastKnownFileType = sourcecode.cpp.cpp; path = vector3_tests.cpp; sourceTree = "<group>"; };
		0422962E278D3F430090983F /* vector4_tests.cpp */ = {isa = PBXFileReference; fileEncoding = 4; lastKnownFileType = sourcecode.cpp.cpp; path = vector4_tests.cpp; sourceTree = "<group>"; };
		0422962F278D3F430090983F /* vector_tests.cpp */ = {isa = PBXFileReference; fileEncoding = 4; lastKnownFileType = sourcecode.cpp.cpp; path = vector_tests.cpp; sourceTree = "<group>"; };
		04229630278D3F430090983F /* vector2_tests.cpp */ = {isa = PBXFileReference; fileEncoding = 4; lastKnownFileType = sourcecode.cpp.cpp; path = vector2_tests.cpp; sourceTree = "<group>"; };
		04229635278D3F7D0090983F /* functors-inl.h */ = {isa = PBXFileReference; fileEncoding = 4; lastKnownFileType = sourcecode.c.h; path = "functors-inl.h"; sourceTree = "<group>"; };
		04229636278D3F7D0090983F /* functors.h */ = {isa = PBXFileReference; fileEncoding = 4; lastKnownFileType = sourcecode.c.h; path = functors.h; sourceTree = "<group>"; };
		04229639278D403C0090983F /* type_helpers.h */ = {isa = PBXFileReference; fileEncoding = 4; lastKnownFileType = sourcecode.c.h; path = type_helpers.h; sourceTree = "<group>"; };
		0422965D278D5CC00090983F /* quaternion-inl.h */ = {isa = PBXFileReference; fileEncoding = 4; lastKnownFileType = sourcecode.c.h; path = "quaternion-inl.h"; sourceTree = "<group>"; };
		0422965E278D5CC00090983F /* quaternion.h */ = {isa = PBXFileReference; fileEncoding = 4; lastKnownFileType = sourcecode.c.h; path = quaternion.h; sourceTree = "<group>"; };
		04229661278D5CCB0090983F /* quaternion_tests.cpp */ = {isa = PBXFileReference; fileEncoding = 4; lastKnownFileType = sourcecode.cpp.cpp; path = quaternion_tests.cpp; sourceTree = "<group>"; };
		04229663278D689B0090983F /* ray2.h */ = {isa = PBXFileReference; fileEncoding = 4; lastKnownFileType = sourcecode.c.h; path = ray2.h; sourceTree = "<group>"; };
		04229664278D689B0090983F /* bounding_box3-inl.h */ = {isa = PBXFileReference; fileEncoding = 4; lastKnownFileType = sourcecode.c.h; path = "bounding_box3-inl.h"; sourceTree = "<group>"; };
		04229665278D689B0090983F /* bounding_box3.h */ = {isa = PBXFileReference; fileEncoding = 4; lastKnownFileType = sourcecode.c.h; path = bounding_box3.h; sourceTree = "<group>"; };
		04229666278D689B0090983F /* ray3-inl.h */ = {isa = PBXFileReference; fileEncoding = 4; lastKnownFileType = sourcecode.c.h; path = "ray3-inl.h"; sourceTree = "<group>"; };
		04229668278D689B0090983F /* ray3.h */ = {isa = PBXFileReference; fileEncoding = 4; lastKnownFileType = sourcecode.c.h; path = ray3.h; sourceTree = "<group>"; };
		04229669278D689B0090983F /* bounding_box2-inl.h */ = {isa = PBXFileReference; fileEncoding = 4; lastKnownFileType = sourcecode.c.h; path = "bounding_box2-inl.h"; sourceTree = "<group>"; };
		0422966A278D689B0090983F /* ray2-inl.h */ = {isa = PBXFileReference; fileEncoding = 4; lastKnownFileType = sourcecode.c.h; path = "ray2-inl.h"; sourceTree = "<group>"; };
		0422966B278D689C0090983F /* bounding_box.h */ = {isa = PBXFileReference; fileEncoding = 4; lastKnownFileType = sourcecode.c.h; path = bounding_box.h; sourceTree = "<group>"; };
		0422966C278D689C0090983F /* bounding_box2.h */ = {isa = PBXFileReference; fileEncoding = 4; lastKnownFileType = sourcecode.c.h; path = bounding_box2.h; sourceTree = "<group>"; };
		0422966D278D689C0090983F /* ray.h */ = {isa = PBXFileReference; fileEncoding = 4; lastKnownFileType = sourcecode.c.h; path = ray.h; sourceTree = "<group>"; };
		04229679278D697B0090983F /* ray2_tests.cpp */ = {isa = PBXFileReference; fileEncoding = 4; lastKnownFileType = sourcecode.cpp.cpp; path = ray2_tests.cpp; sourceTree = "<group>"; };
		0422967A278D697B0090983F /* bounding_box3_tests.cpp */ = {isa = PBXFileReference; fileEncoding = 4; lastKnownFileType = sourcecode.cpp.cpp; path = bounding_box3_tests.cpp; sourceTree = "<group>"; };
		0422967B278D697B0090983F /* ray3_tests.cpp */ = {isa = PBXFileReference; fileEncoding = 4; lastKnownFileType = sourcecode.cpp.cpp; path = ray3_tests.cpp; sourceTree = "<group>"; };
		0422967C278D697B0090983F /* bounding_box2_tests.cpp */ = {isa = PBXFileReference; fileEncoding = 4; lastKnownFileType = sourcecode.cpp.cpp; path = bounding_box2_tests.cpp; sourceTree = "<group>"; };
		0422967D278D697B0090983F /* bounding_box_tests.cpp */ = {isa = PBXFileReference; fileEncoding = 4; lastKnownFileType = sourcecode.cpp.cpp; path = bounding_box_tests.cpp; sourceTree = "<group>"; };
		04229683278D69AF0090983F /* unit_tests_utils.h */ = {isa = PBXFileReference; fileEncoding = 4; lastKnownFileType = sourcecode.c.h; path = unit_tests_utils.h; sourceTree = "<group>"; };
		04229684278D69AF0090983F /* unit_tests_utils.cpp */ = {isa = PBXFileReference; fileEncoding = 4; lastKnownFileType = sourcecode.cpp.cpp; path = unit_tests_utils.cpp; sourceTree = "<group>"; };
		04229686278D6F910090983F /* transform3-inl.h */ = {isa = PBXFileReference; fileEncoding = 4; lastKnownFileType = sourcecode.c.h; path = "transform3-inl.h"; sourceTree = "<group>"; };
		04229687278D6F910090983F /* transform2.h */ = {isa = PBXFileReference; fileEncoding = 4; lastKnownFileType = sourcecode.c.h; path = transform2.h; sourceTree = "<group>"; };
		04229688278D6F910090983F /* transform2-inl.h */ = {isa = PBXFileReference; fileEncoding = 4; lastKnownFileType = sourcecode.c.h; path = "transform2-inl.h"; sourceTree = "<group>"; };
		04229689278D6F910090983F /* transform3.h */ = {isa = PBXFileReference; fileEncoding = 4; lastKnownFileType = sourcecode.c.h; path = transform3.h; sourceTree = "<group>"; };
		0422968E278D6FF30090983F /* transform2_tests.cpp */ = {isa = PBXFileReference; fileEncoding = 4; lastKnownFileType = sourcecode.cpp.cpp; path = transform2_tests.cpp; sourceTree = "<group>"; };
		0422968F278D6FF30090983F /* transform3_tests.cpp */ = {isa = PBXFileReference; fileEncoding = 4; lastKnownFileType = sourcecode.cpp.cpp; path = transform3_tests.cpp; sourceTree = "<group>"; };
		04229692278D71760090983F /* surface3.h */ = {isa = PBXFileReference; fileEncoding = 4; lastKnownFileType = sourcecode.c.h; path = surface3.h; sourceTree = "<group>"; };
		04229693278D71760090983F /* surface2.h */ = {isa = PBXFileReference; fileEncoding = 4; lastKnownFileType = sourcecode.c.h; path = surface2.h; sourceTree = "<group>"; };
		04229694278D71760090983F /* surface2.cpp */ = {isa = PBXFileReference; fileEncoding = 4; lastKnownFileType = sourcecode.cpp.cpp; path = surface2.cpp; sourceTree = "<group>"; };
		04229695278D71760090983F /* surface3.cpp */ = {isa = PBXFileReference; fileEncoding = 4; lastKnownFileType = sourcecode.cpp.cpp; path = surface3.cpp; sourceTree = "<group>"; };
		0422969F278DAE4E0090983F /* libvox.math.a */ = {isa = PBXFileReference; explicitFileType = archive.ar; includeInIndex = 0; path = libvox.math.a; sourceTree = BUILT_PRODUCTS_DIR; };
		042296AA278DAE790090983F /* ImathLine.h */ = {isa = PBXFileReference; fileEncoding = 4; lastKnownFileType = sourcecode.c.h; path = ImathLine.h; sourceTree = "<group>"; };
		042296AB278DAE790090983F /* ImathMatrixAlgo.cpp */ = {isa = PBXFileReference; fileEncoding = 4; lastKnownFileType = sourcecode.cpp.cpp; path = ImathMatrixAlgo.cpp; sourceTree = "<group>"; };
		042296AC278DAE790090983F /* ImathNamespace.h */ = {isa = PBXFileReference; fileEncoding = 4; lastKnownFileType = sourcecode.c.h; path = ImathNamespace.h; sourceTree = "<group>"; };
		042296AD278DAE7A0090983F /* ImathInt64.h */ = {isa = PBXFileReference; fileEncoding = 4; lastKnownFileType = sourcecode.c.h; path = ImathInt64.h; sourceTree = "<group>"; };
		042296AE278DAE7A0090983F /* ImathGLU.h */ = {isa = PBXFileReference; fileEncoding = 4; lastKnownFileType = sourcecode.c.h; path = ImathGLU.h; sourceTree = "<group>"; };
		042296AF278DAE7A0090983F /* ImathTypeTraits.h */ = {isa = PBXFileReference; fileEncoding = 4; lastKnownFileType = sourcecode.c.h; path = ImathTypeTraits.h; sourceTree = "<group>"; };
		042296B0278DAE7A0090983F /* ImathSphere.h */ = {isa = PBXFileReference; fileEncoding = 4; lastKnownFileType = sourcecode.c.h; path = ImathSphere.h; sourceTree = "<group>"; };
		042296B1278DAE7A0090983F /* ImathRandom.cpp */ = {isa = PBXFileReference; fileEncoding = 4; lastKnownFileType = sourcecode.cpp.cpp; path = ImathRandom.cpp; sourceTree = "<group>"; };
		042296B2278DAE7A0090983F /* ImathVec.h */ = {isa = PBXFileReference; fileEncoding = 4; lastKnownFileType = sourcecode.c.h; path = ImathVec.h; sourceTree = "<group>"; };
		042296B3278DAE7A0090983F /* ImathRandom.h */ = {isa = PBXFileReference; fileEncoding = 4; lastKnownFileType = sourcecode.c.h; path = ImathRandom.h; sourceTree = "<group>"; };
		042296B4278DAE7A0090983F /* ImathBox.h */ = {isa = PBXFileReference; fileEncoding = 4; lastKnownFileType = sourcecode.c.h; path = ImathBox.h; sourceTree = "<group>"; };
		042296B5278DAE7A0090983F /* ImathLineAlgo.h */ = {isa = PBXFileReference; fileEncoding = 4; lastKnownFileType = sourcecode.c.h; path = ImathLineAlgo.h; sourceTree = "<group>"; };
		042296B6278DAE7A0090983F /* ImathInterval.h */ = {isa = PBXFileReference; fileEncoding = 4; lastKnownFileType = sourcecode.c.h; path = ImathInterval.h; sourceTree = "<group>"; };
		042296B7278DAE7A0090983F /* ImathForward.h */ = {isa = PBXFileReference; fileEncoding = 4; lastKnownFileType = sourcecode.c.h; path = ImathForward.h; sourceTree = "<group>"; };
		042296B8278DAE7A0090983F /* ImathExport.h */ = {isa = PBXFileReference; fileEncoding = 4; lastKnownFileType = sourcecode.c.h; path = ImathExport.h; sourceTree = "<group>"; };
		042296B9278DAE7A0090983F /* ImathFrustumTest.h */ = {isa = PBXFileReference; fileEncoding = 4; lastKnownFileType = sourcecode.c.h; path = ImathFrustumTest.h; sourceTree = "<group>"; };
		042296BA278DAE7A0090983F /* ImathFrustum.h */ = {isa = PBXFileReference; fileEncoding = 4; lastKnownFileType = sourcecode.c.h; path = ImathFrustum.h; sourceTree = "<group>"; };
		042296BB278DAE7A0090983F /* ImathColorAlgo.h */ = {isa = PBXFileReference; fileEncoding = 4; lastKnownFileType = sourcecode.c.h; path = ImathColorAlgo.h; sourceTree = "<group>"; };
		042296BC278DAE7A0090983F /* ImathShear.h */ = {isa = PBXFileReference; fileEncoding = 4; lastKnownFileType = sourcecode.c.h; path = ImathShear.h; sourceTree = "<group>"; };
		042296BD278DAE7A0090983F /* ImathGL.h */ = {isa = PBXFileReference; fileEncoding = 4; lastKnownFileType = sourcecode.c.h; path = ImathGL.h; sourceTree = "<group>"; };
		042296BE278DAE7A0090983F /* ImathPlatform.h */ = {isa = PBXFileReference; fileEncoding = 4; lastKnownFileType = sourcecode.c.h; path = ImathPlatform.h; sourceTree = "<group>"; };
		042296C0278DAE7A0090983F /* ImathColorAlgo.cpp */ = {isa = PBXFileReference; fileEncoding = 4; lastKnownFileType = sourcecode.cpp.cpp; path = ImathColorAlgo.cpp; sourceTree = "<group>"; };
		042296C1278DAE7B0090983F /* halfFunction.h */ = {isa = PBXFileReference; fileEncoding = 4; lastKnownFileType = sourcecode.c.h; path = halfFunction.h; sourceTree = "<group>"; };
		042296C2278DAE7B0090983F /* ImathBoxAlgo.h */ = {isa = PBXFileReference; fileEncoding = 4; lastKnownFileType = sourcecode.c.h; path = ImathBoxAlgo.h; sourceTree = "<group>"; };
		042296C3278DAE7B0090983F /* ImathFun.cpp */ = {isa = PBXFileReference; fileEncoding = 4; lastKnownFileType = sourcecode.cpp.cpp; path = ImathFun.cpp; sourceTree = "<group>"; };
		042296C4278DAE7B0090983F /* ImathFun.h */ = {isa = PBXFileReference; fileEncoding = 4; lastKnownFileType = sourcecode.c.h; path = ImathFun.h; sourceTree = "<group>"; };
		042296C5278DAE7B0090983F /* half.cpp */ = {isa = PBXFileReference; fileEncoding = 4; lastKnownFileType = sourcecode.cpp.cpp; path = half.cpp; sourceTree = "<group>"; };
		042296C6278DAE7B0090983F /* half.h */ = {isa = PBXFileReference; fileEncoding = 4; lastKnownFileType = sourcecode.c.h; path = half.h; sourceTree = "<group>"; };
		042296C7278DAE7B0090983F /* ImathPlane.h */ = {isa = PBXFileReference; fileEncoding = 4; lastKnownFileType = sourcecode.c.h; path = ImathPlane.h; sourceTree = "<group>"; };
		042296C8278DAE7B0090983F /* ImathQuat.h */ = {isa = PBXFileReference; fileEncoding = 4; lastKnownFileType = sourcecode.c.h; path = ImathQuat.h; sourceTree = "<group>"; };
		042296C9278DAE7B0090983F /* ImathFrame.h */ = {isa = PBXFileReference; fileEncoding = 4; lastKnownFileType = sourcecode.c.h; path = ImathFrame.h; sourceTree = "<group>"; };
		042296CA278DAE7B0090983F /* ImathColor.h */ = {isa = PBXFileReference; fileEncoding = 4; lastKnownFileType = sourcecode.c.h; path = ImathColor.h; sourceTree = "<group>"; };
		042296CB278DAE7B0090983F /* ImathMatrixAlgo.h */ = {isa = PBXFileReference; fileEncoding = 4; lastKnownFileType = sourcecode.c.h; path = ImathMatrixAlgo.h; sourceTree = "<group>"; };
		042296CC278DAE7B0090983F /* halfLimits.h */ = {isa = PBXFileReference; fileEncoding = 4; lastKnownFileType = sourcecode.c.h; path = halfLimits.h; sourceTree = "<group>"; };
		042296CD278DAE7B0090983F /* ImathRoots.h */ = {isa = PBXFileReference; fileEncoding = 4; lastKnownFileType = sourcecode.c.h; path = ImathRoots.h; sourceTree = "<group>"; };
		042296CE278DAE7B0090983F /* ImathVecAlgo.h */ = {isa = PBXFileReference; fileEncoding = 4; lastKnownFileType = sourcecode.c.h; path = ImathVecAlgo.h; sourceTree = "<group>"; };
		042296D0278DAE7B0090983F /* ImathMath.h */ = {isa = PBXFileReference; fileEncoding = 4; lastKnownFileType = sourcecode.c.h; path = ImathMath.h; sourceTree = "<group>"; };
		042296D1278DAE7B0090983F /* ImathEuler.h */ = {isa = PBXFileReference; fileEncoding = 4; lastKnownFileType = sourcecode.c.h; path = ImathEuler.h; sourceTree = "<group>"; };
		042296D2278DAE7B0090983F /* ImathMatrix.h */ = {isa = PBXFileReference; fileEncoding = 4; lastKnownFileType = sourcecode.c.h; path = ImathMatrix.h; sourceTree = "<group>"; };
		042296FC278DAEB40090983F /* ImathConfig.h */ = {isa = PBXFileReference; fileEncoding = 4; lastKnownFileType = sourcecode.c.h; path = ImathConfig.h; sourceTree = "<group>"; };
/* End PBXFileReference section */

/* Begin PBXFrameworksBuildPhase section */
		0422954D278C30840090983F /* Frameworks */ = {
			isa = PBXFrameworksBuildPhase;
			buildActionMask = 2147483647;
			files = (
			);
			runOnlyForDeploymentPostprocessing = 0;
		};
		042295D7278D121C0090983F /* Frameworks */ = {
			isa = PBXFrameworksBuildPhase;
			buildActionMask = 2147483647;
			files = (
			);
			runOnlyForDeploymentPostprocessing = 0;
		};
		04229606278D29760090983F /* Frameworks */ = {
			isa = PBXFrameworksBuildPhase;
			buildActionMask = 2147483647;
			files = (
			);
			runOnlyForDeploymentPostprocessing = 0;
		};
		0422969D278DAE4E0090983F /* Frameworks */ = {
			isa = PBXFrameworksBuildPhase;
			buildActionMask = 2147483647;
			files = (
			);
			runOnlyForDeploymentPostprocessing = 0;
		};
/* End PBXFrameworksBuildPhase section */

/* Begin PBXGroup section */
		04229546278C30840090983F = {
			isa = PBXGroup;
			children = (
				042296A0278DAE4E0090983F /* vox.math */,
				042295DA278D121D0090983F /* vox.geometry */,
				04229551278C30840090983F /* vox.render */,
				0422960A278D29760090983F /* unit_tests */,
				04229550278C30840090983F /* Products */,
				04229612278D2B2D0090983F /* Frameworks */,
			);
			sourceTree = "<group>";
		};
		04229550278C30840090983F /* Products */ = {
			isa = PBXGroup;
			children = (
				0422954F278C30840090983F /* libvox.render.a */,
				042295D9278D121C0090983F /* libvox.geometry.a */,
				04229609278D29760090983F /* unit_tests */,
				0422969F278DAE4E0090983F /* libvox.math.a */,
			);
			name = Products;
			sourceTree = "<group>";
		};
		04229551278C30840090983F /* vox.render */ = {
			isa = PBXGroup;
			children = (
				042295C0278C3B460090983F /* common */,
				042295BB278C3B150090983F /* math */,
				0422955D278C31DC0090983F /* core */,
			);
			path = vox.render;
			sourceTree = "<group>";
		};
		0422955D278C31DC0090983F /* core */ = {
			isa = PBXGroup;
			children = (
				04229584278C32FA0090983F /* CPPMetal.hpp */,
				0422956C278C32FA0090983F /* CPPMetalTypes.hpp */,
				04229560278C32F90090983F /* CPPMetalAllocator.hpp */,
				0422957B278C32FA0090983F /* CPPMetalConstants.hpp */,
				04229568278C32FA0090983F /* CPPMetalDrawable.hpp */,
				0422957F278C32FA0090983F /* CPPMetalDrawable.mm */,
				04229577278C32FA0090983F /* CPPMetalDevice.hpp */,
				04229585278C32FA0090983F /* CPPMetalDevice.mm */,
				04229569278C32FA0090983F /* CPPMetalDeviceInternals.mm */,
				04229580278C32FA0090983F /* CPPMetalResource.hpp */,
				0422956F278C32FA0090983F /* CPPMetalResource.mm */,
				04229572278C32FA0090983F /* CPPMetalResourceEnum.hpp */,
				0422957D278C32FA0090983F /* CPPMetalBuffer.hpp */,
				04229571278C32FA0090983F /* CPPMetalBuffer.mm */,
				04229567278C32F90090983F /* CPPMetalTexture.hpp */,
				04229574278C32FA0090983F /* CPPMetalTexture.mm */,
				04229586278C32FA0090983F /* CPPMetalCommandBuffer.hpp */,
				04229576278C32FA0090983F /* CPPMetalCommandBuffer.mm */,
				0422956E278C32FA0090983F /* CPPMetalCommandQueue.hpp */,
				04229579278C32FA0090983F /* CPPMetalCommandQueue.mm */,
				04229564278C32F90090983F /* CPPMetalCommandEncoder.hpp */,
				04229565278C32F90090983F /* CPPMetalCommandEncoder.mm */,
				04229588278C32FA0090983F /* CPPMetalRenderCommandEncoder.hpp */,
				0422957E278C32FA0090983F /* CPPMetalRenderCommandEncoder.mm */,
				0422956B278C32FA0090983F /* CPPMetalRenderCommandEncoder_DispatchTable.hpp */,
				04229563278C32F90090983F /* CPPMetalRenderCommandEncoder_DispatchTable.mm */,
				04229575278C32FA0090983F /* CPPMetalRenderPipeline.hpp */,
				04229562278C32F90090983F /* CPPMetalRenderPipeline.mm */,
				0422957C278C32FA0090983F /* CPPMetalDepthStencil.hpp */,
				0422955F278C32F90090983F /* CPPMetalDepthStencil.mm */,
				04229587278C32FA0090983F /* CPPMetalLibrary.hpp */,
				04229582278C32FA0090983F /* CPPMetalLibrary.mm */,
				04229578278C32FA0090983F /* CPPMetalPixelFormat.hpp */,
				0422956A278C32FA0090983F /* CPPMetalPixelFormat.mm */,
				04229581278C32FA0090983F /* CPPMetalRenderPass.hpp */,
				04229561278C32F90090983F /* CPPMetalRenderPass.mm */,
				04229573278C32FA0090983F /* CPPMetalVertexDescriptor.hpp */,
				0422957A278C32FA0090983F /* CPPMetalVertexDescriptor.mm */,
				04229589278C32FB0090983F /* CPPMetalImplementation.hpp */,
				0422955E278C32C30090983F /* internal */,
				04229566278C32F90090983F /* CPPMetalKitView.hpp */,
				0422956D278C32FA0090983F /* CPPMetalKitView.mm */,
				04229570278C32FA0090983F /* CPPMetalKitTextureLoader.hpp */,
				04229583278C32FA0090983F /* CPPMetalKitTextureLoader.mm */,
			);
			path = core;
			sourceTree = "<group>";
		};
		0422955E278C32C30090983F /* internal */ = {
			isa = PBXGroup;
			children = (
				042295B7278C33080090983F /* CPPMetalInternalMacros.h */,
				042295B5278C33080090983F /* CPPMetalDeviceInternals.h */,
				042295B6278C33080090983F /* CPPMetalDispatchTableCache.h */,
			);
			path = internal;
			sourceTree = "<group>";
		};
		042295BB278C3B150090983F /* math */ = {
			isa = PBXGroup;
			children = (
				042295BD278C3B210090983F /* ray.h */,
				042295BC278C3B210090983F /* ray.cpp */,
			);
			path = math;
			sourceTree = "<group>";
		};
		042295C0278C3B460090983F /* common */ = {
			isa = PBXGroup;
			children = (
				042295C1278C3B710090983F /* glm_common.h */,
			);
			path = common;
			sourceTree = "<group>";
		};
		042295DA278D121D0090983F /* vox.geometry */ = {
			isa = PBXGroup;
			children = (
				042295E5278D17790090983F /* macros.h */,
				042295EA278D1FAA0090983F /* point.h */,
				042295F3278D1FAA0090983F /* point-inl.h */,
				042295EF278D1FAA0090983F /* point2.h */,
				042295F2278D1FAA0090983F /* point2-inl.h */,
				042295E9278D1FAA0090983F /* point3.h */,
				042295F0278D1FAA0090983F /* point3-inl.h */,
				042295E8278D1FAA0090983F /* size.h */,
				042295EB278D1FAA0090983F /* size-inl.h */,
				042295ED278D1FAA0090983F /* size2.h */,
				042295EE278D1FAA0090983F /* size2-inl.h */,
				042295EC278D1FAA0090983F /* size3.h */,
				042295F1278D1FAA0090983F /* size3-inl.h */,
				04229636278D3F7D0090983F /* functors.h */,
				04229635278D3F7D0090983F /* functors-inl.h */,
				04229639278D403C0090983F /* type_helpers.h */,
				0422961C278D3EC70090983F /* vector_expression.h */,
				04229623278D3EF60090983F /* vector_expression-inl.h */,
				0422961A278D3EC70090983F /* vector.h */,
				04229626278D3EF60090983F /* vector-inl.h */,
				0422961D278D3EC70090983F /* vector2.h */,
				04229625278D3EF60090983F /* vector2-inl.h */,
				0422961B278D3EC70090983F /* vector3.h */,
				04229624278D3EF60090983F /* vector3-inl.h */,
				04229619278D3EC70090983F /* vector4.h */,
				04229627278D3EF60090983F /* vector4-inl.h */,
				0422965E278D5CC00090983F /* quaternion.h */,
				0422965D278D5CC00090983F /* quaternion-inl.h */,
				04229687278D6F910090983F /* transform2.h */,
				04229688278D6F910090983F /* transform2-inl.h */,
				04229689278D6F910090983F /* transform3.h */,
				04229686278D6F910090983F /* transform3-inl.h */,
				04229693278D71760090983F /* surface2.h */,
				04229694278D71760090983F /* surface2.cpp */,
				04229692278D71760090983F /* surface3.h */,
				04229695278D71760090983F /* surface3.cpp */,
			);
			path = vox.geometry;
			sourceTree = "<group>";
		};
		0422960A278D29760090983F /* unit_tests */ = {
			isa = PBXGroup;
			children = (
				04229683278D69AF0090983F /* unit_tests_utils.h */,
				04229684278D69AF0090983F /* unit_tests_utils.cpp */,
				04229679278D697B0090983F /* ray2_tests.cpp */,
				0422967B278D697B0090983F /* ray3_tests.cpp */,
				0422967D278D697B0090983F /* bounding_box_tests.cpp */,
				0422967C278D697B0090983F /* bounding_box2_tests.cpp */,
				0422967A278D697B0090983F /* bounding_box3_tests.cpp */,
				04229610278D29A70090983F /* point2_tests.cpp */,
				04229617278D30850090983F /* point3_tests.cpp */,
				0422962F278D3F430090983F /* vector_tests.cpp */,
				04229630278D3F430090983F /* vector2_tests.cpp */,
				0422962D278D3F430090983F /* vector3_tests.cpp */,
				0422962E278D3F430090983F /* vector4_tests.cpp */,
				04229661278D5CCB0090983F /* quaternion_tests.cpp */,
				0422968E278D6FF30090983F /* transform2_tests.cpp */,
				0422968F278D6FF30090983F /* transform3_tests.cpp */,
			);
			path = unit_tests;
			sourceTree = "<group>";
		};
		04229612278D2B2D0090983F /* Frameworks */ = {
			isa = PBXGroup;
			children = (
			);
			name = Frameworks;
			sourceTree = "<group>";
		};
		042296A0278DAE4E0090983F /* vox.math */ = {
			isa = PBXGroup;
			children = (
				042296FC278DAEB40090983F /* ImathConfig.h */,
				042296AC278DAE790090983F /* ImathNamespace.h */,
				042296BE278DAE7A0090983F /* ImathPlatform.h */,
				042296AF278DAE7A0090983F /* ImathTypeTraits.h */,
				042296B8278DAE7A0090983F /* ImathExport.h */,
				042296AD278DAE7A0090983F /* ImathInt64.h */,
				042296B7278DAE7A0090983F /* ImathForward.h */,
				042296D0278DAE7B0090983F /* ImathMath.h */,
				042296C6278DAE7B0090983F /* half.h */,
				042296C5278DAE7B0090983F /* half.cpp */,
				042296CC278DAE7B0090983F /* halfLimits.h */,
				042296C1278DAE7B0090983F /* halfFunction.h */,
				042296C4278DAE7B0090983F /* ImathFun.h */,
				042296C3278DAE7B0090983F /* ImathFun.cpp */,
				042296B2278DAE7A0090983F /* ImathVec.h */,
				042296CE278DAE7B0090983F /* ImathVecAlgo.h */,
				042296D2278DAE7B0090983F /* ImathMatrix.h */,
				042296CB278DAE7B0090983F /* ImathMatrixAlgo.h */,
				042296AB278DAE790090983F /* ImathMatrixAlgo.cpp */,
				042296CA278DAE7B0090983F /* ImathColor.h */,
				042296C0278DAE7A0090983F /* ImathColorAlgo.cpp */,
				042296BB278DAE7A0090983F /* ImathColorAlgo.h */,
				042296D1278DAE7B0090983F /* ImathEuler.h */,
				042296C8278DAE7B0090983F /* ImathQuat.h */,
				042296AA278DAE790090983F /* ImathLine.h */,
				042296B5278DAE7A0090983F /* ImathLineAlgo.h */,
				042296B6278DAE7A0090983F /* ImathInterval.h */,
				042296B4278DAE7A0090983F /* ImathBox.h */,
				042296C2278DAE7B0090983F /* ImathBoxAlgo.h */,
				042296B0278DAE7A0090983F /* ImathSphere.h */,
				042296BA278DAE7A0090983F /* ImathFrustum.h */,
				042296B9278DAE7A0090983F /* ImathFrustumTest.h */,
				042296C9278DAE7B0090983F /* ImathFrame.h */,
				042296C7278DAE7B0090983F /* ImathPlane.h */,
				042296B3278DAE7A0090983F /* ImathRandom.h */,
				042296B1278DAE7A0090983F /* ImathRandom.cpp */,
				042296CD278DAE7B0090983F /* ImathRoots.h */,
				042296BC278DAE7A0090983F /* ImathShear.h */,
				042296BD278DAE7A0090983F /* ImathGL.h */,
				042296AE278DAE7A0090983F /* ImathGLU.h */,
				042295E4278D17790090983F /* constants.h */,
				04229602278D20680090983F /* math_utils.h */,
				04229601278D20680090983F /* math_utils-inl.h */,
				0422966D278D689C0090983F /* ray.h */,
				04229663278D689B0090983F /* ray2.h */,
				0422966A278D689B0090983F /* ray2-inl.h */,
				04229668278D689B0090983F /* ray3.h */,
				04229666278D689B0090983F /* ray3-inl.h */,
				0422966B278D689C0090983F /* bounding_box.h */,
				0422966C278D689C0090983F /* bounding_box2.h */,
				04229669278D689B0090983F /* bounding_box2-inl.h */,
				04229665278D689B0090983F /* bounding_box3.h */,
				04229664278D689B0090983F /* bounding_box3-inl.h */,
			);
			path = vox.math;
			sourceTree = "<group>";
		};
/* End PBXGroup section */

/* Begin PBXHeadersBuildPhase section */
		0422954B278C30840090983F /* Headers */ = {
			isa = PBXHeadersBuildPhase;
			buildActionMask = 2147483647;
			files = (
				04229599278C32FB0090983F /* CPPMetalCommandQueue.hpp in Headers */,
				0422959D278C32FB0090983F /* CPPMetalResourceEnum.hpp in Headers */,
				042295AB278C32FB0090983F /* CPPMetalResource.hpp in Headers */,
				0422959E278C32FB0090983F /* CPPMetalVertexDescriptor.hpp in Headers */,
				042295AF278C32FB0090983F /* CPPMetal.hpp in Headers */,
				0422959B278C32FB0090983F /* CPPMetalKitTextureLoader.hpp in Headers */,
				042295A0278C32FB0090983F /* CPPMetalRenderPipeline.hpp in Headers */,
				042295BA278C33090090983F /* CPPMetalInternalMacros.h in Headers */,
				04229597278C32FB0090983F /* CPPMetalTypes.hpp in Headers */,
				042295B2278C32FB0090983F /* CPPMetalLibrary.hpp in Headers */,
				042295B8278C33090090983F /* CPPMetalDeviceInternals.h in Headers */,
				042295A3278C32FB0090983F /* CPPMetalPixelFormat.hpp in Headers */,
				042295A2278C32FB0090983F /* CPPMetalDevice.hpp in Headers */,
				042295BF278C3B210090983F /* ray.h in Headers */,
				042295AC278C32FB0090983F /* CPPMetalRenderPass.hpp in Headers */,
				042295B4278C32FB0090983F /* CPPMetalImplementation.hpp in Headers */,
				04229596278C32FB0090983F /* CPPMetalRenderCommandEncoder_DispatchTable.hpp in Headers */,
				042295B1278C32FB0090983F /* CPPMetalCommandBuffer.hpp in Headers */,
				042295A8278C32FB0090983F /* CPPMetalBuffer.hpp in Headers */,
				04229593278C32FB0090983F /* CPPMetalDrawable.hpp in Headers */,
				042295A6278C32FB0090983F /* CPPMetalConstants.hpp in Headers */,
				042295A7278C32FB0090983F /* CPPMetalDepthStencil.hpp in Headers */,
				04229592278C32FB0090983F /* CPPMetalTexture.hpp in Headers */,
				04229591278C32FB0090983F /* CPPMetalKitView.hpp in Headers */,
				042295B3278C32FB0090983F /* CPPMetalRenderCommandEncoder.hpp in Headers */,
				0422958B278C32FB0090983F /* CPPMetalAllocator.hpp in Headers */,
				042295B9278C33090090983F /* CPPMetalDispatchTableCache.h in Headers */,
				0422958F278C32FB0090983F /* CPPMetalCommandEncoder.hpp in Headers */,
			);
			runOnlyForDeploymentPostprocessing = 0;
		};
		042295D5278D121C0090983F /* Headers */ = {
			isa = PBXHeadersBuildPhase;
			buildActionMask = 2147483647;
			files = (
				0422968B278D6F910090983F /* transform2.h in Headers */,
				0422962A278D3EF70090983F /* vector2-inl.h in Headers */,
				042295FC278D1FAA0090983F /* point3-inl.h in Headers */,
				0422965F278D5CC00090983F /* quaternion-inl.h in Headers */,
				042295F6278D1FAA0090983F /* point.h in Headers */,
				0422963A278D403C0090983F /* type_helpers.h in Headers */,
				04229621278D3EC70090983F /* vector_expression.h in Headers */,
				04229637278D3F7D0090983F /* functors-inl.h in Headers */,
				042295F8278D1FAA0090983F /* size3.h in Headers */,
				042295FD278D1FAA0090983F /* size3-inl.h in Headers */,
				042295F9278D1FAA0090983F /* size2.h in Headers */,
				042295F4278D1FAA0090983F /* size.h in Headers */,
				0422968A278D6F910090983F /* transform3-inl.h in Headers */,
				0422962B278D3EF70090983F /* vector-inl.h in Headers */,
				042295FF278D1FAA0090983F /* point-inl.h in Headers */,
				04229622278D3EC70090983F /* vector2.h in Headers */,
				0422968C278D6F910090983F /* transform2-inl.h in Headers */,
				0422962C278D3EF70090983F /* vector4-inl.h in Headers */,
				04229660278D5CC00090983F /* quaternion.h in Headers */,
				04229697278D71760090983F /* surface2.h in Headers */,
				0422968D278D6F910090983F /* transform3.h in Headers */,
				04229696278D71760090983F /* surface3.h in Headers */,
				042295FB278D1FAA0090983F /* point2.h in Headers */,
				042295FA278D1FAA0090983F /* size2-inl.h in Headers */,
				042295F5278D1FAA0090983F /* point3.h in Headers */,
				04229616278D2DA00090983F /* point2-inl.h in Headers */,
				04229628278D3EF70090983F /* vector_expression-inl.h in Headers */,
				0422961F278D3EC70090983F /* vector.h in Headers */,
				04229620278D3EC70090983F /* vector3.h in Headers */,
				04229638278D3F7D0090983F /* functors.h in Headers */,
				042295F7278D1FAA0090983F /* size-inl.h in Headers */,
				04229629278D3EF70090983F /* vector3-inl.h in Headers */,
				0422961E278D3EC70090983F /* vector4.h in Headers */,
			);
			runOnlyForDeploymentPostprocessing = 0;
		};
		0422969B278DAE4E0090983F /* Headers */ = {
			isa = PBXHeadersBuildPhase;
			buildActionMask = 2147483647;
			files = (
				044591B6278DB45D00F04CE0 /* ray2.h in Headers */,
				042296E0278DAE7C0090983F /* ImathForward.h in Headers */,
				044591B5278DB45D00F04CE0 /* ray.h in Headers */,
				042296DB278DAE7C0090983F /* ImathVec.h in Headers */,
				042296F6278DAE7C0090983F /* ImathRoots.h in Headers */,
				042296ED278DAE7C0090983F /* ImathFun.h in Headers */,
				042296D6278DAE7B0090983F /* ImathInt64.h in Headers */,
				042296D8278DAE7C0090983F /* ImathTypeTraits.h in Headers */,
				042296FA278DAE7C0090983F /* ImathEuler.h in Headers */,
				042296F1278DAE7C0090983F /* ImathQuat.h in Headers */,
				042296E1278DAE7C0090983F /* ImathExport.h in Headers */,
				042296EA278DAE7C0090983F /* halfFunction.h in Headers */,
				042296F2278DAE7C0090983F /* ImathFrame.h in Headers */,
				042296E2278DAE7C0090983F /* ImathFrustumTest.h in Headers */,
				042296F5278DAE7C0090983F /* halfLimits.h in Headers */,
				042296F4278DAE7C0090983F /* ImathMatrixAlgo.h in Headers */,
				042296E5278DAE7C0090983F /* ImathShear.h in Headers */,
				044591B3278DB45D00F04CE0 /* ray3-inl.h in Headers */,
				042296DD278DAE7C0090983F /* ImathBox.h in Headers */,
				042296FD278DAEB40090983F /* ImathConfig.h in Headers */,
				042296F9278DAE7C0090983F /* ImathMath.h in Headers */,
				042296EB278DAE7C0090983F /* ImathBoxAlgo.h in Headers */,
				042296F3278DAE7C0090983F /* ImathColor.h in Headers */,
				042296D5278DAE7B0090983F /* ImathNamespace.h in Headers */,
				042296D3278DAE7B0090983F /* ImathLine.h in Headers */,
				042296F7278DAE7C0090983F /* ImathVecAlgo.h in Headers */,
				042296FB278DAE7C0090983F /* ImathMatrix.h in Headers */,
				042296F0278DAE7C0090983F /* ImathPlane.h in Headers */,
				044591B4278DB45D00F04CE0 /* ray2-inl.h in Headers */,
				042296D7278DAE7B0090983F /* ImathGLU.h in Headers */,
				042296EF278DAE7C0090983F /* half.h in Headers */,
				042296E3278DAE7C0090983F /* ImathFrustum.h in Headers */,
				042296E4278DAE7C0090983F /* ImathColorAlgo.h in Headers */,
				042296E7278DAE7C0090983F /* ImathPlatform.h in Headers */,
				042296DF278DAE7C0090983F /* ImathInterval.h in Headers */,
				044591B7278DB45D00F04CE0 /* ray3.h in Headers */,
				042296DE278DAE7C0090983F /* ImathLineAlgo.h in Headers */,
				042296E6278DAE7C0090983F /* ImathGL.h in Headers */,
				042296D9278DAE7C0090983F /* ImathSphere.h in Headers */,
				042296DC278DAE7C0090983F /* ImathRandom.h in Headers */,
			);
			runOnlyForDeploymentPostprocessing = 0;
		};
/* End PBXHeadersBuildPhase section */

/* Begin PBXNativeTarget section */
		0422954E278C30840090983F /* vox.render */ = {
			isa = PBXNativeTarget;
			buildConfigurationList = 0422955A278C30840090983F /* Build configuration list for PBXNativeTarget "vox.render" */;
			buildPhases = (
				0422954B278C30840090983F /* Headers */,
				0422954C278C30840090983F /* Sources */,
				0422954D278C30840090983F /* Frameworks */,
			);
			buildRules = (
			);
			dependencies = (
			);
			name = vox.render;
			productName = DigitalVox4;
			productReference = 0422954F278C30840090983F /* libvox.render.a */;
			productType = "com.apple.product-type.library.static";
		};
		042295D8278D121C0090983F /* vox.geometry */ = {
			isa = PBXNativeTarget;
			buildConfigurationList = 042295E3278D121D0090983F /* Build configuration list for PBXNativeTarget "vox.geometry" */;
			buildPhases = (
				042295D5278D121C0090983F /* Headers */,
				042295D6278D121C0090983F /* Sources */,
				042295D7278D121C0090983F /* Frameworks */,
			);
			buildRules = (
			);
			dependencies = (
			);
			name = vox.geometry;
			productName = vox.geometry;
			productReference = 042295D9278D121C0090983F /* libvox.geometry.a */;
			productType = "com.apple.product-type.library.static";
		};
		04229608278D29760090983F /* unit_tests */ = {
			isa = PBXNativeTarget;
			buildConfigurationList = 0422960D278D29770090983F /* Build configuration list for PBXNativeTarget "unit_tests" */;
			buildPhases = (
				04229605278D29760090983F /* Sources */,
				04229606278D29760090983F /* Frameworks */,
				04229607278D29760090983F /* CopyFiles */,
			);
			buildRules = (
			);
			dependencies = (
				04229615278D2B300090983F /* PBXTargetDependency */,
			);
			name = unit_tests;
			productName = unit_tests;
			productReference = 04229609278D29760090983F /* unit_tests */;
			productType = "com.apple.product-type.tool";
		};
		0422969E278DAE4E0090983F /* vox.math */ = {
			isa = PBXNativeTarget;
			buildConfigurationList = 042296A7278DAE4E0090983F /* Build configuration list for PBXNativeTarget "vox.math" */;
			buildPhases = (
				0422969B278DAE4E0090983F /* Headers */,
				0422969C278DAE4E0090983F /* Sources */,
				0422969D278DAE4E0090983F /* Frameworks */,
			);
			buildRules = (
			);
			dependencies = (
			);
			name = vox.math;
			productName = vox.math;
			productReference = 0422969F278DAE4E0090983F /* libvox.math.a */;
			productType = "com.apple.product-type.library.static";
		};
/* End PBXNativeTarget section */

/* Begin PBXProject section */
		04229547278C30840090983F /* Project object */ = {
			isa = PBXProject;
			attributes = {
				BuildIndependentTargetsInParallel = 1;
				LastUpgradeCheck = 1320;
				TargetAttributes = {
					0422954E278C30840090983F = {
						CreatedOnToolsVersion = 13.2.1;
					};
					042295D8278D121C0090983F = {
						CreatedOnToolsVersion = 13.2.1;
					};
					04229608278D29760090983F = {
						CreatedOnToolsVersion = 13.2.1;
					};
					0422969E278DAE4E0090983F = {
						CreatedOnToolsVersion = 13.2.1;
					};
				};
			};
			buildConfigurationList = 0422954A278C30840090983F /* Build configuration list for PBXProject "DigitalVox4" */;
			compatibilityVersion = "Xcode 13.0";
			developmentRegion = en;
			hasScannedForEncodings = 0;
			knownRegions = (
				en,
				Base,
			);
			mainGroup = 04229546278C30840090983F;
			productRefGroup = 04229550278C30840090983F /* Products */;
			projectDirPath = "";
			projectRoot = "";
			targets = (
				0422969E278DAE4E0090983F /* vox.math */,
				042295D8278D121C0090983F /* vox.geometry */,
				0422954E278C30840090983F /* vox.render */,
				04229608278D29760090983F /* unit_tests */,
			);
		};
/* End PBXProject section */

/* Begin PBXSourcesBuildPhase section */
		0422954C278C30840090983F /* Sources */ = {
			isa = PBXSourcesBuildPhase;
			buildActionMask = 2147483647;
			files = (
				0422958D278C32FB0090983F /* CPPMetalRenderPipeline.mm in Sources */,
				042295AE278C32FB0090983F /* CPPMetalKitTextureLoader.mm in Sources */,
				042295A4278C32FB0090983F /* CPPMetalCommandQueue.mm in Sources */,
				0422958E278C32FB0090983F /* CPPMetalRenderCommandEncoder_DispatchTable.mm in Sources */,
				042295BE278C3B210090983F /* ray.cpp in Sources */,
				042295AA278C32FB0090983F /* CPPMetalDrawable.mm in Sources */,
				0422959A278C32FB0090983F /* CPPMetalResource.mm in Sources */,
				042295AD278C32FB0090983F /* CPPMetalLibrary.mm in Sources */,
				04229590278C32FB0090983F /* CPPMetalCommandEncoder.mm in Sources */,
				04229598278C32FB0090983F /* CPPMetalKitView.mm in Sources */,
				042295A5278C32FB0090983F /* CPPMetalVertexDescriptor.mm in Sources */,
				0422958C278C32FB0090983F /* CPPMetalRenderPass.mm in Sources */,
				042295B0278C32FB0090983F /* CPPMetalDevice.mm in Sources */,
				042295A9278C32FB0090983F /* CPPMetalRenderCommandEncoder.mm in Sources */,
				04229595278C32FB0090983F /* CPPMetalPixelFormat.mm in Sources */,
				04229594278C32FB0090983F /* CPPMetalDeviceInternals.mm in Sources */,
				0422958A278C32FB0090983F /* CPPMetalDepthStencil.mm in Sources */,
				0422959F278C32FB0090983F /* CPPMetalTexture.mm in Sources */,
				0422959C278C32FB0090983F /* CPPMetalBuffer.mm in Sources */,
				042295A1278C32FB0090983F /* CPPMetalCommandBuffer.mm in Sources */,
			);
			runOnlyForDeploymentPostprocessing = 0;
		};
		042295D6278D121C0090983F /* Sources */ = {
			isa = PBXSourcesBuildPhase;
			buildActionMask = 2147483647;
			files = (
			);
			runOnlyForDeploymentPostprocessing = 0;
		};
		04229605278D29760090983F /* Sources */ = {
			isa = PBXSourcesBuildPhase;
			buildActionMask = 2147483647;
			files = (
				044591BB278DB90500F04CE0 /* bounding_box_tests.cpp in Sources */,
				044591BC278DBA1B00F04CE0 /* bounding_box3_tests.cpp in Sources */,
				044591B2278DB43000F04CE0 /* ray3_tests.cpp in Sources */,
				044591B9278DB69500F04CE0 /* bounding_box2_tests.cpp in Sources */,
				044591B1278DB33600F04CE0 /* ray2_tests.cpp in Sources */,
				044591BA278DB7A500F04CE0 /* unit_tests_utils.cpp in Sources */,
			);
			runOnlyForDeploymentPostprocessing = 0;
		};
		0422969C278DAE4E0090983F /* Sources */ = {
			isa = PBXSourcesBuildPhase;
			buildActionMask = 2147483647;
			files = (
				042296E9278DAE7C0090983F /* ImathColorAlgo.cpp in Sources */,
				042296DA278DAE7C0090983F /* ImathRandom.cpp in Sources */,
				042296EE278DAE7C0090983F /* half.cpp in Sources */,
				042296D4278DAE7B0090983F /* ImathMatrixAlgo.cpp in Sources */,
				042296EC278DAE7C0090983F /* ImathFun.cpp in Sources */,
			);
			runOnlyForDeploymentPostprocessing = 0;
		};
/* End PBXSourcesBuildPhase section */

/* Begin PBXTargetDependency section */
		04229615278D2B300090983F /* PBXTargetDependency */ = {
			isa = PBXTargetDependency;
			target = 042295D8278D121C0090983F /* vox.geometry */;
			targetProxy = 04229614278D2B300090983F /* PBXContainerItemProxy */;
		};
/* End PBXTargetDependency section */

/* Begin XCBuildConfiguration section */
		04229558278C30840090983F /* Debug */ = {
			isa = XCBuildConfiguration;
			buildSettings = {
				ALWAYS_SEARCH_USER_PATHS = NO;
				CLANG_ANALYZER_NONNULL = YES;
				CLANG_ANALYZER_NUMBER_OBJECT_CONVERSION = YES_AGGRESSIVE;
				CLANG_CXX_LANGUAGE_STANDARD = "gnu++17";
				CLANG_CXX_LIBRARY = "libc++";
				CLANG_ENABLE_MODULES = YES;
				CLANG_ENABLE_OBJC_ARC = YES;
				CLANG_ENABLE_OBJC_WEAK = YES;
				CLANG_WARN_BLOCK_CAPTURE_AUTORELEASING = YES;
				CLANG_WARN_BOOL_CONVERSION = YES;
				CLANG_WARN_COMMA = YES;
				CLANG_WARN_CONSTANT_CONVERSION = YES;
				CLANG_WARN_DEPRECATED_OBJC_IMPLEMENTATIONS = YES;
				CLANG_WARN_DIRECT_OBJC_ISA_USAGE = YES_ERROR;
				CLANG_WARN_DOCUMENTATION_COMMENTS = YES;
				CLANG_WARN_EMPTY_BODY = YES;
				CLANG_WARN_ENUM_CONVERSION = YES;
				CLANG_WARN_INFINITE_RECURSION = YES;
				CLANG_WARN_INT_CONVERSION = YES;
				CLANG_WARN_NON_LITERAL_NULL_CONVERSION = YES;
				CLANG_WARN_OBJC_IMPLICIT_RETAIN_SELF = YES;
				CLANG_WARN_OBJC_LITERAL_CONVERSION = YES;
				CLANG_WARN_OBJC_ROOT_CLASS = YES_ERROR;
				CLANG_WARN_QUOTED_INCLUDE_IN_FRAMEWORK_HEADER = YES;
				CLANG_WARN_RANGE_LOOP_ANALYSIS = YES;
				CLANG_WARN_STRICT_PROTOTYPES = YES;
				CLANG_WARN_SUSPICIOUS_MOVE = YES;
				CLANG_WARN_UNGUARDED_AVAILABILITY = YES_AGGRESSIVE;
				CLANG_WARN_UNREACHABLE_CODE = YES;
				CLANG_WARN__DUPLICATE_METHOD_MATCH = YES;
				COPY_PHASE_STRIP = NO;
				DEBUG_INFORMATION_FORMAT = dwarf;
				ENABLE_STRICT_OBJC_MSGSEND = YES;
				ENABLE_TESTABILITY = YES;
				GCC_C_LANGUAGE_STANDARD = gnu11;
				GCC_DYNAMIC_NO_PIC = NO;
				GCC_NO_COMMON_BLOCKS = YES;
				GCC_OPTIMIZATION_LEVEL = 0;
				GCC_PREPROCESSOR_DEFINITIONS = (
					"DEBUG=1",
					"$(inherited)",
				);
				GCC_WARN_64_TO_32_BIT_CONVERSION = YES;
				GCC_WARN_ABOUT_RETURN_TYPE = YES_ERROR;
				GCC_WARN_UNDECLARED_SELECTOR = YES;
				GCC_WARN_UNINITIALIZED_AUTOS = YES_AGGRESSIVE;
				GCC_WARN_UNUSED_FUNCTION = YES;
				GCC_WARN_UNUSED_VARIABLE = YES;
				MACOSX_DEPLOYMENT_TARGET = 12.1;
				MTL_ENABLE_DEBUG_INFO = INCLUDE_SOURCE;
				MTL_FAST_MATH = YES;
				ONLY_ACTIVE_ARCH = YES;
				SDKROOT = macosx;
			};
			name = Debug;
		};
		04229559278C30840090983F /* Release */ = {
			isa = XCBuildConfiguration;
			buildSettings = {
				ALWAYS_SEARCH_USER_PATHS = NO;
				CLANG_ANALYZER_NONNULL = YES;
				CLANG_ANALYZER_NUMBER_OBJECT_CONVERSION = YES_AGGRESSIVE;
				CLANG_CXX_LANGUAGE_STANDARD = "gnu++17";
				CLANG_CXX_LIBRARY = "libc++";
				CLANG_ENABLE_MODULES = YES;
				CLANG_ENABLE_OBJC_ARC = YES;
				CLANG_ENABLE_OBJC_WEAK = YES;
				CLANG_WARN_BLOCK_CAPTURE_AUTORELEASING = YES;
				CLANG_WARN_BOOL_CONVERSION = YES;
				CLANG_WARN_COMMA = YES;
				CLANG_WARN_CONSTANT_CONVERSION = YES;
				CLANG_WARN_DEPRECATED_OBJC_IMPLEMENTATIONS = YES;
				CLANG_WARN_DIRECT_OBJC_ISA_USAGE = YES_ERROR;
				CLANG_WARN_DOCUMENTATION_COMMENTS = YES;
				CLANG_WARN_EMPTY_BODY = YES;
				CLANG_WARN_ENUM_CONVERSION = YES;
				CLANG_WARN_INFINITE_RECURSION = YES;
				CLANG_WARN_INT_CONVERSION = YES;
				CLANG_WARN_NON_LITERAL_NULL_CONVERSION = YES;
				CLANG_WARN_OBJC_IMPLICIT_RETAIN_SELF = YES;
				CLANG_WARN_OBJC_LITERAL_CONVERSION = YES;
				CLANG_WARN_OBJC_ROOT_CLASS = YES_ERROR;
				CLANG_WARN_QUOTED_INCLUDE_IN_FRAMEWORK_HEADER = YES;
				CLANG_WARN_RANGE_LOOP_ANALYSIS = YES;
				CLANG_WARN_STRICT_PROTOTYPES = YES;
				CLANG_WARN_SUSPICIOUS_MOVE = YES;
				CLANG_WARN_UNGUARDED_AVAILABILITY = YES_AGGRESSIVE;
				CLANG_WARN_UNREACHABLE_CODE = YES;
				CLANG_WARN__DUPLICATE_METHOD_MATCH = YES;
				COPY_PHASE_STRIP = NO;
				DEBUG_INFORMATION_FORMAT = "dwarf-with-dsym";
				ENABLE_NS_ASSERTIONS = NO;
				ENABLE_STRICT_OBJC_MSGSEND = YES;
				GCC_C_LANGUAGE_STANDARD = gnu11;
				GCC_NO_COMMON_BLOCKS = YES;
				GCC_WARN_64_TO_32_BIT_CONVERSION = YES;
				GCC_WARN_ABOUT_RETURN_TYPE = YES_ERROR;
				GCC_WARN_UNDECLARED_SELECTOR = YES;
				GCC_WARN_UNINITIALIZED_AUTOS = YES_AGGRESSIVE;
				GCC_WARN_UNUSED_FUNCTION = YES;
				GCC_WARN_UNUSED_VARIABLE = YES;
				MACOSX_DEPLOYMENT_TARGET = 12.1;
				MTL_ENABLE_DEBUG_INFO = NO;
				MTL_FAST_MATH = YES;
				SDKROOT = macosx;
			};
			name = Release;
		};
		0422955B278C30840090983F /* Debug */ = {
			isa = XCBuildConfiguration;
			buildSettings = {
				CODE_SIGN_STYLE = Automatic;
				DEVELOPMENT_TEAM = 4SL5L673UU;
				EXECUTABLE_PREFIX = lib;
				GCC_ENABLE_CPP_EXCEPTIONS = YES;
				GCC_ENABLE_CPP_RTTI = YES;
				HEADER_SEARCH_PATHS = ./vox.render;
				PRODUCT_NAME = "$(TARGET_NAME)";
				SKIP_INSTALL = YES;
				SYSTEM_HEADER_SEARCH_PATHS = ./third_party/glm;
			};
			name = Debug;
		};
		0422955C278C30840090983F /* Release */ = {
			isa = XCBuildConfiguration;
			buildSettings = {
				CODE_SIGN_STYLE = Automatic;
				DEVELOPMENT_TEAM = 4SL5L673UU;
				EXECUTABLE_PREFIX = lib;
				GCC_ENABLE_CPP_EXCEPTIONS = YES;
				GCC_ENABLE_CPP_RTTI = YES;
				HEADER_SEARCH_PATHS = ./vox.render;
				PRODUCT_NAME = "$(TARGET_NAME)";
				SKIP_INSTALL = YES;
				SYSTEM_HEADER_SEARCH_PATHS = ./third_party/glm;
			};
			name = Release;
		};
		042295E1278D121D0090983F /* Debug */ = {
			isa = XCBuildConfiguration;
			buildSettings = {
				CODE_SIGN_STYLE = Automatic;
				DEVELOPMENT_TEAM = 4SL5L673UU;
				EXECUTABLE_PREFIX = lib;
				GCC_ENABLE_CPP_EXCEPTIONS = YES;
				GCC_ENABLE_CPP_RTTI = YES;
				PRODUCT_NAME = "$(TARGET_NAME)";
				SKIP_INSTALL = YES;
				SYSTEM_HEADER_SEARCH_PATHS = ./third_party/eigen;
			};
			name = Debug;
		};
		042295E2278D121D0090983F /* Release */ = {
			isa = XCBuildConfiguration;
			buildSettings = {
				CODE_SIGN_STYLE = Automatic;
				DEVELOPMENT_TEAM = 4SL5L673UU;
				EXECUTABLE_PREFIX = lib;
				GCC_ENABLE_CPP_EXCEPTIONS = YES;
				GCC_ENABLE_CPP_RTTI = YES;
				PRODUCT_NAME = "$(TARGET_NAME)";
				SKIP_INSTALL = YES;
				SYSTEM_HEADER_SEARCH_PATHS = ./third_party/eigen;
			};
			name = Release;
		};
		0422960E278D29770090983F /* Debug */ = {
			isa = XCBuildConfiguration;
			buildSettings = {
				CODE_SIGN_STYLE = Automatic;
				DEVELOPMENT_TEAM = 4SL5L673UU;
				ENABLE_HARDENED_RUNTIME = YES;
				GCC_INLINES_ARE_PRIVATE_EXTERN = NO;
				GCC_SYMBOLS_PRIVATE_EXTERN = NO;
				HEADER_SEARCH_PATHS = (
					./vox.geometry,
					./vox.math,
				);
				LIBRARY_SEARCH_PATHS = ./third_party/build/lib;
				OTHER_LDFLAGS = (
					"-lgtest",
					"-lgtest_main",
				);
				PRODUCT_NAME = "$(TARGET_NAME)";
				SYSTEM_HEADER_SEARCH_PATHS = (
					./third_party/eigen,
					./third_party/googletest/googlemock/include,
					./third_party/googletest/googletest/include,
				);
			};
			name = Debug;
		};
		0422960F278D29770090983F /* Release */ = {
			isa = XCBuildConfiguration;
			buildSettings = {
				CODE_SIGN_STYLE = Automatic;
				DEVELOPMENT_TEAM = 4SL5L673UU;
				ENABLE_HARDENED_RUNTIME = YES;
				GCC_INLINES_ARE_PRIVATE_EXTERN = NO;
				GCC_SYMBOLS_PRIVATE_EXTERN = NO;
				HEADER_SEARCH_PATHS = (
					./vox.geometry,
					./vox.math,
				);
				LIBRARY_SEARCH_PATHS = ./third_party/build/lib;
				OTHER_LDFLAGS = (
					"-lgtest",
					"-lgtest_main",
				);
				PRODUCT_NAME = "$(TARGET_NAME)";
				SYSTEM_HEADER_SEARCH_PATHS = (
					./third_party/eigen,
					./third_party/googletest/googlemock/include,
					./third_party/googletest/googletest/include,
				);
			};
			name = Release;
		};
		042296A8278DAE4E0090983F /* Debug */ = {
			isa = XCBuildConfiguration;
			buildSettings = {
				CODE_SIGN_STYLE = Automatic;
				DEVELOPMENT_TEAM = 4SL5L673UU;
				EXECUTABLE_PREFIX = lib;
				GCC_ENABLE_CPP_EXCEPTIONS = YES;
				GCC_ENABLE_CPP_RTTI = YES;
				PRODUCT_NAME = "$(TARGET_NAME)";
				SKIP_INSTALL = YES;
			};
			name = Debug;
		};
		042296A9278DAE4E0090983F /* Release */ = {
			isa = XCBuildConfiguration;
			buildSettings = {
				CODE_SIGN_STYLE = Automatic;
				DEVELOPMENT_TEAM = 4SL5L673UU;
				EXECUTABLE_PREFIX = lib;
				GCC_ENABLE_CPP_EXCEPTIONS = YES;
				GCC_ENABLE_CPP_RTTI = YES;
				PRODUCT_NAME = "$(TARGET_NAME)";
				SKIP_INSTALL = YES;
			};
			name = Release;
		};
/* End XCBuildConfiguration section */

/* Begin XCConfigurationList section */
		0422954A278C30840090983F /* Build configuration list for PBXProject "DigitalVox4" */ = {
			isa = XCConfigurationList;
			buildConfigurations = (
				04229558278C30840090983F /* Debug */,
				04229559278C30840090983F /* Release */,
			);
			defaultConfigurationIsVisible = 0;
			defaultConfigurationName = Release;
		};
		0422955A278C30840090983F /* Build configuration list for PBXNativeTarget "vox.render" */ = {
			isa = XCConfigurationList;
			buildConfigurations = (
				0422955B278C30840090983F /* Debug */,
				0422955C278C30840090983F /* Release */,
			);
			defaultConfigurationIsVisible = 0;
			defaultConfigurationName = Release;
		};
		042295E3278D121D0090983F /* Build configuration list for PBXNativeTarget "vox.geometry" */ = {
			isa = XCConfigurationList;
			buildConfigurations = (
				042295E1278D121D0090983F /* Debug */,
				042295E2278D121D0090983F /* Release */,
			);
			defaultConfigurationIsVisible = 0;
			defaultConfigurationName = Release;
		};
		0422960D278D29770090983F /* Build configuration list for PBXNativeTarget "unit_tests" */ = {
			isa = XCConfigurationList;
			buildConfigurations = (
				0422960E278D29770090983F /* Debug */,
				0422960F278D29770090983F /* Release */,
			);
			defaultConfigurationIsVisible = 0;
			defaultConfigurationName = Release;
		};
		042296A7278DAE4E0090983F /* Build configuration list for PBXNativeTarget "vox.math" */ = {
			isa = XCConfigurationList;
			buildConfigurations = (
				042296A8278DAE4E0090983F /* Debug */,
				042296A9278DAE4E0090983F /* Release */,
			);
			defaultConfigurationIsVisible = 0;
			defaultConfigurationName = Release;
		};
/* End XCConfigurationList section */
	};
	rootObject = 04229547278C30840090983F /* Project object */;
}
