// !$*UTF8*$!
{
	archiveVersion = 1;
	classes = {
	};
	objectVersion = 55;
	objects = {

/* Begin PBXBuildFile section */
		0422958A278C32FB0090983F /* CPPMetalDepthStencil.mm in Sources */ = {isa = PBXBuildFile; fileRef = 0422955F278C32F90090983F /* CPPMetalDepthStencil.mm */; };
		0422958B278C32FB0090983F /* CPPMetalAllocator.hpp in Headers */ = {isa = PBXBuildFile; fileRef = 04229560278C32F90090983F /* CPPMetalAllocator.hpp */; };
		0422958C278C32FB0090983F /* CPPMetalRenderPass.mm in Sources */ = {isa = PBXBuildFile; fileRef = 04229561278C32F90090983F /* CPPMetalRenderPass.mm */; };
		0422958D278C32FB0090983F /* CPPMetalRenderPipeline.mm in Sources */ = {isa = PBXBuildFile; fileRef = 04229562278C32F90090983F /* CPPMetalRenderPipeline.mm */; };
		0422958E278C32FB0090983F /* CPPMetalRenderCommandEncoder_DispatchTable.mm in Sources */ = {isa = PBXBuildFile; fileRef = 04229563278C32F90090983F /* CPPMetalRenderCommandEncoder_DispatchTable.mm */; };
		0422958F278C32FB0090983F /* CPPMetalCommandEncoder.hpp in Headers */ = {isa = PBXBuildFile; fileRef = 04229564278C32F90090983F /* CPPMetalCommandEncoder.hpp */; };
		04229590278C32FB0090983F /* CPPMetalCommandEncoder.mm in Sources */ = {isa = PBXBuildFile; fileRef = 04229565278C32F90090983F /* CPPMetalCommandEncoder.mm */; };
		04229592278C32FB0090983F /* CPPMetalTexture.hpp in Headers */ = {isa = PBXBuildFile; fileRef = 04229567278C32F90090983F /* CPPMetalTexture.hpp */; };
		04229593278C32FB0090983F /* CPPMetalDrawable.hpp in Headers */ = {isa = PBXBuildFile; fileRef = 04229568278C32FA0090983F /* CPPMetalDrawable.hpp */; };
		04229594278C32FB0090983F /* CPPMetalDeviceInternals.mm in Sources */ = {isa = PBXBuildFile; fileRef = 04229569278C32FA0090983F /* CPPMetalDeviceInternals.mm */; };
		04229595278C32FB0090983F /* CPPMetalPixelFormat.mm in Sources */ = {isa = PBXBuildFile; fileRef = 0422956A278C32FA0090983F /* CPPMetalPixelFormat.mm */; };
		04229596278C32FB0090983F /* CPPMetalRenderCommandEncoder_DispatchTable.hpp in Headers */ = {isa = PBXBuildFile; fileRef = 0422956B278C32FA0090983F /* CPPMetalRenderCommandEncoder_DispatchTable.hpp */; };
		04229597278C32FB0090983F /* CPPMetalTypes.hpp in Headers */ = {isa = PBXBuildFile; fileRef = 0422956C278C32FA0090983F /* CPPMetalTypes.hpp */; };
		04229599278C32FB0090983F /* CPPMetalCommandQueue.hpp in Headers */ = {isa = PBXBuildFile; fileRef = 0422956E278C32FA0090983F /* CPPMetalCommandQueue.hpp */; };
		0422959A278C32FB0090983F /* CPPMetalResource.mm in Sources */ = {isa = PBXBuildFile; fileRef = 0422956F278C32FA0090983F /* CPPMetalResource.mm */; };
		0422959B278C32FB0090983F /* CPPMetalKitTextureLoader.hpp in Headers */ = {isa = PBXBuildFile; fileRef = 04229570278C32FA0090983F /* CPPMetalKitTextureLoader.hpp */; };
		0422959C278C32FB0090983F /* CPPMetalBuffer.mm in Sources */ = {isa = PBXBuildFile; fileRef = 04229571278C32FA0090983F /* CPPMetalBuffer.mm */; };
		0422959D278C32FB0090983F /* CPPMetalResourceEnum.hpp in Headers */ = {isa = PBXBuildFile; fileRef = 04229572278C32FA0090983F /* CPPMetalResourceEnum.hpp */; };
		0422959E278C32FB0090983F /* CPPMetalVertexDescriptor.hpp in Headers */ = {isa = PBXBuildFile; fileRef = 04229573278C32FA0090983F /* CPPMetalVertexDescriptor.hpp */; };
		0422959F278C32FB0090983F /* CPPMetalTexture.mm in Sources */ = {isa = PBXBuildFile; fileRef = 04229574278C32FA0090983F /* CPPMetalTexture.mm */; };
		042295A0278C32FB0090983F /* CPPMetalRenderPipeline.hpp in Headers */ = {isa = PBXBuildFile; fileRef = 04229575278C32FA0090983F /* CPPMetalRenderPipeline.hpp */; };
		042295A1278C32FB0090983F /* CPPMetalCommandBuffer.mm in Sources */ = {isa = PBXBuildFile; fileRef = 04229576278C32FA0090983F /* CPPMetalCommandBuffer.mm */; };
		042295A2278C32FB0090983F /* CPPMetalDevice.hpp in Headers */ = {isa = PBXBuildFile; fileRef = 04229577278C32FA0090983F /* CPPMetalDevice.hpp */; };
		042295A3278C32FB0090983F /* CPPMetalPixelFormat.hpp in Headers */ = {isa = PBXBuildFile; fileRef = 04229578278C32FA0090983F /* CPPMetalPixelFormat.hpp */; };
		042295A4278C32FB0090983F /* CPPMetalCommandQueue.mm in Sources */ = {isa = PBXBuildFile; fileRef = 04229579278C32FA0090983F /* CPPMetalCommandQueue.mm */; };
		042295A5278C32FB0090983F /* CPPMetalVertexDescriptor.mm in Sources */ = {isa = PBXBuildFile; fileRef = 0422957A278C32FA0090983F /* CPPMetalVertexDescriptor.mm */; };
		042295A6278C32FB0090983F /* CPPMetalConstants.hpp in Headers */ = {isa = PBXBuildFile; fileRef = 0422957B278C32FA0090983F /* CPPMetalConstants.hpp */; };
		042295A7278C32FB0090983F /* CPPMetalDepthStencil.hpp in Headers */ = {isa = PBXBuildFile; fileRef = 0422957C278C32FA0090983F /* CPPMetalDepthStencil.hpp */; };
		042295A8278C32FB0090983F /* CPPMetalBuffer.hpp in Headers */ = {isa = PBXBuildFile; fileRef = 0422957D278C32FA0090983F /* CPPMetalBuffer.hpp */; };
		042295A9278C32FB0090983F /* CPPMetalRenderCommandEncoder.mm in Sources */ = {isa = PBXBuildFile; fileRef = 0422957E278C32FA0090983F /* CPPMetalRenderCommandEncoder.mm */; };
		042295AA278C32FB0090983F /* CPPMetalDrawable.mm in Sources */ = {isa = PBXBuildFile; fileRef = 0422957F278C32FA0090983F /* CPPMetalDrawable.mm */; };
		042295AB278C32FB0090983F /* CPPMetalResource.hpp in Headers */ = {isa = PBXBuildFile; fileRef = 04229580278C32FA0090983F /* CPPMetalResource.hpp */; };
		042295AC278C32FB0090983F /* CPPMetalRenderPass.hpp in Headers */ = {isa = PBXBuildFile; fileRef = 04229581278C32FA0090983F /* CPPMetalRenderPass.hpp */; };
		042295AD278C32FB0090983F /* CPPMetalLibrary.mm in Sources */ = {isa = PBXBuildFile; fileRef = 04229582278C32FA0090983F /* CPPMetalLibrary.mm */; };
		042295AE278C32FB0090983F /* CPPMetalKitTextureLoader.mm in Sources */ = {isa = PBXBuildFile; fileRef = 04229583278C32FA0090983F /* CPPMetalKitTextureLoader.mm */; };
		042295AF278C32FB0090983F /* CPPMetal.hpp in Headers */ = {isa = PBXBuildFile; fileRef = 04229584278C32FA0090983F /* CPPMetal.hpp */; };
		042295B0278C32FB0090983F /* CPPMetalDevice.mm in Sources */ = {isa = PBXBuildFile; fileRef = 04229585278C32FA0090983F /* CPPMetalDevice.mm */; };
		042295B1278C32FB0090983F /* CPPMetalCommandBuffer.hpp in Headers */ = {isa = PBXBuildFile; fileRef = 04229586278C32FA0090983F /* CPPMetalCommandBuffer.hpp */; };
		042295B2278C32FB0090983F /* CPPMetalLibrary.hpp in Headers */ = {isa = PBXBuildFile; fileRef = 04229587278C32FA0090983F /* CPPMetalLibrary.hpp */; };
		042295B3278C32FB0090983F /* CPPMetalRenderCommandEncoder.hpp in Headers */ = {isa = PBXBuildFile; fileRef = 04229588278C32FA0090983F /* CPPMetalRenderCommandEncoder.hpp */; };
		042295B4278C32FB0090983F /* CPPMetalImplementation.hpp in Headers */ = {isa = PBXBuildFile; fileRef = 04229589278C32FB0090983F /* CPPMetalImplementation.hpp */; };
		042295B8278C33090090983F /* CPPMetalDeviceInternals.h in Headers */ = {isa = PBXBuildFile; fileRef = 042295B5278C33080090983F /* CPPMetalDeviceInternals.h */; };
		042295B9278C33090090983F /* CPPMetalDispatchTableCache.h in Headers */ = {isa = PBXBuildFile; fileRef = 042295B6278C33080090983F /* CPPMetalDispatchTableCache.h */; };
		042295BA278C33090090983F /* CPPMetalInternalMacros.h in Headers */ = {isa = PBXBuildFile; fileRef = 042295B7278C33080090983F /* CPPMetalInternalMacros.h */; };
		04229696278D71760090983F /* surface3.h in Headers */ = {isa = PBXBuildFile; fileRef = 04229692278D71760090983F /* surface3.h */; };
		04229697278D71760090983F /* surface2.h in Headers */ = {isa = PBXBuildFile; fileRef = 04229693278D71760090983F /* surface2.h */; };
		042296D3278DAE7B0090983F /* ImathLine.h in Headers */ = {isa = PBXBuildFile; fileRef = 042296AA278DAE790090983F /* ImathLine.h */; };
		042296D4278DAE7B0090983F /* ImathMatrixAlgo.cpp in Sources */ = {isa = PBXBuildFile; fileRef = 042296AB278DAE790090983F /* ImathMatrixAlgo.cpp */; };
		042296D5278DAE7B0090983F /* ImathNamespace.h in Headers */ = {isa = PBXBuildFile; fileRef = 042296AC278DAE790090983F /* ImathNamespace.h */; };
		042296D6278DAE7B0090983F /* ImathInt64.h in Headers */ = {isa = PBXBuildFile; fileRef = 042296AD278DAE7A0090983F /* ImathInt64.h */; };
		042296D7278DAE7B0090983F /* ImathGLU.h in Headers */ = {isa = PBXBuildFile; fileRef = 042296AE278DAE7A0090983F /* ImathGLU.h */; };
		042296D8278DAE7C0090983F /* ImathTypeTraits.h in Headers */ = {isa = PBXBuildFile; fileRef = 042296AF278DAE7A0090983F /* ImathTypeTraits.h */; };
		042296D9278DAE7C0090983F /* ImathSphere.h in Headers */ = {isa = PBXBuildFile; fileRef = 042296B0278DAE7A0090983F /* ImathSphere.h */; };
		042296DA278DAE7C0090983F /* ImathRandom.cpp in Sources */ = {isa = PBXBuildFile; fileRef = 042296B1278DAE7A0090983F /* ImathRandom.cpp */; };
		042296DB278DAE7C0090983F /* ImathVec.h in Headers */ = {isa = PBXBuildFile; fileRef = 042296B2278DAE7A0090983F /* ImathVec.h */; };
		042296DC278DAE7C0090983F /* ImathRandom.h in Headers */ = {isa = PBXBuildFile; fileRef = 042296B3278DAE7A0090983F /* ImathRandom.h */; };
		042296DD278DAE7C0090983F /* ImathBox.h in Headers */ = {isa = PBXBuildFile; fileRef = 042296B4278DAE7A0090983F /* ImathBox.h */; };
		042296DE278DAE7C0090983F /* ImathLineAlgo.h in Headers */ = {isa = PBXBuildFile; fileRef = 042296B5278DAE7A0090983F /* ImathLineAlgo.h */; };
		042296DF278DAE7C0090983F /* ImathInterval.h in Headers */ = {isa = PBXBuildFile; fileRef = 042296B6278DAE7A0090983F /* ImathInterval.h */; };
		042296E0278DAE7C0090983F /* ImathForward.h in Headers */ = {isa = PBXBuildFile; fileRef = 042296B7278DAE7A0090983F /* ImathForward.h */; };
		042296E1278DAE7C0090983F /* ImathExport.h in Headers */ = {isa = PBXBuildFile; fileRef = 042296B8278DAE7A0090983F /* ImathExport.h */; };
		042296E2278DAE7C0090983F /* ImathFrustumTest.h in Headers */ = {isa = PBXBuildFile; fileRef = 042296B9278DAE7A0090983F /* ImathFrustumTest.h */; };
		042296E3278DAE7C0090983F /* ImathFrustum.h in Headers */ = {isa = PBXBuildFile; fileRef = 042296BA278DAE7A0090983F /* ImathFrustum.h */; };
		042296E4278DAE7C0090983F /* ImathColorAlgo.h in Headers */ = {isa = PBXBuildFile; fileRef = 042296BB278DAE7A0090983F /* ImathColorAlgo.h */; };
		042296E5278DAE7C0090983F /* ImathShear.h in Headers */ = {isa = PBXBuildFile; fileRef = 042296BC278DAE7A0090983F /* ImathShear.h */; };
		042296E6278DAE7C0090983F /* ImathGL.h in Headers */ = {isa = PBXBuildFile; fileRef = 042296BD278DAE7A0090983F /* ImathGL.h */; };
		042296E7278DAE7C0090983F /* ImathPlatform.h in Headers */ = {isa = PBXBuildFile; fileRef = 042296BE278DAE7A0090983F /* ImathPlatform.h */; };
		042296E9278DAE7C0090983F /* ImathColorAlgo.cpp in Sources */ = {isa = PBXBuildFile; fileRef = 042296C0278DAE7A0090983F /* ImathColorAlgo.cpp */; };
		042296EA278DAE7C0090983F /* halfFunction.h in Headers */ = {isa = PBXBuildFile; fileRef = 042296C1278DAE7B0090983F /* halfFunction.h */; };
		042296EB278DAE7C0090983F /* ImathBoxAlgo.h in Headers */ = {isa = PBXBuildFile; fileRef = 042296C2278DAE7B0090983F /* ImathBoxAlgo.h */; };
		042296EC278DAE7C0090983F /* ImathFun.cpp in Sources */ = {isa = PBXBuildFile; fileRef = 042296C3278DAE7B0090983F /* ImathFun.cpp */; };
		042296ED278DAE7C0090983F /* ImathFun.h in Headers */ = {isa = PBXBuildFile; fileRef = 042296C4278DAE7B0090983F /* ImathFun.h */; };
		042296EE278DAE7C0090983F /* half.cpp in Sources */ = {isa = PBXBuildFile; fileRef = 042296C5278DAE7B0090983F /* half.cpp */; };
		042296EF278DAE7C0090983F /* half.h in Headers */ = {isa = PBXBuildFile; fileRef = 042296C6278DAE7B0090983F /* half.h */; };
		042296F0278DAE7C0090983F /* ImathPlane.h in Headers */ = {isa = PBXBuildFile; fileRef = 042296C7278DAE7B0090983F /* ImathPlane.h */; };
		042296F1278DAE7C0090983F /* ImathQuat.h in Headers */ = {isa = PBXBuildFile; fileRef = 042296C8278DAE7B0090983F /* ImathQuat.h */; };
		042296F2278DAE7C0090983F /* ImathFrame.h in Headers */ = {isa = PBXBuildFile; fileRef = 042296C9278DAE7B0090983F /* ImathFrame.h */; };
		042296F3278DAE7C0090983F /* ImathColor.h in Headers */ = {isa = PBXBuildFile; fileRef = 042296CA278DAE7B0090983F /* ImathColor.h */; };
		042296F4278DAE7C0090983F /* ImathMatrixAlgo.h in Headers */ = {isa = PBXBuildFile; fileRef = 042296CB278DAE7B0090983F /* ImathMatrixAlgo.h */; };
		042296F5278DAE7C0090983F /* halfLimits.h in Headers */ = {isa = PBXBuildFile; fileRef = 042296CC278DAE7B0090983F /* halfLimits.h */; };
		042296F6278DAE7C0090983F /* ImathRoots.h in Headers */ = {isa = PBXBuildFile; fileRef = 042296CD278DAE7B0090983F /* ImathRoots.h */; };
		042296F7278DAE7C0090983F /* ImathVecAlgo.h in Headers */ = {isa = PBXBuildFile; fileRef = 042296CE278DAE7B0090983F /* ImathVecAlgo.h */; };
		042296F9278DAE7C0090983F /* ImathMath.h in Headers */ = {isa = PBXBuildFile; fileRef = 042296D0278DAE7B0090983F /* ImathMath.h */; };
		042296FA278DAE7C0090983F /* ImathEuler.h in Headers */ = {isa = PBXBuildFile; fileRef = 042296D1278DAE7B0090983F /* ImathEuler.h */; };
		042296FB278DAE7C0090983F /* ImathMatrix.h in Headers */ = {isa = PBXBuildFile; fileRef = 042296D2278DAE7B0090983F /* ImathMatrix.h */; };
		042296FD278DAEB40090983F /* ImathConfig.h in Headers */ = {isa = PBXBuildFile; fileRef = 042296FC278DAEB40090983F /* ImathConfig.h */; };
		044591B1278DB33600F04CE0 /* ray2_tests.cpp in Sources */ = {isa = PBXBuildFile; fileRef = 04229679278D697B0090983F /* ray2_tests.cpp */; };
		044591B2278DB43000F04CE0 /* ray3_tests.cpp in Sources */ = {isa = PBXBuildFile; fileRef = 0422967B278D697B0090983F /* ray3_tests.cpp */; };
		044591B3278DB45D00F04CE0 /* ray3-inl.h in Headers */ = {isa = PBXBuildFile; fileRef = 04229666278D689B0090983F /* ray3-inl.h */; };
		044591B4278DB45D00F04CE0 /* ray2-inl.h in Headers */ = {isa = PBXBuildFile; fileRef = 0422966A278D689B0090983F /* ray2-inl.h */; };
		044591B5278DB45D00F04CE0 /* ray.h in Headers */ = {isa = PBXBuildFile; fileRef = 0422966D278D689C0090983F /* ray.h */; };
		044591B6278DB45D00F04CE0 /* ray2.h in Headers */ = {isa = PBXBuildFile; fileRef = 04229663278D689B0090983F /* ray2.h */; };
		044591B7278DB45D00F04CE0 /* ray3.h in Headers */ = {isa = PBXBuildFile; fileRef = 04229668278D689B0090983F /* ray3.h */; };
		044591B9278DB69500F04CE0 /* bounding_box2_tests.cpp in Sources */ = {isa = PBXBuildFile; fileRef = 0422967C278D697B0090983F /* bounding_box2_tests.cpp */; };
		044591BA278DB7A500F04CE0 /* unit_tests_utils.cpp in Sources */ = {isa = PBXBuildFile; fileRef = 04229684278D69AF0090983F /* unit_tests_utils.cpp */; };
		044591BB278DB90500F04CE0 /* bounding_box_tests.cpp in Sources */ = {isa = PBXBuildFile; fileRef = 0422967D278D697B0090983F /* bounding_box_tests.cpp */; };
		044591BC278DBA1B00F04CE0 /* bounding_box3_tests.cpp in Sources */ = {isa = PBXBuildFile; fileRef = 0422967A278D697B0090983F /* bounding_box3_tests.cpp */; };
		044591BD278DCBA500F04CE0 /* transform2_tests.cpp in Sources */ = {isa = PBXBuildFile; fileRef = 0422968E278D6FF30090983F /* transform2_tests.cpp */; };
		044591BE278DCDDF00F04CE0 /* transform3_tests.cpp in Sources */ = {isa = PBXBuildFile; fileRef = 0422968F278D6FF30090983F /* transform3_tests.cpp */; };
		044591C1278DD2D200F04CE0 /* libvox.math.a in Frameworks */ = {isa = PBXBuildFile; fileRef = 0422969F278DAE4E0090983F /* libvox.math.a */; };
		044591C2278DD2F000F04CE0 /* surface2.cpp in Sources */ = {isa = PBXBuildFile; fileRef = 04229694278D71760090983F /* surface2.cpp */; };
		044591C3278DD39B00F04CE0 /* surface3.cpp in Sources */ = {isa = PBXBuildFile; fileRef = 04229695278D71760090983F /* surface3.cpp */; };
		044591C9278E551100F04CE0 /* allocator.cc in Sources */ = {isa = PBXBuildFile; fileRef = 044591C6278E551100F04CE0 /* allocator.cc */; };
		044591CA278E551100F04CE0 /* allocator.h in Headers */ = {isa = PBXBuildFile; fileRef = 044591C7278E551100F04CE0 /* allocator.h */; };
		044591CB278E551100F04CE0 /* unique_ptr.h in Headers */ = {isa = PBXBuildFile; fileRef = 044591C8278E551100F04CE0 /* unique_ptr.h */; };
		044591EE278E557C00F04CE0 /* align.cc in Sources */ = {isa = PBXBuildFile; fileRef = 044591EA278E557C00F04CE0 /* align.cc */; };
		044591F1278E557C00F04CE0 /* align.h in Headers */ = {isa = PBXBuildFile; fileRef = 044591ED278E557C00F04CE0 /* align.h */; };
		044591FE278E591A00F04CE0 /* imgui_tables.cpp in Sources */ = {isa = PBXBuildFile; fileRef = 044591F3278E591900F04CE0 /* imgui_tables.cpp */; };
		044591FF278E591A00F04CE0 /* imconfig.h in Headers */ = {isa = PBXBuildFile; fileRef = 044591F4278E591900F04CE0 /* imconfig.h */; };
		04459200278E591A00F04CE0 /* imgui_widgets.cpp in Sources */ = {isa = PBXBuildFile; fileRef = 044591F5278E591900F04CE0 /* imgui_widgets.cpp */; };
		04459202278E591A00F04CE0 /* imstb_rectpack.h in Headers */ = {isa = PBXBuildFile; fileRef = 044591F7278E591900F04CE0 /* imstb_rectpack.h */; };
		04459203278E591A00F04CE0 /* imgui_draw.cpp in Sources */ = {isa = PBXBuildFile; fileRef = 044591F8278E591900F04CE0 /* imgui_draw.cpp */; };
		04459204278E591A00F04CE0 /* imgui.h in Headers */ = {isa = PBXBuildFile; fileRef = 044591F9278E591900F04CE0 /* imgui.h */; };
		04459205278E591A00F04CE0 /* imstb_truetype.h in Headers */ = {isa = PBXBuildFile; fileRef = 044591FA278E591A00F04CE0 /* imstb_truetype.h */; };
		04459206278E591A00F04CE0 /* imstb_textedit.h in Headers */ = {isa = PBXBuildFile; fileRef = 044591FB278E591A00F04CE0 /* imstb_textedit.h */; };
		04459207278E591A00F04CE0 /* imgui_internal.h in Headers */ = {isa = PBXBuildFile; fileRef = 044591FC278E591A00F04CE0 /* imgui_internal.h */; };
		04459208278E591A00F04CE0 /* imgui.cpp in Sources */ = {isa = PBXBuildFile; fileRef = 044591FD278E591A00F04CE0 /* imgui.cpp */; };
		04459222278E5F1100F04CE0 /* input_events.h in Headers */ = {isa = PBXBuildFile; fileRef = 0445920D278E5F1000F04CE0 /* input_events.h */; };
		04459225278E5F1100F04CE0 /* configuration.h in Headers */ = {isa = PBXBuildFile; fileRef = 04459210278E5F1000F04CE0 /* configuration.h */; };
		04459226278E5F1100F04CE0 /* window.h in Headers */ = {isa = PBXBuildFile; fileRef = 04459211278E5F1000F04CE0 /* window.h */; };
		0445922A278E5F1100F04CE0 /* engine.h in Headers */ = {isa = PBXBuildFile; fileRef = 04459215278E5F1000F04CE0 /* engine.h */; };
		0445922B278E5F1100F04CE0 /* timer.cpp in Sources */ = {isa = PBXBuildFile; fileRef = 04459216278E5F1100F04CE0 /* timer.cpp */; };
		0445922D278E5F1100F04CE0 /* application.h in Headers */ = {isa = PBXBuildFile; fileRef = 04459218278E5F1100F04CE0 /* application.h */; };
		04459231278E5F1100F04CE0 /* filesystem.h in Headers */ = {isa = PBXBuildFile; fileRef = 0445921C278E5F1100F04CE0 /* filesystem.h */; };
		04459233278E5F1100F04CE0 /* timer.h in Headers */ = {isa = PBXBuildFile; fileRef = 0445921E278E5F1100F04CE0 /* timer.h */; };
		04459237278E5FD700F04CE0 /* debug_info.h in Headers */ = {isa = PBXBuildFile; fileRef = 04459235278E5FD700F04CE0 /* debug_info.h */; };
		04459239278E617500F04CE0 /* window.cpp in Sources */ = {isa = PBXBuildFile; fileRef = 04459219278E5F1100F04CE0 /* window.cpp */; };
		0445923A278E61B000F04CE0 /* input_events.cpp in Sources */ = {isa = PBXBuildFile; fileRef = 0445921B278E5F1100F04CE0 /* input_events.cpp */; };
		0445923B278E61C500F04CE0 /* configuration.cpp in Sources */ = {isa = PBXBuildFile; fileRef = 0445921A278E5F1100F04CE0 /* configuration.cpp */; };
		0445923C278E61D200F04CE0 /* debug_info.cpp in Sources */ = {isa = PBXBuildFile; fileRef = 04459234278E5FD700F04CE0 /* debug_info.cpp */; };
		0445923F278E620900F04CE0 /* libvox.math.a in Frameworks */ = {isa = PBXBuildFile; fileRef = 0422969F278DAE4E0090983F /* libvox.math.a */; };
		0445924B278E63FA00F04CE0 /* application.cpp in Sources */ = {isa = PBXBuildFile; fileRef = 04459212278E5F1000F04CE0 /* application.cpp */; };
		0445924C278E63FF00F04CE0 /* filesystem.cpp in Sources */ = {isa = PBXBuildFile; fileRef = 0445920E278E5F1000F04CE0 /* filesystem.cpp */; };
		0445924D278E653300F04CE0 /* engine.cpp in Sources */ = {isa = PBXBuildFile; fileRef = 0445920C278E5F1000F04CE0 /* engine.cpp */; };
		04459250278E689D00F04CE0 /* CPPCAMetalLayer.mm in Sources */ = {isa = PBXBuildFile; fileRef = 0445924E278E689D00F04CE0 /* CPPCAMetalLayer.mm */; };
		04459251278E689D00F04CE0 /* CPPCAMetalLayer.hpp in Headers */ = {isa = PBXBuildFile; fileRef = 0445924F278E689D00F04CE0 /* CPPCAMetalLayer.hpp */; };
		04459254278E6D4700F04CE0 /* glfw_window.mm in Sources */ = {isa = PBXBuildFile; fileRef = 04459252278E6D4700F04CE0 /* glfw_window.mm */; };
		04459255278E6D4700F04CE0 /* glfw_window.h in Headers */ = {isa = PBXBuildFile; fileRef = 04459253278E6D4700F04CE0 /* glfw_window.h */; };
		04459258278E708A00F04CE0 /* unix_engine.cpp in Sources */ = {isa = PBXBuildFile; fileRef = 04459256278E708A00F04CE0 /* unix_engine.cpp */; };
		04459259278E708A00F04CE0 /* unix_engine.h in Headers */ = {isa = PBXBuildFile; fileRef = 04459257278E708A00F04CE0 /* unix_engine.h */; };
		0445925C278E7C8600F04CE0 /* metal_application.cpp in Sources */ = {isa = PBXBuildFile; fileRef = 0445925A278E7C8600F04CE0 /* metal_application.cpp */; };
		0445925D278E7C8600F04CE0 /* metal_application.h in Headers */ = {isa = PBXBuildFile; fileRef = 0445925B278E7C8600F04CE0 /* metal_application.h */; };
/* End PBXBuildFile section */

/* Begin PBXContainerItemProxy section */
		04229614278D2B300090983F /* PBXContainerItemProxy */ = {
			isa = PBXContainerItemProxy;
			containerPortal = 04229547278C30840090983F /* Project object */;
			proxyType = 1;
			remoteGlobalIDString = 042295D8278D121C0090983F;
			remoteInfo = vox.geometry;
		};
		044591BF278DD2CD00F04CE0 /* PBXContainerItemProxy */ = {
			isa = PBXContainerItemProxy;
			containerPortal = 04229547278C30840090983F /* Project object */;
			proxyType = 1;
			remoteGlobalIDString = 0422969E278DAE4E0090983F;
			remoteInfo = vox.math;
		};
		0445923D278E620600F04CE0 /* PBXContainerItemProxy */ = {
			isa = PBXContainerItemProxy;
			containerPortal = 04229547278C30840090983F /* Project object */;
			proxyType = 1;
			remoteGlobalIDString = 0422969E278DAE4E0090983F;
			remoteInfo = vox.math;
		};
/* End PBXContainerItemProxy section */

/* Begin PBXCopyFilesBuildPhase section */
		04229607278D29760090983F /* CopyFiles */ = {
			isa = PBXCopyFilesBuildPhase;
			buildActionMask = 2147483647;
			dstPath = /usr/share/man/man1/;
			dstSubfolderSpec = 0;
			files = (
			);
			runOnlyForDeploymentPostprocessing = 1;
		};
/* End PBXCopyFilesBuildPhase section */

/* Begin PBXFileReference section */
		0422954F278C30840090983F /* libvox.render.a */ = {isa = PBXFileReference; explicitFileType = archive.ar; includeInIndex = 0; path = libvox.render.a; sourceTree = BUILT_PRODUCTS_DIR; };
		0422955F278C32F90090983F /* CPPMetalDepthStencil.mm */ = {isa = PBXFileReference; fileEncoding = 4; lastKnownFileType = sourcecode.cpp.objcpp; path = CPPMetalDepthStencil.mm; sourceTree = "<group>"; };
		04229560278C32F90090983F /* CPPMetalAllocator.hpp */ = {isa = PBXFileReference; fileEncoding = 4; lastKnownFileType = sourcecode.cpp.h; path = CPPMetalAllocator.hpp; sourceTree = "<group>"; };
		04229561278C32F90090983F /* CPPMetalRenderPass.mm */ = {isa = PBXFileReference; fileEncoding = 4; lastKnownFileType = sourcecode.cpp.objcpp; path = CPPMetalRenderPass.mm; sourceTree = "<group>"; };
		04229562278C32F90090983F /* CPPMetalRenderPipeline.mm */ = {isa = PBXFileReference; fileEncoding = 4; lastKnownFileType = sourcecode.cpp.objcpp; path = CPPMetalRenderPipeline.mm; sourceTree = "<group>"; };
		04229563278C32F90090983F /* CPPMetalRenderCommandEncoder_DispatchTable.mm */ = {isa = PBXFileReference; fileEncoding = 4; lastKnownFileType = sourcecode.cpp.objcpp; path = CPPMetalRenderCommandEncoder_DispatchTable.mm; sourceTree = "<group>"; };
		04229564278C32F90090983F /* CPPMetalCommandEncoder.hpp */ = {isa = PBXFileReference; fileEncoding = 4; lastKnownFileType = sourcecode.cpp.h; path = CPPMetalCommandEncoder.hpp; sourceTree = "<group>"; };
		04229565278C32F90090983F /* CPPMetalCommandEncoder.mm */ = {isa = PBXFileReference; fileEncoding = 4; lastKnownFileType = sourcecode.cpp.objcpp; path = CPPMetalCommandEncoder.mm; sourceTree = "<group>"; };
		04229567278C32F90090983F /* CPPMetalTexture.hpp */ = {isa = PBXFileReference; fileEncoding = 4; lastKnownFileType = sourcecode.cpp.h; path = CPPMetalTexture.hpp; sourceTree = "<group>"; };
		04229568278C32FA0090983F /* CPPMetalDrawable.hpp */ = {isa = PBXFileReference; fileEncoding = 4; lastKnownFileType = sourcecode.cpp.h; path = CPPMetalDrawable.hpp; sourceTree = "<group>"; };
		04229569278C32FA0090983F /* CPPMetalDeviceInternals.mm */ = {isa = PBXFileReference; fileEncoding = 4; lastKnownFileType = sourcecode.cpp.objcpp; path = CPPMetalDeviceInternals.mm; sourceTree = "<group>"; };
		0422956A278C32FA0090983F /* CPPMetalPixelFormat.mm */ = {isa = PBXFileReference; fileEncoding = 4; lastKnownFileType = sourcecode.cpp.objcpp; path = CPPMetalPixelFormat.mm; sourceTree = "<group>"; };
		0422956B278C32FA0090983F /* CPPMetalRenderCommandEncoder_DispatchTable.hpp */ = {isa = PBXFileReference; fileEncoding = 4; lastKnownFileType = sourcecode.cpp.h; path = CPPMetalRenderCommandEncoder_DispatchTable.hpp; sourceTree = "<group>"; };
		0422956C278C32FA0090983F /* CPPMetalTypes.hpp */ = {isa = PBXFileReference; fileEncoding = 4; lastKnownFileType = sourcecode.cpp.h; path = CPPMetalTypes.hpp; sourceTree = "<group>"; };
		0422956E278C32FA0090983F /* CPPMetalCommandQueue.hpp */ = {isa = PBXFileReference; fileEncoding = 4; lastKnownFileType = sourcecode.cpp.h; path = CPPMetalCommandQueue.hpp; sourceTree = "<group>"; };
		0422956F278C32FA0090983F /* CPPMetalResource.mm */ = {isa = PBXFileReference; fileEncoding = 4; lastKnownFileType = sourcecode.cpp.objcpp; path = CPPMetalResource.mm; sourceTree = "<group>"; };
		04229570278C32FA0090983F /* CPPMetalKitTextureLoader.hpp */ = {isa = PBXFileReference; fileEncoding = 4; lastKnownFileType = sourcecode.cpp.h; path = CPPMetalKitTextureLoader.hpp; sourceTree = "<group>"; };
		04229571278C32FA0090983F /* CPPMetalBuffer.mm */ = {isa = PBXFileReference; fileEncoding = 4; lastKnownFileType = sourcecode.cpp.objcpp; path = CPPMetalBuffer.mm; sourceTree = "<group>"; };
		04229572278C32FA0090983F /* CPPMetalResourceEnum.hpp */ = {isa = PBXFileReference; fileEncoding = 4; lastKnownFileType = sourcecode.cpp.h; path = CPPMetalResourceEnum.hpp; sourceTree = "<group>"; };
		04229573278C32FA0090983F /* CPPMetalVertexDescriptor.hpp */ = {isa = PBXFileReference; fileEncoding = 4; lastKnownFileType = sourcecode.cpp.h; path = CPPMetalVertexDescriptor.hpp; sourceTree = "<group>"; };
		04229574278C32FA0090983F /* CPPMetalTexture.mm */ = {isa = PBXFileReference; fileEncoding = 4; lastKnownFileType = sourcecode.cpp.objcpp; path = CPPMetalTexture.mm; sourceTree = "<group>"; };
		04229575278C32FA0090983F /* CPPMetalRenderPipeline.hpp */ = {isa = PBXFileReference; fileEncoding = 4; lastKnownFileType = sourcecode.cpp.h; path = CPPMetalRenderPipeline.hpp; sourceTree = "<group>"; };
		04229576278C32FA0090983F /* CPPMetalCommandBuffer.mm */ = {isa = PBXFileReference; fileEncoding = 4; lastKnownFileType = sourcecode.cpp.objcpp; path = CPPMetalCommandBuffer.mm; sourceTree = "<group>"; };
		04229577278C32FA0090983F /* CPPMetalDevice.hpp */ = {isa = PBXFileReference; fileEncoding = 4; lastKnownFileType = sourcecode.cpp.h; path = CPPMetalDevice.hpp; sourceTree = "<group>"; };
		04229578278C32FA0090983F /* CPPMetalPixelFormat.hpp */ = {isa = PBXFileReference; fileEncoding = 4; lastKnownFileType = sourcecode.cpp.h; path = CPPMetalPixelFormat.hpp; sourceTree = "<group>"; };
		04229579278C32FA0090983F /* CPPMetalCommandQueue.mm */ = {isa = PBXFileReference; fileEncoding = 4; lastKnownFileType = sourcecode.cpp.objcpp; path = CPPMetalCommandQueue.mm; sourceTree = "<group>"; };
		0422957A278C32FA0090983F /* CPPMetalVertexDescriptor.mm */ = {isa = PBXFileReference; fileEncoding = 4; lastKnownFileType = sourcecode.cpp.objcpp; path = CPPMetalVertexDescriptor.mm; sourceTree = "<group>"; };
		0422957B278C32FA0090983F /* CPPMetalConstants.hpp */ = {isa = PBXFileReference; fileEncoding = 4; lastKnownFileType = sourcecode.cpp.h; path = CPPMetalConstants.hpp; sourceTree = "<group>"; };
		0422957C278C32FA0090983F /* CPPMetalDepthStencil.hpp */ = {isa = PBXFileReference; fileEncoding = 4; lastKnownFileType = sourcecode.cpp.h; path = CPPMetalDepthStencil.hpp; sourceTree = "<group>"; };
		0422957D278C32FA0090983F /* CPPMetalBuffer.hpp */ = {isa = PBXFileReference; fileEncoding = 4; lastKnownFileType = sourcecode.cpp.h; path = CPPMetalBuffer.hpp; sourceTree = "<group>"; };
		0422957E278C32FA0090983F /* CPPMetalRenderCommandEncoder.mm */ = {isa = PBXFileReference; fileEncoding = 4; lastKnownFileType = sourcecode.cpp.objcpp; path = CPPMetalRenderCommandEncoder.mm; sourceTree = "<group>"; };
		0422957F278C32FA0090983F /* CPPMetalDrawable.mm */ = {isa = PBXFileReference; fileEncoding = 4; lastKnownFileType = sourcecode.cpp.objcpp; path = CPPMetalDrawable.mm; sourceTree = "<group>"; };
		04229580278C32FA0090983F /* CPPMetalResource.hpp */ = {isa = PBXFileReference; fileEncoding = 4; lastKnownFileType = sourcecode.cpp.h; path = CPPMetalResource.hpp; sourceTree = "<group>"; };
		04229581278C32FA0090983F /* CPPMetalRenderPass.hpp */ = {isa = PBXFileReference; fileEncoding = 4; lastKnownFileType = sourcecode.cpp.h; path = CPPMetalRenderPass.hpp; sourceTree = "<group>"; };
		04229582278C32FA0090983F /* CPPMetalLibrary.mm */ = {isa = PBXFileReference; fileEncoding = 4; lastKnownFileType = sourcecode.cpp.objcpp; path = CPPMetalLibrary.mm; sourceTree = "<group>"; };
		04229583278C32FA0090983F /* CPPMetalKitTextureLoader.mm */ = {isa = PBXFileReference; fileEncoding = 4; lastKnownFileType = sourcecode.cpp.objcpp; path = CPPMetalKitTextureLoader.mm; sourceTree = "<group>"; };
		04229584278C32FA0090983F /* CPPMetal.hpp */ = {isa = PBXFileReference; fileEncoding = 4; lastKnownFileType = sourcecode.cpp.h; path = CPPMetal.hpp; sourceTree = "<group>"; };
		04229585278C32FA0090983F /* CPPMetalDevice.mm */ = {isa = PBXFileReference; fileEncoding = 4; lastKnownFileType = sourcecode.cpp.objcpp; path = CPPMetalDevice.mm; sourceTree = "<group>"; };
		04229586278C32FA0090983F /* CPPMetalCommandBuffer.hpp */ = {isa = PBXFileReference; fileEncoding = 4; lastKnownFileType = sourcecode.cpp.h; path = CPPMetalCommandBuffer.hpp; sourceTree = "<group>"; };
		04229587278C32FA0090983F /* CPPMetalLibrary.hpp */ = {isa = PBXFileReference; fileEncoding = 4; lastKnownFileType = sourcecode.cpp.h; path = CPPMetalLibrary.hpp; sourceTree = "<group>"; };
		04229588278C32FA0090983F /* CPPMetalRenderCommandEncoder.hpp */ = {isa = PBXFileReference; fileEncoding = 4; lastKnownFileType = sourcecode.cpp.h; path = CPPMetalRenderCommandEncoder.hpp; sourceTree = "<group>"; };
		04229589278C32FB0090983F /* CPPMetalImplementation.hpp */ = {isa = PBXFileReference; fileEncoding = 4; lastKnownFileType = sourcecode.cpp.h; path = CPPMetalImplementation.hpp; sourceTree = "<group>"; };
		042295B5278C33080090983F /* CPPMetalDeviceInternals.h */ = {isa = PBXFileReference; fileEncoding = 4; lastKnownFileType = sourcecode.c.h; path = CPPMetalDeviceInternals.h; sourceTree = "<group>"; };
		042295B6278C33080090983F /* CPPMetalDispatchTableCache.h */ = {isa = PBXFileReference; fileEncoding = 4; lastKnownFileType = sourcecode.c.h; path = CPPMetalDispatchTableCache.h; sourceTree = "<group>"; };
		042295B7278C33080090983F /* CPPMetalInternalMacros.h */ = {isa = PBXFileReference; fileEncoding = 4; lastKnownFileType = sourcecode.c.h; path = CPPMetalInternalMacros.h; sourceTree = "<group>"; };
		042295D9278D121C0090983F /* libvox.geometry.a */ = {isa = PBXFileReference; explicitFileType = archive.ar; includeInIndex = 0; path = libvox.geometry.a; sourceTree = BUILT_PRODUCTS_DIR; };
		042295E4278D17790090983F /* constants.h */ = {isa = PBXFileReference; fileEncoding = 4; lastKnownFileType = sourcecode.c.h; path = constants.h; sourceTree = "<group>"; };
		042295E5278D17790090983F /* macros.h */ = {isa = PBXFileReference; fileEncoding = 4; lastKnownFileType = sourcecode.c.h; path = macros.h; sourceTree = "<group>"; };
		04229601278D20680090983F /* math_utils-inl.h */ = {isa = PBXFileReference; fileEncoding = 4; lastKnownFileType = sourcecode.c.h; path = "math_utils-inl.h"; sourceTree = "<group>"; };
		04229602278D20680090983F /* math_utils.h */ = {isa = PBXFileReference; fileEncoding = 4; lastKnownFileType = sourcecode.c.h; path = math_utils.h; sourceTree = "<group>"; };
		04229609278D29760090983F /* unit_tests */ = {isa = PBXFileReference; explicitFileType = "compiled.mach-o.executable"; includeInIndex = 0; path = unit_tests; sourceTree = BUILT_PRODUCTS_DIR; };
		04229663278D689B0090983F /* ray2.h */ = {isa = PBXFileReference; fileEncoding = 4; lastKnownFileType = sourcecode.c.h; path = ray2.h; sourceTree = "<group>"; };
		04229664278D689B0090983F /* bounding_box3-inl.h */ = {isa = PBXFileReference; fileEncoding = 4; lastKnownFileType = sourcecode.c.h; path = "bounding_box3-inl.h"; sourceTree = "<group>"; };
		04229665278D689B0090983F /* bounding_box3.h */ = {isa = PBXFileReference; fileEncoding = 4; lastKnownFileType = sourcecode.c.h; path = bounding_box3.h; sourceTree = "<group>"; };
		04229666278D689B0090983F /* ray3-inl.h */ = {isa = PBXFileReference; fileEncoding = 4; lastKnownFileType = sourcecode.c.h; path = "ray3-inl.h"; sourceTree = "<group>"; };
		04229668278D689B0090983F /* ray3.h */ = {isa = PBXFileReference; fileEncoding = 4; lastKnownFileType = sourcecode.c.h; path = ray3.h; sourceTree = "<group>"; };
		04229669278D689B0090983F /* bounding_box2-inl.h */ = {isa = PBXFileReference; fileEncoding = 4; lastKnownFileType = sourcecode.c.h; path = "bounding_box2-inl.h"; sourceTree = "<group>"; };
		0422966A278D689B0090983F /* ray2-inl.h */ = {isa = PBXFileReference; fileEncoding = 4; lastKnownFileType = sourcecode.c.h; path = "ray2-inl.h"; sourceTree = "<group>"; };
		0422966B278D689C0090983F /* bounding_box.h */ = {isa = PBXFileReference; fileEncoding = 4; lastKnownFileType = sourcecode.c.h; path = bounding_box.h; sourceTree = "<group>"; };
		0422966C278D689C0090983F /* bounding_box2.h */ = {isa = PBXFileReference; fileEncoding = 4; lastKnownFileType = sourcecode.c.h; path = bounding_box2.h; sourceTree = "<group>"; };
		0422966D278D689C0090983F /* ray.h */ = {isa = PBXFileReference; fileEncoding = 4; lastKnownFileType = sourcecode.c.h; path = ray.h; sourceTree = "<group>"; };
		04229679278D697B0090983F /* ray2_tests.cpp */ = {isa = PBXFileReference; fileEncoding = 4; lastKnownFileType = sourcecode.cpp.cpp; path = ray2_tests.cpp; sourceTree = "<group>"; };
		0422967A278D697B0090983F /* bounding_box3_tests.cpp */ = {isa = PBXFileReference; fileEncoding = 4; lastKnownFileType = sourcecode.cpp.cpp; path = bounding_box3_tests.cpp; sourceTree = "<group>"; };
		0422967B278D697B0090983F /* ray3_tests.cpp */ = {isa = PBXFileReference; fileEncoding = 4; lastKnownFileType = sourcecode.cpp.cpp; path = ray3_tests.cpp; sourceTree = "<group>"; };
		0422967C278D697B0090983F /* bounding_box2_tests.cpp */ = {isa = PBXFileReference; fileEncoding = 4; lastKnownFileType = sourcecode.cpp.cpp; path = bounding_box2_tests.cpp; sourceTree = "<group>"; };
		0422967D278D697B0090983F /* bounding_box_tests.cpp */ = {isa = PBXFileReference; fileEncoding = 4; lastKnownFileType = sourcecode.cpp.cpp; path = bounding_box_tests.cpp; sourceTree = "<group>"; };
		04229683278D69AF0090983F /* unit_tests_utils.h */ = {isa = PBXFileReference; fileEncoding = 4; lastKnownFileType = sourcecode.c.h; path = unit_tests_utils.h; sourceTree = "<group>"; };
		04229684278D69AF0090983F /* unit_tests_utils.cpp */ = {isa = PBXFileReference; fileEncoding = 4; lastKnownFileType = sourcecode.cpp.cpp; path = unit_tests_utils.cpp; sourceTree = "<group>"; };
		04229686278D6F910090983F /* transform3-inl.h */ = {isa = PBXFileReference; fileEncoding = 4; lastKnownFileType = sourcecode.c.h; path = "transform3-inl.h"; sourceTree = "<group>"; };
		04229687278D6F910090983F /* transform2.h */ = {isa = PBXFileReference; fileEncoding = 4; lastKnownFileType = sourcecode.c.h; path = transform2.h; sourceTree = "<group>"; };
		04229688278D6F910090983F /* transform2-inl.h */ = {isa = PBXFileReference; fileEncoding = 4; lastKnownFileType = sourcecode.c.h; path = "transform2-inl.h"; sourceTree = "<group>"; };
		04229689278D6F910090983F /* transform3.h */ = {isa = PBXFileReference; fileEncoding = 4; lastKnownFileType = sourcecode.c.h; path = transform3.h; sourceTree = "<group>"; };
		0422968E278D6FF30090983F /* transform2_tests.cpp */ = {isa = PBXFileReference; fileEncoding = 4; lastKnownFileType = sourcecode.cpp.cpp; path = transform2_tests.cpp; sourceTree = "<group>"; };
		0422968F278D6FF30090983F /* transform3_tests.cpp */ = {isa = PBXFileReference; fileEncoding = 4; lastKnownFileType = sourcecode.cpp.cpp; path = transform3_tests.cpp; sourceTree = "<group>"; };
		04229692278D71760090983F /* surface3.h */ = {isa = PBXFileReference; fileEncoding = 4; lastKnownFileType = sourcecode.c.h; path = surface3.h; sourceTree = "<group>"; };
		04229693278D71760090983F /* surface2.h */ = {isa = PBXFileReference; fileEncoding = 4; lastKnownFileType = sourcecode.c.h; path = surface2.h; sourceTree = "<group>"; };
		04229694278D71760090983F /* surface2.cpp */ = {isa = PBXFileReference; fileEncoding = 4; lastKnownFileType = sourcecode.cpp.cpp; path = surface2.cpp; sourceTree = "<group>"; };
		04229695278D71760090983F /* surface3.cpp */ = {isa = PBXFileReference; fileEncoding = 4; lastKnownFileType = sourcecode.cpp.cpp; path = surface3.cpp; sourceTree = "<group>"; };
		0422969F278DAE4E0090983F /* libvox.math.a */ = {isa = PBXFileReference; explicitFileType = archive.ar; includeInIndex = 0; path = libvox.math.a; sourceTree = BUILT_PRODUCTS_DIR; };
		042296AA278DAE790090983F /* ImathLine.h */ = {isa = PBXFileReference; fileEncoding = 4; lastKnownFileType = sourcecode.c.h; path = ImathLine.h; sourceTree = "<group>"; };
		042296AB278DAE790090983F /* ImathMatrixAlgo.cpp */ = {isa = PBXFileReference; fileEncoding = 4; lastKnownFileType = sourcecode.cpp.cpp; path = ImathMatrixAlgo.cpp; sourceTree = "<group>"; };
		042296AC278DAE790090983F /* ImathNamespace.h */ = {isa = PBXFileReference; fileEncoding = 4; lastKnownFileType = sourcecode.c.h; path = ImathNamespace.h; sourceTree = "<group>"; };
		042296AD278DAE7A0090983F /* ImathInt64.h */ = {isa = PBXFileReference; fileEncoding = 4; lastKnownFileType = sourcecode.c.h; path = ImathInt64.h; sourceTree = "<group>"; };
		042296AE278DAE7A0090983F /* ImathGLU.h */ = {isa = PBXFileReference; fileEncoding = 4; lastKnownFileType = sourcecode.c.h; path = ImathGLU.h; sourceTree = "<group>"; };
		042296AF278DAE7A0090983F /* ImathTypeTraits.h */ = {isa = PBXFileReference; fileEncoding = 4; lastKnownFileType = sourcecode.c.h; path = ImathTypeTraits.h; sourceTree = "<group>"; };
		042296B0278DAE7A0090983F /* ImathSphere.h */ = {isa = PBXFileReference; fileEncoding = 4; lastKnownFileType = sourcecode.c.h; path = ImathSphere.h; sourceTree = "<group>"; };
		042296B1278DAE7A0090983F /* ImathRandom.cpp */ = {isa = PBXFileReference; fileEncoding = 4; lastKnownFileType = sourcecode.cpp.cpp; path = ImathRandom.cpp; sourceTree = "<group>"; };
		042296B2278DAE7A0090983F /* ImathVec.h */ = {isa = PBXFileReference; fileEncoding = 4; lastKnownFileType = sourcecode.c.h; path = ImathVec.h; sourceTree = "<group>"; };
		042296B3278DAE7A0090983F /* ImathRandom.h */ = {isa = PBXFileReference; fileEncoding = 4; lastKnownFileType = sourcecode.c.h; path = ImathRandom.h; sourceTree = "<group>"; };
		042296B4278DAE7A0090983F /* ImathBox.h */ = {isa = PBXFileReference; fileEncoding = 4; lastKnownFileType = sourcecode.c.h; path = ImathBox.h; sourceTree = "<group>"; };
		042296B5278DAE7A0090983F /* ImathLineAlgo.h */ = {isa = PBXFileReference; fileEncoding = 4; lastKnownFileType = sourcecode.c.h; path = ImathLineAlgo.h; sourceTree = "<group>"; };
		042296B6278DAE7A0090983F /* ImathInterval.h */ = {isa = PBXFileReference; fileEncoding = 4; lastKnownFileType = sourcecode.c.h; path = ImathInterval.h; sourceTree = "<group>"; };
		042296B7278DAE7A0090983F /* ImathForward.h */ = {isa = PBXFileReference; fileEncoding = 4; lastKnownFileType = sourcecode.c.h; path = ImathForward.h; sourceTree = "<group>"; };
		042296B8278DAE7A0090983F /* ImathExport.h */ = {isa = PBXFileReference; fileEncoding = 4; lastKnownFileType = sourcecode.c.h; path = ImathExport.h; sourceTree = "<group>"; };
		042296B9278DAE7A0090983F /* ImathFrustumTest.h */ = {isa = PBXFileReference; fileEncoding = 4; lastKnownFileType = sourcecode.c.h; path = ImathFrustumTest.h; sourceTree = "<group>"; };
		042296BA278DAE7A0090983F /* ImathFrustum.h */ = {isa = PBXFileReference; fileEncoding = 4; lastKnownFileType = sourcecode.c.h; path = ImathFrustum.h; sourceTree = "<group>"; };
		042296BB278DAE7A0090983F /* ImathColorAlgo.h */ = {isa = PBXFileReference; fileEncoding = 4; lastKnownFileType = sourcecode.c.h; path = ImathColorAlgo.h; sourceTree = "<group>"; };
		042296BC278DAE7A0090983F /* ImathShear.h */ = {isa = PBXFileReference; fileEncoding = 4; lastKnownFileType = sourcecode.c.h; path = ImathShear.h; sourceTree = "<group>"; };
		042296BD278DAE7A0090983F /* ImathGL.h */ = {isa = PBXFileReference; fileEncoding = 4; lastKnownFileType = sourcecode.c.h; path = ImathGL.h; sourceTree = "<group>"; };
		042296BE278DAE7A0090983F /* ImathPlatform.h */ = {isa = PBXFileReference; fileEncoding = 4; lastKnownFileType = sourcecode.c.h; path = ImathPlatform.h; sourceTree = "<group>"; };
		042296C0278DAE7A0090983F /* ImathColorAlgo.cpp */ = {isa = PBXFileReference; fileEncoding = 4; lastKnownFileType = sourcecode.cpp.cpp; path = ImathColorAlgo.cpp; sourceTree = "<group>"; };
		042296C1278DAE7B0090983F /* halfFunction.h */ = {isa = PBXFileReference; fileEncoding = 4; lastKnownFileType = sourcecode.c.h; path = halfFunction.h; sourceTree = "<group>"; };
		042296C2278DAE7B0090983F /* ImathBoxAlgo.h */ = {isa = PBXFileReference; fileEncoding = 4; lastKnownFileType = sourcecode.c.h; path = ImathBoxAlgo.h; sourceTree = "<group>"; };
		042296C3278DAE7B0090983F /* ImathFun.cpp */ = {isa = PBXFileReference; fileEncoding = 4; lastKnownFileType = sourcecode.cpp.cpp; path = ImathFun.cpp; sourceTree = "<group>"; };
		042296C4278DAE7B0090983F /* ImathFun.h */ = {isa = PBXFileReference; fileEncoding = 4; lastKnownFileType = sourcecode.c.h; path = ImathFun.h; sourceTree = "<group>"; };
		042296C5278DAE7B0090983F /* half.cpp */ = {isa = PBXFileReference; fileEncoding = 4; lastKnownFileType = sourcecode.cpp.cpp; path = half.cpp; sourceTree = "<group>"; };
		042296C6278DAE7B0090983F /* half.h */ = {isa = PBXFileReference; fileEncoding = 4; lastKnownFileType = sourcecode.c.h; path = half.h; sourceTree = "<group>"; };
		042296C7278DAE7B0090983F /* ImathPlane.h */ = {isa = PBXFileReference; fileEncoding = 4; lastKnownFileType = sourcecode.c.h; path = ImathPlane.h; sourceTree = "<group>"; };
		042296C8278DAE7B0090983F /* ImathQuat.h */ = {isa = PBXFileReference; fileEncoding = 4; lastKnownFileType = sourcecode.c.h; path = ImathQuat.h; sourceTree = "<group>"; };
		042296C9278DAE7B0090983F /* ImathFrame.h */ = {isa = PBXFileReference; fileEncoding = 4; lastKnownFileType = sourcecode.c.h; path = ImathFrame.h; sourceTree = "<group>"; };
		042296CA278DAE7B0090983F /* ImathColor.h */ = {isa = PBXFileReference; fileEncoding = 4; lastKnownFileType = sourcecode.c.h; path = ImathColor.h; sourceTree = "<group>"; };
		042296CB278DAE7B0090983F /* ImathMatrixAlgo.h */ = {isa = PBXFileReference; fileEncoding = 4; lastKnownFileType = sourcecode.c.h; path = ImathMatrixAlgo.h; sourceTree = "<group>"; };
		042296CC278DAE7B0090983F /* halfLimits.h */ = {isa = PBXFileReference; fileEncoding = 4; lastKnownFileType = sourcecode.c.h; path = halfLimits.h; sourceTree = "<group>"; };
		042296CD278DAE7B0090983F /* ImathRoots.h */ = {isa = PBXFileReference; fileEncoding = 4; lastKnownFileType = sourcecode.c.h; path = ImathRoots.h; sourceTree = "<group>"; };
		042296CE278DAE7B0090983F /* ImathVecAlgo.h */ = {isa = PBXFileReference; fileEncoding = 4; lastKnownFileType = sourcecode.c.h; path = ImathVecAlgo.h; sourceTree = "<group>"; };
		042296D0278DAE7B0090983F /* ImathMath.h */ = {isa = PBXFileReference; fileEncoding = 4; lastKnownFileType = sourcecode.c.h; path = ImathMath.h; sourceTree = "<group>"; };
		042296D1278DAE7B0090983F /* ImathEuler.h */ = {isa = PBXFileReference; fileEncoding = 4; lastKnownFileType = sourcecode.c.h; path = ImathEuler.h; sourceTree = "<group>"; };
		042296D2278DAE7B0090983F /* ImathMatrix.h */ = {isa = PBXFileReference; fileEncoding = 4; lastKnownFileType = sourcecode.c.h; path = ImathMatrix.h; sourceTree = "<group>"; };
		042296FC278DAEB40090983F /* ImathConfig.h */ = {isa = PBXFileReference; fileEncoding = 4; lastKnownFileType = sourcecode.c.h; path = ImathConfig.h; sourceTree = "<group>"; };
		044591C6278E551100F04CE0 /* allocator.cc */ = {isa = PBXFileReference; fileEncoding = 4; lastKnownFileType = sourcecode.cpp.cpp; path = allocator.cc; sourceTree = "<group>"; };
		044591C7278E551100F04CE0 /* allocator.h */ = {isa = PBXFileReference; fileEncoding = 4; lastKnownFileType = sourcecode.c.h; path = allocator.h; sourceTree = "<group>"; };
		044591C8278E551100F04CE0 /* unique_ptr.h */ = {isa = PBXFileReference; fileEncoding = 4; lastKnownFileType = sourcecode.c.h; path = unique_ptr.h; sourceTree = "<group>"; };
		044591CC278E551E00F04CE0 /* unordered_set.h */ = {isa = PBXFileReference; fileEncoding = 4; lastKnownFileType = sourcecode.c.h; path = unordered_set.h; sourceTree = "<group>"; };
		044591CD278E551E00F04CE0 /* vector.h */ = {isa = PBXFileReference; fileEncoding = 4; lastKnownFileType = sourcecode.c.h; path = vector.h; sourceTree = "<group>"; };
		044591CE278E551E00F04CE0 /* map.h */ = {isa = PBXFileReference; fileEncoding = 4; lastKnownFileType = sourcecode.c.h; path = map.h; sourceTree = "<group>"; };
		044591D0278E551E00F04CE0 /* deque.h */ = {isa = PBXFileReference; fileEncoding = 4; lastKnownFileType = sourcecode.c.h; path = deque.h; sourceTree = "<group>"; };
		044591D1278E551E00F04CE0 /* set.h */ = {isa = PBXFileReference; fileEncoding = 4; lastKnownFileType = sourcecode.c.h; path = set.h; sourceTree = "<group>"; };
		044591D2278E551E00F04CE0 /* list.h */ = {isa = PBXFileReference; fileEncoding = 4; lastKnownFileType = sourcecode.c.h; path = list.h; sourceTree = "<group>"; };
		044591D4278E551E00F04CE0 /* std_allocator.h */ = {isa = PBXFileReference; fileEncoding = 4; lastKnownFileType = sourcecode.c.h; path = std_allocator.h; sourceTree = "<group>"; };
		044591D5278E551E00F04CE0 /* queue.h */ = {isa = PBXFileReference; fileEncoding = 4; lastKnownFileType = sourcecode.c.h; path = queue.h; sourceTree = "<group>"; };
		044591D6278E551E00F04CE0 /* intrusive_list.h */ = {isa = PBXFileReference; fileEncoding = 4; lastKnownFileType = sourcecode.c.h; path = intrusive_list.h; sourceTree = "<group>"; };
		044591D7278E551E00F04CE0 /* stack.h */ = {isa = PBXFileReference; fileEncoding = 4; lastKnownFileType = sourcecode.c.h; path = stack.h; sourceTree = "<group>"; };
		044591D8278E551E00F04CE0 /* unordered_map.h */ = {isa = PBXFileReference; fileEncoding = 4; lastKnownFileType = sourcecode.c.h; path = unordered_map.h; sourceTree = "<group>"; };
		044591D9278E551E00F04CE0 /* string.h */ = {isa = PBXFileReference; fileEncoding = 4; lastKnownFileType = sourcecode.c.h; path = string.h; sourceTree = "<group>"; };
		044591EA278E557C00F04CE0 /* align.cc */ = {isa = PBXFileReference; fileEncoding = 4; lastKnownFileType = sourcecode.cpp.cpp; path = align.cc; sourceTree = "<group>"; };
		044591ED278E557C00F04CE0 /* align.h */ = {isa = PBXFileReference; fileEncoding = 4; lastKnownFileType = sourcecode.c.h; path = align.h; sourceTree = "<group>"; };
		044591F3278E591900F04CE0 /* imgui_tables.cpp */ = {isa = PBXFileReference; fileEncoding = 4; lastKnownFileType = sourcecode.cpp.cpp; path = imgui_tables.cpp; sourceTree = "<group>"; };
		044591F4278E591900F04CE0 /* imconfig.h */ = {isa = PBXFileReference; fileEncoding = 4; lastKnownFileType = sourcecode.c.h; path = imconfig.h; sourceTree = "<group>"; };
		044591F5278E591900F04CE0 /* imgui_widgets.cpp */ = {isa = PBXFileReference; fileEncoding = 4; lastKnownFileType = sourcecode.cpp.cpp; path = imgui_widgets.cpp; sourceTree = "<group>"; };
		044591F7278E591900F04CE0 /* imstb_rectpack.h */ = {isa = PBXFileReference; fileEncoding = 4; lastKnownFileType = sourcecode.c.h; path = imstb_rectpack.h; sourceTree = "<group>"; };
		044591F8278E591900F04CE0 /* imgui_draw.cpp */ = {isa = PBXFileReference; fileEncoding = 4; lastKnownFileType = sourcecode.cpp.cpp; path = imgui_draw.cpp; sourceTree = "<group>"; };
		044591F9278E591900F04CE0 /* imgui.h */ = {isa = PBXFileReference; fileEncoding = 4; lastKnownFileType = sourcecode.c.h; path = imgui.h; sourceTree = "<group>"; };
		044591FA278E591A00F04CE0 /* imstb_truetype.h */ = {isa = PBXFileReference; fileEncoding = 4; lastKnownFileType = sourcecode.c.h; path = imstb_truetype.h; sourceTree = "<group>"; };
		044591FB278E591A00F04CE0 /* imstb_textedit.h */ = {isa = PBXFileReference; fileEncoding = 4; lastKnownFileType = sourcecode.c.h; path = imstb_textedit.h; sourceTree = "<group>"; };
		044591FC278E591A00F04CE0 /* imgui_internal.h */ = {isa = PBXFileReference; fileEncoding = 4; lastKnownFileType = sourcecode.c.h; path = imgui_internal.h; sourceTree = "<group>"; };
		044591FD278E591A00F04CE0 /* imgui.cpp */ = {isa = PBXFileReference; fileEncoding = 4; lastKnownFileType = sourcecode.cpp.cpp; path = imgui.cpp; sourceTree = "<group>"; };
		04459209278E5C8100F04CE0 /* helpers.h */ = {isa = PBXFileReference; lastKnownFileType = sourcecode.c.h; path = helpers.h; sourceTree = "<group>"; };
		0445920C278E5F1000F04CE0 /* engine.cpp */ = {isa = PBXFileReference; fileEncoding = 4; lastKnownFileType = sourcecode.cpp.cpp; path = engine.cpp; sourceTree = "<group>"; };
		0445920D278E5F1000F04CE0 /* input_events.h */ = {isa = PBXFileReference; fileEncoding = 4; lastKnownFileType = sourcecode.c.h; path = input_events.h; sourceTree = "<group>"; };
		0445920E278E5F1000F04CE0 /* filesystem.cpp */ = {isa = PBXFileReference; fileEncoding = 4; lastKnownFileType = sourcecode.cpp.cpp; path = filesystem.cpp; sourceTree = "<group>"; };
		04459210278E5F1000F04CE0 /* configuration.h */ = {isa = PBXFileReference; fileEncoding = 4; lastKnownFileType = sourcecode.c.h; path = configuration.h; sourceTree = "<group>"; };
		04459211278E5F1000F04CE0 /* window.h */ = {isa = PBXFileReference; fileEncoding = 4; lastKnownFileType = sourcecode.c.h; path = window.h; sourceTree = "<group>"; };
		04459212278E5F1000F04CE0 /* application.cpp */ = {isa = PBXFileReference; fileEncoding = 4; lastKnownFileType = sourcecode.cpp.cpp; path = application.cpp; sourceTree = "<group>"; };
		04459215278E5F1000F04CE0 /* engine.h */ = {isa = PBXFileReference; fileEncoding = 4; lastKnownFileType = sourcecode.c.h; path = engine.h; sourceTree = "<group>"; };
		04459216278E5F1100F04CE0 /* timer.cpp */ = {isa = PBXFileReference; fileEncoding = 4; lastKnownFileType = sourcecode.cpp.cpp; path = timer.cpp; sourceTree = "<group>"; };
		04459218278E5F1100F04CE0 /* application.h */ = {isa = PBXFileReference; fileEncoding = 4; lastKnownFileType = sourcecode.c.h; path = application.h; sourceTree = "<group>"; };
		04459219278E5F1100F04CE0 /* window.cpp */ = {isa = PBXFileReference; fileEncoding = 4; lastKnownFileType = sourcecode.cpp.cpp; path = window.cpp; sourceTree = "<group>"; };
		0445921A278E5F1100F04CE0 /* configuration.cpp */ = {isa = PBXFileReference; fileEncoding = 4; lastKnownFileType = sourcecode.cpp.cpp; path = configuration.cpp; sourceTree = "<group>"; };
		0445921B278E5F1100F04CE0 /* input_events.cpp */ = {isa = PBXFileReference; fileEncoding = 4; lastKnownFileType = sourcecode.cpp.cpp; path = input_events.cpp; sourceTree = "<group>"; };
		0445921C278E5F1100F04CE0 /* filesystem.h */ = {isa = PBXFileReference; fileEncoding = 4; lastKnownFileType = sourcecode.c.h; path = filesystem.h; sourceTree = "<group>"; };
		0445921E278E5F1100F04CE0 /* timer.h */ = {isa = PBXFileReference; fileEncoding = 4; lastKnownFileType = sourcecode.c.h; path = timer.h; sourceTree = "<group>"; };
		04459234278E5FD700F04CE0 /* debug_info.cpp */ = {isa = PBXFileReference; fileEncoding = 4; lastKnownFileType = sourcecode.cpp.cpp; path = debug_info.cpp; sourceTree = "<group>"; };
		04459235278E5FD700F04CE0 /* debug_info.h */ = {isa = PBXFileReference; fileEncoding = 4; lastKnownFileType = sourcecode.c.h; path = debug_info.h; sourceTree = "<group>"; };
		0445924E278E689D00F04CE0 /* CPPCAMetalLayer.mm */ = {isa = PBXFileReference; lastKnownFileType = sourcecode.cpp.objcpp; path = CPPCAMetalLayer.mm; sourceTree = "<group>"; };
		0445924F278E689D00F04CE0 /* CPPCAMetalLayer.hpp */ = {isa = PBXFileReference; lastKnownFileType = sourcecode.cpp.h; path = CPPCAMetalLayer.hpp; sourceTree = "<group>"; };
		04459252278E6D4700F04CE0 /* glfw_window.mm */ = {isa = PBXFileReference; fileEncoding = 4; lastKnownFileType = sourcecode.cpp.objcpp; path = glfw_window.mm; sourceTree = "<group>"; };
		04459253278E6D4700F04CE0 /* glfw_window.h */ = {isa = PBXFileReference; fileEncoding = 4; lastKnownFileType = sourcecode.c.h; path = glfw_window.h; sourceTree = "<group>"; };
		04459256278E708A00F04CE0 /* unix_engine.cpp */ = {isa = PBXFileReference; fileEncoding = 4; lastKnownFileType = sourcecode.cpp.cpp; path = unix_engine.cpp; sourceTree = "<group>"; };
		04459257278E708A00F04CE0 /* unix_engine.h */ = {isa = PBXFileReference; fileEncoding = 4; lastKnownFileType = sourcecode.c.h; path = unix_engine.h; sourceTree = "<group>"; };
		0445925A278E7C8600F04CE0 /* metal_application.cpp */ = {isa = PBXFileReference; lastKnownFileType = sourcecode.cpp.cpp; path = metal_application.cpp; sourceTree = "<group>"; };
		0445925B278E7C8600F04CE0 /* metal_application.h */ = {isa = PBXFileReference; lastKnownFileType = sourcecode.c.h; path = metal_application.h; sourceTree = "<group>"; };
/* End PBXFileReference section */

/* Begin PBXFrameworksBuildPhase section */
		0422954D278C30840090983F /* Frameworks */ = {
			isa = PBXFrameworksBuildPhase;
			buildActionMask = 2147483647;
			files = (
				0445923F278E620900F04CE0 /* libvox.math.a in Frameworks */,
			);
			runOnlyForDeploymentPostprocessing = 0;
		};
		042295D7278D121C0090983F /* Frameworks */ = {
			isa = PBXFrameworksBuildPhase;
			buildActionMask = 2147483647;
			files = (
				044591C1278DD2D200F04CE0 /* libvox.math.a in Frameworks */,
			);
			runOnlyForDeploymentPostprocessing = 0;
		};
		04229606278D29760090983F /* Frameworks */ = {
			isa = PBXFrameworksBuildPhase;
			buildActionMask = 2147483647;
			files = (
			);
			runOnlyForDeploymentPostprocessing = 0;
		};
		0422969D278DAE4E0090983F /* Frameworks */ = {
			isa = PBXFrameworksBuildPhase;
			buildActionMask = 2147483647;
			files = (
			);
			runOnlyForDeploymentPostprocessing = 0;
		};
/* End PBXFrameworksBuildPhase section */

/* Begin PBXGroup section */
		04229546278C30840090983F = {
			isa = PBXGroup;
			children = (
				042296A0278DAE4E0090983F /* vox.math */,
				042295DA278D121D0090983F /* vox.geometry */,
				04229551278C30840090983F /* vox.render */,
				0422960A278D29760090983F /* unit_tests */,
				04229550278C30840090983F /* Products */,
				04229612278D2B2D0090983F /* Frameworks */,
			);
			sourceTree = "<group>";
		};
		04229550278C30840090983F /* Products */ = {
			isa = PBXGroup;
			children = (
				0422954F278C30840090983F /* libvox.render.a */,
				042295D9278D121C0090983F /* libvox.geometry.a */,
				04229609278D29760090983F /* unit_tests */,
				0422969F278DAE4E0090983F /* libvox.math.a */,
			);
			name = Products;
			sourceTree = "<group>";
		};
		04229551278C30840090983F /* vox.render */ = {
			isa = PBXGroup;
			children = (
				04459209278E5C8100F04CE0 /* helpers.h */,
				0445921E278E5F1100F04CE0 /* timer.h */,
				04459216278E5F1100F04CE0 /* timer.cpp */,
				04459211278E5F1000F04CE0 /* window.h */,
				04459219278E5F1100F04CE0 /* window.cpp */,
				04459253278E6D4700F04CE0 /* glfw_window.h */,
				04459252278E6D4700F04CE0 /* glfw_window.mm */,
				0445920D278E5F1000F04CE0 /* input_events.h */,
				0445921B278E5F1100F04CE0 /* input_events.cpp */,
				04459210278E5F1000F04CE0 /* configuration.h */,
				0445921A278E5F1100F04CE0 /* configuration.cpp */,
				04459235278E5FD700F04CE0 /* debug_info.h */,
				04459234278E5FD700F04CE0 /* debug_info.cpp */,
				0445921C278E5F1100F04CE0 /* filesystem.h */,
				0445920E278E5F1000F04CE0 /* filesystem.cpp */,
				0422955D278C31DC0090983F /* core */,
				044591C4278E54D500F04CE0 /* memory */,
				044591C5278E54DF00F04CE0 /* containers */,
				044591F2278E58F900F04CE0 /* gui */,
				04459215278E5F1000F04CE0 /* engine.h */,
				0445920C278E5F1000F04CE0 /* engine.cpp */,
				04459257278E708A00F04CE0 /* unix_engine.h */,
				04459256278E708A00F04CE0 /* unix_engine.cpp */,
				04459218278E5F1100F04CE0 /* application.h */,
				04459212278E5F1000F04CE0 /* application.cpp */,
				0445925B278E7C8600F04CE0 /* metal_application.h */,
				0445925A278E7C8600F04CE0 /* metal_application.cpp */,
			);
			path = vox.render;
			sourceTree = "<group>";
		};
		0422955D278C31DC0090983F /* core */ = {
			isa = PBXGroup;
			children = (
				04229584278C32FA0090983F /* CPPMetal.hpp */,
				0422956C278C32FA0090983F /* CPPMetalTypes.hpp */,
				04229560278C32F90090983F /* CPPMetalAllocator.hpp */,
				0422957B278C32FA0090983F /* CPPMetalConstants.hpp */,
				04229568278C32FA0090983F /* CPPMetalDrawable.hpp */,
				0422957F278C32FA0090983F /* CPPMetalDrawable.mm */,
				04229577278C32FA0090983F /* CPPMetalDevice.hpp */,
				04229585278C32FA0090983F /* CPPMetalDevice.mm */,
				04229569278C32FA0090983F /* CPPMetalDeviceInternals.mm */,
				04229580278C32FA0090983F /* CPPMetalResource.hpp */,
				0422956F278C32FA0090983F /* CPPMetalResource.mm */,
				04229572278C32FA0090983F /* CPPMetalResourceEnum.hpp */,
				0422957D278C32FA0090983F /* CPPMetalBuffer.hpp */,
				04229571278C32FA0090983F /* CPPMetalBuffer.mm */,
				04229567278C32F90090983F /* CPPMetalTexture.hpp */,
				04229574278C32FA0090983F /* CPPMetalTexture.mm */,
				04229586278C32FA0090983F /* CPPMetalCommandBuffer.hpp */,
				04229576278C32FA0090983F /* CPPMetalCommandBuffer.mm */,
				0422956E278C32FA0090983F /* CPPMetalCommandQueue.hpp */,
				04229579278C32FA0090983F /* CPPMetalCommandQueue.mm */,
				04229564278C32F90090983F /* CPPMetalCommandEncoder.hpp */,
				04229565278C32F90090983F /* CPPMetalCommandEncoder.mm */,
				04229588278C32FA0090983F /* CPPMetalRenderCommandEncoder.hpp */,
				0422957E278C32FA0090983F /* CPPMetalRenderCommandEncoder.mm */,
				0422956B278C32FA0090983F /* CPPMetalRenderCommandEncoder_DispatchTable.hpp */,
				04229563278C32F90090983F /* CPPMetalRenderCommandEncoder_DispatchTable.mm */,
				04229575278C32FA0090983F /* CPPMetalRenderPipeline.hpp */,
				04229562278C32F90090983F /* CPPMetalRenderPipeline.mm */,
				0422957C278C32FA0090983F /* CPPMetalDepthStencil.hpp */,
				0422955F278C32F90090983F /* CPPMetalDepthStencil.mm */,
				04229587278C32FA0090983F /* CPPMetalLibrary.hpp */,
				04229582278C32FA0090983F /* CPPMetalLibrary.mm */,
				04229578278C32FA0090983F /* CPPMetalPixelFormat.hpp */,
				0422956A278C32FA0090983F /* CPPMetalPixelFormat.mm */,
				04229581278C32FA0090983F /* CPPMetalRenderPass.hpp */,
				04229561278C32F90090983F /* CPPMetalRenderPass.mm */,
				04229573278C32FA0090983F /* CPPMetalVertexDescriptor.hpp */,
				0422957A278C32FA0090983F /* CPPMetalVertexDescriptor.mm */,
				04229589278C32FB0090983F /* CPPMetalImplementation.hpp */,
				0422955E278C32C30090983F /* internal */,
				04229570278C32FA0090983F /* CPPMetalKitTextureLoader.hpp */,
				04229583278C32FA0090983F /* CPPMetalKitTextureLoader.mm */,
				0445924F278E689D00F04CE0 /* CPPCAMetalLayer.hpp */,
				0445924E278E689D00F04CE0 /* CPPCAMetalLayer.mm */,
			);
			path = core;
			sourceTree = "<group>";
		};
		0422955E278C32C30090983F /* internal */ = {
			isa = PBXGroup;
			children = (
				042295B7278C33080090983F /* CPPMetalInternalMacros.h */,
				042295B5278C33080090983F /* CPPMetalDeviceInternals.h */,
				042295B6278C33080090983F /* CPPMetalDispatchTableCache.h */,
			);
			path = internal;
			sourceTree = "<group>";
		};
		042295DA278D121D0090983F /* vox.geometry */ = {
			isa = PBXGroup;
			children = (
				042295E5278D17790090983F /* macros.h */,
				04229693278D71760090983F /* surface2.h */,
				04229694278D71760090983F /* surface2.cpp */,
				04229692278D71760090983F /* surface3.h */,
				04229695278D71760090983F /* surface3.cpp */,
			);
			path = vox.geometry;
			sourceTree = "<group>";
		};
		0422960A278D29760090983F /* unit_tests */ = {
			isa = PBXGroup;
			children = (
				04229683278D69AF0090983F /* unit_tests_utils.h */,
				04229684278D69AF0090983F /* unit_tests_utils.cpp */,
				04229679278D697B0090983F /* ray2_tests.cpp */,
				0422967B278D697B0090983F /* ray3_tests.cpp */,
				0422967D278D697B0090983F /* bounding_box_tests.cpp */,
				0422967C278D697B0090983F /* bounding_box2_tests.cpp */,
				0422967A278D697B0090983F /* bounding_box3_tests.cpp */,
				0422968E278D6FF30090983F /* transform2_tests.cpp */,
				0422968F278D6FF30090983F /* transform3_tests.cpp */,
			);
			path = unit_tests;
			sourceTree = "<group>";
		};
		04229612278D2B2D0090983F /* Frameworks */ = {
			isa = PBXGroup;
			children = (
			);
			name = Frameworks;
			sourceTree = "<group>";
		};
		042296A0278DAE4E0090983F /* vox.math */ = {
			isa = PBXGroup;
			children = (
				042296FC278DAEB40090983F /* ImathConfig.h */,
				042296AC278DAE790090983F /* ImathNamespace.h */,
				042296BE278DAE7A0090983F /* ImathPlatform.h */,
				042296AF278DAE7A0090983F /* ImathTypeTraits.h */,
				042296B8278DAE7A0090983F /* ImathExport.h */,
				042296AD278DAE7A0090983F /* ImathInt64.h */,
				042296B7278DAE7A0090983F /* ImathForward.h */,
				042296D0278DAE7B0090983F /* ImathMath.h */,
				042296C6278DAE7B0090983F /* half.h */,
				042296C5278DAE7B0090983F /* half.cpp */,
				042296CC278DAE7B0090983F /* halfLimits.h */,
				042296C1278DAE7B0090983F /* halfFunction.h */,
				042296C4278DAE7B0090983F /* ImathFun.h */,
				042296C3278DAE7B0090983F /* ImathFun.cpp */,
				042296B2278DAE7A0090983F /* ImathVec.h */,
				042296CE278DAE7B0090983F /* ImathVecAlgo.h */,
				042296D2278DAE7B0090983F /* ImathMatrix.h */,
				042296CB278DAE7B0090983F /* ImathMatrixAlgo.h */,
				042296AB278DAE790090983F /* ImathMatrixAlgo.cpp */,
				042296CA278DAE7B0090983F /* ImathColor.h */,
				042296C0278DAE7A0090983F /* ImathColorAlgo.cpp */,
				042296BB278DAE7A0090983F /* ImathColorAlgo.h */,
				042296D1278DAE7B0090983F /* ImathEuler.h */,
				042296C8278DAE7B0090983F /* ImathQuat.h */,
				042296AA278DAE790090983F /* ImathLine.h */,
				042296B5278DAE7A0090983F /* ImathLineAlgo.h */,
				042296B6278DAE7A0090983F /* ImathInterval.h */,
				042296B4278DAE7A0090983F /* ImathBox.h */,
				042296C2278DAE7B0090983F /* ImathBoxAlgo.h */,
				042296B0278DAE7A0090983F /* ImathSphere.h */,
				042296BA278DAE7A0090983F /* ImathFrustum.h */,
				042296B9278DAE7A0090983F /* ImathFrustumTest.h */,
				042296C9278DAE7B0090983F /* ImathFrame.h */,
				042296C7278DAE7B0090983F /* ImathPlane.h */,
				042296B3278DAE7A0090983F /* ImathRandom.h */,
				042296B1278DAE7A0090983F /* ImathRandom.cpp */,
				042296CD278DAE7B0090983F /* ImathRoots.h */,
				042296BC278DAE7A0090983F /* ImathShear.h */,
				042296BD278DAE7A0090983F /* ImathGL.h */,
				042296AE278DAE7A0090983F /* ImathGLU.h */,
				042295E4278D17790090983F /* constants.h */,
				04229602278D20680090983F /* math_utils.h */,
				04229601278D20680090983F /* math_utils-inl.h */,
				0422966D278D689C0090983F /* ray.h */,
				04229663278D689B0090983F /* ray2.h */,
				0422966A278D689B0090983F /* ray2-inl.h */,
				04229668278D689B0090983F /* ray3.h */,
				04229666278D689B0090983F /* ray3-inl.h */,
				0422966B278D689C0090983F /* bounding_box.h */,
				0422966C278D689C0090983F /* bounding_box2.h */,
				04229669278D689B0090983F /* bounding_box2-inl.h */,
				04229665278D689B0090983F /* bounding_box3.h */,
				04229664278D689B0090983F /* bounding_box3-inl.h */,
				04229687278D6F910090983F /* transform2.h */,
				04229688278D6F910090983F /* transform2-inl.h */,
				04229689278D6F910090983F /* transform3.h */,
				04229686278D6F910090983F /* transform3-inl.h */,
			);
			path = vox.math;
			sourceTree = "<group>";
		};
		044591C4278E54D500F04CE0 /* memory */ = {
			isa = PBXGroup;
			children = (
				044591ED278E557C00F04CE0 /* align.h */,
				044591EA278E557C00F04CE0 /* align.cc */,
				044591C7278E551100F04CE0 /* allocator.h */,
				044591C6278E551100F04CE0 /* allocator.cc */,
				044591C8278E551100F04CE0 /* unique_ptr.h */,
			);
			path = memory;
			sourceTree = "<group>";
		};
		044591C5278E54DF00F04CE0 /* containers */ = {
			isa = PBXGroup;
			children = (
				044591D4278E551E00F04CE0 /* std_allocator.h */,
				044591CD278E551E00F04CE0 /* vector.h */,
				044591D0278E551E00F04CE0 /* deque.h */,
				044591D6278E551E00F04CE0 /* intrusive_list.h */,
				044591D2278E551E00F04CE0 /* list.h */,
				044591CE278E551E00F04CE0 /* map.h */,
				044591D5278E551E00F04CE0 /* queue.h */,
				044591D1278E551E00F04CE0 /* set.h */,
				044591D7278E551E00F04CE0 /* stack.h */,
				044591D9278E551E00F04CE0 /* string.h */,
				044591CC278E551E00F04CE0 /* unordered_set.h */,
				044591D8278E551E00F04CE0 /* unordered_map.h */,
			);
			path = containers;
			sourceTree = "<group>";
		};
		044591F2278E58F900F04CE0 /* gui */ = {
			isa = PBXGroup;
			children = (
				044591F9278E591900F04CE0 /* imgui.h */,
				044591FD278E591A00F04CE0 /* imgui.cpp */,
				044591F8278E591900F04CE0 /* imgui_draw.cpp */,
				044591F3278E591900F04CE0 /* imgui_tables.cpp */,
				044591F5278E591900F04CE0 /* imgui_widgets.cpp */,
				044591FC278E591A00F04CE0 /* imgui_internal.h */,
				044591F4278E591900F04CE0 /* imconfig.h */,
				044591F7278E591900F04CE0 /* imstb_rectpack.h */,
				044591FB278E591A00F04CE0 /* imstb_textedit.h */,
				044591FA278E591A00F04CE0 /* imstb_truetype.h */,
			);
			path = gui;
			sourceTree = "<group>";
		};
/* End PBXGroup section */

/* Begin PBXHeadersBuildPhase section */
		0422954B278C30840090983F /* Headers */ = {
			isa = PBXHeadersBuildPhase;
			buildActionMask = 2147483647;
			files = (
				04229599278C32FB0090983F /* CPPMetalCommandQueue.hpp in Headers */,
				0422959D278C32FB0090983F /* CPPMetalResourceEnum.hpp in Headers */,
				04459206278E591A00F04CE0 /* imstb_textedit.h in Headers */,
				04459226278E5F1100F04CE0 /* window.h in Headers */,
				04459251278E689D00F04CE0 /* CPPCAMetalLayer.hpp in Headers */,
				042295AB278C32FB0090983F /* CPPMetalResource.hpp in Headers */,
				0422959E278C32FB0090983F /* CPPMetalVertexDescriptor.hpp in Headers */,
				04459207278E591A00F04CE0 /* imgui_internal.h in Headers */,
				042295AF278C32FB0090983F /* CPPMetal.hpp in Headers */,
				0422959B278C32FB0090983F /* CPPMetalKitTextureLoader.hpp in Headers */,
				04459231278E5F1100F04CE0 /* filesystem.h in Headers */,
				042295A0278C32FB0090983F /* CPPMetalRenderPipeline.hpp in Headers */,
				042295BA278C33090090983F /* CPPMetalInternalMacros.h in Headers */,
				04229597278C32FB0090983F /* CPPMetalTypes.hpp in Headers */,
				0445925D278E7C8600F04CE0 /* metal_application.h in Headers */,
				042295B2278C32FB0090983F /* CPPMetalLibrary.hpp in Headers */,
				04459225278E5F1100F04CE0 /* configuration.h in Headers */,
				044591FF278E591A00F04CE0 /* imconfig.h in Headers */,
				04459237278E5FD700F04CE0 /* debug_info.h in Headers */,
				044591F1278E557C00F04CE0 /* align.h in Headers */,
				0445922A278E5F1100F04CE0 /* engine.h in Headers */,
				042295B8278C33090090983F /* CPPMetalDeviceInternals.h in Headers */,
				042295A3278C32FB0090983F /* CPPMetalPixelFormat.hpp in Headers */,
				042295A2278C32FB0090983F /* CPPMetalDevice.hpp in Headers */,
				042295AC278C32FB0090983F /* CPPMetalRenderPass.hpp in Headers */,
				042295B4278C32FB0090983F /* CPPMetalImplementation.hpp in Headers */,
				04459202278E591A00F04CE0 /* imstb_rectpack.h in Headers */,
				04459205278E591A00F04CE0 /* imstb_truetype.h in Headers */,
				044591CB278E551100F04CE0 /* unique_ptr.h in Headers */,
				04229596278C32FB0090983F /* CPPMetalRenderCommandEncoder_DispatchTable.hpp in Headers */,
				04459222278E5F1100F04CE0 /* input_events.h in Headers */,
				042295B1278C32FB0090983F /* CPPMetalCommandBuffer.hpp in Headers */,
				042295A8278C32FB0090983F /* CPPMetalBuffer.hpp in Headers */,
				044591CA278E551100F04CE0 /* allocator.h in Headers */,
				04229593278C32FB0090983F /* CPPMetalDrawable.hpp in Headers */,
				0445922D278E5F1100F04CE0 /* application.h in Headers */,
				042295A6278C32FB0090983F /* CPPMetalConstants.hpp in Headers */,
				042295A7278C32FB0090983F /* CPPMetalDepthStencil.hpp in Headers */,
				04229592278C32FB0090983F /* CPPMetalTexture.hpp in Headers */,
				042295B3278C32FB0090983F /* CPPMetalRenderCommandEncoder.hpp in Headers */,
				0422958B278C32FB0090983F /* CPPMetalAllocator.hpp in Headers */,
				04459204278E591A00F04CE0 /* imgui.h in Headers */,
				04459255278E6D4700F04CE0 /* glfw_window.h in Headers */,
				042295B9278C33090090983F /* CPPMetalDispatchTableCache.h in Headers */,
				04459259278E708A00F04CE0 /* unix_engine.h in Headers */,
				0422958F278C32FB0090983F /* CPPMetalCommandEncoder.hpp in Headers */,
				04459233278E5F1100F04CE0 /* timer.h in Headers */,
			);
			runOnlyForDeploymentPostprocessing = 0;
		};
		042295D5278D121C0090983F /* Headers */ = {
			isa = PBXHeadersBuildPhase;
			buildActionMask = 2147483647;
			files = (
				04229697278D71760090983F /* surface2.h in Headers */,
				04229696278D71760090983F /* surface3.h in Headers */,
			);
			runOnlyForDeploymentPostprocessing = 0;
		};
		0422969B278DAE4E0090983F /* Headers */ = {
			isa = PBXHeadersBuildPhase;
			buildActionMask = 2147483647;
			files = (
				044591B6278DB45D00F04CE0 /* ray2.h in Headers */,
				042296E0278DAE7C0090983F /* ImathForward.h in Headers */,
				044591B5278DB45D00F04CE0 /* ray.h in Headers */,
				042296DB278DAE7C0090983F /* ImathVec.h in Headers */,
				042296F6278DAE7C0090983F /* ImathRoots.h in Headers */,
				042296ED278DAE7C0090983F /* ImathFun.h in Headers */,
				042296D6278DAE7B0090983F /* ImathInt64.h in Headers */,
				042296D8278DAE7C0090983F /* ImathTypeTraits.h in Headers */,
				042296FA278DAE7C0090983F /* ImathEuler.h in Headers */,
				042296F1278DAE7C0090983F /* ImathQuat.h in Headers */,
				042296E1278DAE7C0090983F /* ImathExport.h in Headers */,
				042296EA278DAE7C0090983F /* halfFunction.h in Headers */,
				042296F2278DAE7C0090983F /* ImathFrame.h in Headers */,
				042296E2278DAE7C0090983F /* ImathFrustumTest.h in Headers */,
				042296F5278DAE7C0090983F /* halfLimits.h in Headers */,
				042296F4278DAE7C0090983F /* ImathMatrixAlgo.h in Headers */,
				042296E5278DAE7C0090983F /* ImathShear.h in Headers */,
				044591B3278DB45D00F04CE0 /* ray3-inl.h in Headers */,
				042296DD278DAE7C0090983F /* ImathBox.h in Headers */,
				042296FD278DAEB40090983F /* ImathConfig.h in Headers */,
				042296F9278DAE7C0090983F /* ImathMath.h in Headers */,
				042296EB278DAE7C0090983F /* ImathBoxAlgo.h in Headers */,
				042296F3278DAE7C0090983F /* ImathColor.h in Headers */,
				042296D5278DAE7B0090983F /* ImathNamespace.h in Headers */,
				042296D3278DAE7B0090983F /* ImathLine.h in Headers */,
				042296F7278DAE7C0090983F /* ImathVecAlgo.h in Headers */,
				042296FB278DAE7C0090983F /* ImathMatrix.h in Headers */,
				042296F0278DAE7C0090983F /* ImathPlane.h in Headers */,
				044591B4278DB45D00F04CE0 /* ray2-inl.h in Headers */,
				042296D7278DAE7B0090983F /* ImathGLU.h in Headers */,
				042296EF278DAE7C0090983F /* half.h in Headers */,
				042296E3278DAE7C0090983F /* ImathFrustum.h in Headers */,
				042296E4278DAE7C0090983F /* ImathColorAlgo.h in Headers */,
				042296E7278DAE7C0090983F /* ImathPlatform.h in Headers */,
				042296DF278DAE7C0090983F /* ImathInterval.h in Headers */,
				044591B7278DB45D00F04CE0 /* ray3.h in Headers */,
				042296DE278DAE7C0090983F /* ImathLineAlgo.h in Headers */,
				042296E6278DAE7C0090983F /* ImathGL.h in Headers */,
				042296D9278DAE7C0090983F /* ImathSphere.h in Headers */,
				042296DC278DAE7C0090983F /* ImathRandom.h in Headers */,
			);
			runOnlyForDeploymentPostprocessing = 0;
		};
/* End PBXHeadersBuildPhase section */

/* Begin PBXNativeTarget section */
		0422954E278C30840090983F /* vox.render */ = {
			isa = PBXNativeTarget;
			buildConfigurationList = 0422955A278C30840090983F /* Build configuration list for PBXNativeTarget "vox.render" */;
			buildPhases = (
				0422954B278C30840090983F /* Headers */,
				0422954C278C30840090983F /* Sources */,
				0422954D278C30840090983F /* Frameworks */,
			);
			buildRules = (
			);
			dependencies = (
				0445923E278E620600F04CE0 /* PBXTargetDependency */,
			);
			name = vox.render;
			productName = DigitalVox4;
			productReference = 0422954F278C30840090983F /* libvox.render.a */;
			productType = "com.apple.product-type.library.static";
		};
		042295D8278D121C0090983F /* vox.geometry */ = {
			isa = PBXNativeTarget;
			buildConfigurationList = 042295E3278D121D0090983F /* Build configuration list for PBXNativeTarget "vox.geometry" */;
			buildPhases = (
				042295D5278D121C0090983F /* Headers */,
				042295D6278D121C0090983F /* Sources */,
				042295D7278D121C0090983F /* Frameworks */,
			);
			buildRules = (
			);
			dependencies = (
				044591C0278DD2CD00F04CE0 /* PBXTargetDependency */,
			);
			name = vox.geometry;
			productName = vox.geometry;
			productReference = 042295D9278D121C0090983F /* libvox.geometry.a */;
			productType = "com.apple.product-type.library.static";
		};
		04229608278D29760090983F /* unit_tests */ = {
			isa = PBXNativeTarget;
			buildConfigurationList = 0422960D278D29770090983F /* Build configuration list for PBXNativeTarget "unit_tests" */;
			buildPhases = (
				04229605278D29760090983F /* Sources */,
				04229606278D29760090983F /* Frameworks */,
				04229607278D29760090983F /* CopyFiles */,
			);
			buildRules = (
			);
			dependencies = (
				04229615278D2B300090983F /* PBXTargetDependency */,
			);
			name = unit_tests;
			productName = unit_tests;
			productReference = 04229609278D29760090983F /* unit_tests */;
			productType = "com.apple.product-type.tool";
		};
		0422969E278DAE4E0090983F /* vox.math */ = {
			isa = PBXNativeTarget;
			buildConfigurationList = 042296A7278DAE4E0090983F /* Build configuration list for PBXNativeTarget "vox.math" */;
			buildPhases = (
				0422969B278DAE4E0090983F /* Headers */,
				0422969C278DAE4E0090983F /* Sources */,
				0422969D278DAE4E0090983F /* Frameworks */,
			);
			buildRules = (
			);
			dependencies = (
			);
			name = vox.math;
			productName = vox.math;
			productReference = 0422969F278DAE4E0090983F /* libvox.math.a */;
			productType = "com.apple.product-type.library.static";
		};
/* End PBXNativeTarget section */

/* Begin PBXProject section */
		04229547278C30840090983F /* Project object */ = {
			isa = PBXProject;
			attributes = {
				BuildIndependentTargetsInParallel = 1;
				LastUpgradeCheck = 1320;
				TargetAttributes = {
					0422954E278C30840090983F = {
						CreatedOnToolsVersion = 13.2.1;
					};
					042295D8278D121C0090983F = {
						CreatedOnToolsVersion = 13.2.1;
					};
					04229608278D29760090983F = {
						CreatedOnToolsVersion = 13.2.1;
					};
					0422969E278DAE4E0090983F = {
						CreatedOnToolsVersion = 13.2.1;
					};
				};
			};
			buildConfigurationList = 0422954A278C30840090983F /* Build configuration list for PBXProject "DigitalVox4" */;
			compatibilityVersion = "Xcode 13.0";
			developmentRegion = en;
			hasScannedForEncodings = 0;
			knownRegions = (
				en,
				Base,
			);
			mainGroup = 04229546278C30840090983F;
			productRefGroup = 04229550278C30840090983F /* Products */;
			projectDirPath = "";
			projectRoot = "";
			targets = (
				0422969E278DAE4E0090983F /* vox.math */,
				042295D8278D121C0090983F /* vox.geometry */,
				0422954E278C30840090983F /* vox.render */,
				04229608278D29760090983F /* unit_tests */,
			);
		};
/* End PBXProject section */

/* Begin PBXSourcesBuildPhase section */
		0422954C278C30840090983F /* Sources */ = {
			isa = PBXSourcesBuildPhase;
			buildActionMask = 2147483647;
			files = (
				0422958D278C32FB0090983F /* CPPMetalRenderPipeline.mm in Sources */,
				04459208278E591A00F04CE0 /* imgui.cpp in Sources */,
				044591EE278E557C00F04CE0 /* align.cc in Sources */,
				044591C9278E551100F04CE0 /* allocator.cc in Sources */,
				042295AE278C32FB0090983F /* CPPMetalKitTextureLoader.mm in Sources */,
				0445924B278E63FA00F04CE0 /* application.cpp in Sources */,
				042295A4278C32FB0090983F /* CPPMetalCommandQueue.mm in Sources */,
				0422958E278C32FB0090983F /* CPPMetalRenderCommandEncoder_DispatchTable.mm in Sources */,
				042295AA278C32FB0090983F /* CPPMetalDrawable.mm in Sources */,
				0422959A278C32FB0090983F /* CPPMetalResource.mm in Sources */,
				04459203278E591A00F04CE0 /* imgui_draw.cpp in Sources */,
				042295AD278C32FB0090983F /* CPPMetalLibrary.mm in Sources */,
				04229590278C32FB0090983F /* CPPMetalCommandEncoder.mm in Sources */,
				0445923A278E61B000F04CE0 /* input_events.cpp in Sources */,
				042295A5278C32FB0090983F /* CPPMetalVertexDescriptor.mm in Sources */,
				0422958C278C32FB0090983F /* CPPMetalRenderPass.mm in Sources */,
				04459258278E708A00F04CE0 /* unix_engine.cpp in Sources */,
				04459200278E591A00F04CE0 /* imgui_widgets.cpp in Sources */,
				0445924C278E63FF00F04CE0 /* filesystem.cpp in Sources */,
				042295B0278C32FB0090983F /* CPPMetalDevice.mm in Sources */,
				042295A9278C32FB0090983F /* CPPMetalRenderCommandEncoder.mm in Sources */,
				04229595278C32FB0090983F /* CPPMetalPixelFormat.mm in Sources */,
				04459254278E6D4700F04CE0 /* glfw_window.mm in Sources */,
				0445922B278E5F1100F04CE0 /* timer.cpp in Sources */,
				0445925C278E7C8600F04CE0 /* metal_application.cpp in Sources */,
				0445923C278E61D200F04CE0 /* debug_info.cpp in Sources */,
				04229594278C32FB0090983F /* CPPMetalDeviceInternals.mm in Sources */,
				0422958A278C32FB0090983F /* CPPMetalDepthStencil.mm in Sources */,
				0422959F278C32FB0090983F /* CPPMetalTexture.mm in Sources */,
				0422959C278C32FB0090983F /* CPPMetalBuffer.mm in Sources */,
				04459250278E689D00F04CE0 /* CPPCAMetalLayer.mm in Sources */,
				04459239278E617500F04CE0 /* window.cpp in Sources */,
				044591FE278E591A00F04CE0 /* imgui_tables.cpp in Sources */,
				0445923B278E61C500F04CE0 /* configuration.cpp in Sources */,
				042295A1278C32FB0090983F /* CPPMetalCommandBuffer.mm in Sources */,
				0445924D278E653300F04CE0 /* engine.cpp in Sources */,
			);
			runOnlyForDeploymentPostprocessing = 0;
		};
		042295D6278D121C0090983F /* Sources */ = {
			isa = PBXSourcesBuildPhase;
			buildActionMask = 2147483647;
			files = (
				044591C2278DD2F000F04CE0 /* surface2.cpp in Sources */,
				044591C3278DD39B00F04CE0 /* surface3.cpp in Sources */,
			);
			runOnlyForDeploymentPostprocessing = 0;
		};
		04229605278D29760090983F /* Sources */ = {
			isa = PBXSourcesBuildPhase;
			buildActionMask = 2147483647;
			files = (
				044591BB278DB90500F04CE0 /* bounding_box_tests.cpp in Sources */,
				044591BC278DBA1B00F04CE0 /* bounding_box3_tests.cpp in Sources */,
				044591B2278DB43000F04CE0 /* ray3_tests.cpp in Sources */,
				044591B9278DB69500F04CE0 /* bounding_box2_tests.cpp in Sources */,
				044591BD278DCBA500F04CE0 /* transform2_tests.cpp in Sources */,
				044591B1278DB33600F04CE0 /* ray2_tests.cpp in Sources */,
				044591BE278DCDDF00F04CE0 /* transform3_tests.cpp in Sources */,
				044591BA278DB7A500F04CE0 /* unit_tests_utils.cpp in Sources */,
			);
			runOnlyForDeploymentPostprocessing = 0;
		};
		0422969C278DAE4E0090983F /* Sources */ = {
			isa = PBXSourcesBuildPhase;
			buildActionMask = 2147483647;
			files = (
				042296E9278DAE7C0090983F /* ImathColorAlgo.cpp in Sources */,
				042296DA278DAE7C0090983F /* ImathRandom.cpp in Sources */,
				042296EE278DAE7C0090983F /* half.cpp in Sources */,
				042296D4278DAE7B0090983F /* ImathMatrixAlgo.cpp in Sources */,
				042296EC278DAE7C0090983F /* ImathFun.cpp in Sources */,
			);
			runOnlyForDeploymentPostprocessing = 0;
		};
/* End PBXSourcesBuildPhase section */

/* Begin PBXTargetDependency section */
		04229615278D2B300090983F /* PBXTargetDependency */ = {
			isa = PBXTargetDependency;
			target = 042295D8278D121C0090983F /* vox.geometry */;
			targetProxy = 04229614278D2B300090983F /* PBXContainerItemProxy */;
		};
		044591C0278DD2CD00F04CE0 /* PBXTargetDependency */ = {
			isa = PBXTargetDependency;
			target = 0422969E278DAE4E0090983F /* vox.math */;
			targetProxy = 044591BF278DD2CD00F04CE0 /* PBXContainerItemProxy */;
		};
		0445923E278E620600F04CE0 /* PBXTargetDependency */ = {
			isa = PBXTargetDependency;
			target = 0422969E278DAE4E0090983F /* vox.math */;
			targetProxy = 0445923D278E620600F04CE0 /* PBXContainerItemProxy */;
		};
/* End PBXTargetDependency section */

/* Begin XCBuildConfiguration section */
		04229558278C30840090983F /* Debug */ = {
			isa = XCBuildConfiguration;
			buildSettings = {
				ALWAYS_SEARCH_USER_PATHS = NO;
				CLANG_ANALYZER_NONNULL = YES;
				CLANG_ANALYZER_NUMBER_OBJECT_CONVERSION = YES_AGGRESSIVE;
				CLANG_CXX_LANGUAGE_STANDARD = "gnu++17";
				CLANG_CXX_LIBRARY = "libc++";
				CLANG_ENABLE_MODULES = YES;
				CLANG_ENABLE_OBJC_ARC = YES;
				CLANG_ENABLE_OBJC_WEAK = YES;
				CLANG_WARN_BLOCK_CAPTURE_AUTORELEASING = YES;
				CLANG_WARN_BOOL_CONVERSION = YES;
				CLANG_WARN_COMMA = YES;
				CLANG_WARN_CONSTANT_CONVERSION = YES;
				CLANG_WARN_DEPRECATED_OBJC_IMPLEMENTATIONS = YES;
				CLANG_WARN_DIRECT_OBJC_ISA_USAGE = YES_ERROR;
				CLANG_WARN_DOCUMENTATION_COMMENTS = YES;
				CLANG_WARN_EMPTY_BODY = YES;
				CLANG_WARN_ENUM_CONVERSION = YES;
				CLANG_WARN_INFINITE_RECURSION = YES;
				CLANG_WARN_INT_CONVERSION = YES;
				CLANG_WARN_NON_LITERAL_NULL_CONVERSION = YES;
				CLANG_WARN_OBJC_IMPLICIT_RETAIN_SELF = YES;
				CLANG_WARN_OBJC_LITERAL_CONVERSION = YES;
				CLANG_WARN_OBJC_ROOT_CLASS = YES_ERROR;
				CLANG_WARN_QUOTED_INCLUDE_IN_FRAMEWORK_HEADER = YES;
				CLANG_WARN_RANGE_LOOP_ANALYSIS = YES;
				CLANG_WARN_STRICT_PROTOTYPES = YES;
				CLANG_WARN_SUSPICIOUS_MOVE = YES;
				CLANG_WARN_UNGUARDED_AVAILABILITY = YES_AGGRESSIVE;
				CLANG_WARN_UNREACHABLE_CODE = YES;
				CLANG_WARN__DUPLICATE_METHOD_MATCH = YES;
				COPY_PHASE_STRIP = NO;
				DEBUG_INFORMATION_FORMAT = dwarf;
				ENABLE_STRICT_OBJC_MSGSEND = YES;
				ENABLE_TESTABILITY = YES;
				GCC_C_LANGUAGE_STANDARD = gnu11;
				GCC_DYNAMIC_NO_PIC = NO;
				GCC_NO_COMMON_BLOCKS = YES;
				GCC_OPTIMIZATION_LEVEL = 0;
				GCC_PREPROCESSOR_DEFINITIONS = (
					"DEBUG=1",
					"$(inherited)",
				);
				GCC_WARN_64_TO_32_BIT_CONVERSION = YES;
				GCC_WARN_ABOUT_RETURN_TYPE = YES_ERROR;
				GCC_WARN_UNDECLARED_SELECTOR = YES;
				GCC_WARN_UNINITIALIZED_AUTOS = YES_AGGRESSIVE;
				GCC_WARN_UNUSED_FUNCTION = YES;
				GCC_WARN_UNUSED_VARIABLE = YES;
				MACOSX_DEPLOYMENT_TARGET = 12.1;
				MTL_ENABLE_DEBUG_INFO = INCLUDE_SOURCE;
				MTL_FAST_MATH = YES;
				ONLY_ACTIVE_ARCH = YES;
				SDKROOT = macosx;
			};
			name = Debug;
		};
		04229559278C30840090983F /* Release */ = {
			isa = XCBuildConfiguration;
			buildSettings = {
				ALWAYS_SEARCH_USER_PATHS = NO;
				CLANG_ANALYZER_NONNULL = YES;
				CLANG_ANALYZER_NUMBER_OBJECT_CONVERSION = YES_AGGRESSIVE;
				CLANG_CXX_LANGUAGE_STANDARD = "gnu++17";
				CLANG_CXX_LIBRARY = "libc++";
				CLANG_ENABLE_MODULES = YES;
				CLANG_ENABLE_OBJC_ARC = YES;
				CLANG_ENABLE_OBJC_WEAK = YES;
				CLANG_WARN_BLOCK_CAPTURE_AUTORELEASING = YES;
				CLANG_WARN_BOOL_CONVERSION = YES;
				CLANG_WARN_COMMA = YES;
				CLANG_WARN_CONSTANT_CONVERSION = YES;
				CLANG_WARN_DEPRECATED_OBJC_IMPLEMENTATIONS = YES;
				CLANG_WARN_DIRECT_OBJC_ISA_USAGE = YES_ERROR;
				CLANG_WARN_DOCUMENTATION_COMMENTS = YES;
				CLANG_WARN_EMPTY_BODY = YES;
				CLANG_WARN_ENUM_CONVERSION = YES;
				CLANG_WARN_INFINITE_RECURSION = YES;
				CLANG_WARN_INT_CONVERSION = YES;
				CLANG_WARN_NON_LITERAL_NULL_CONVERSION = YES;
				CLANG_WARN_OBJC_IMPLICIT_RETAIN_SELF = YES;
				CLANG_WARN_OBJC_LITERAL_CONVERSION = YES;
				CLANG_WARN_OBJC_ROOT_CLASS = YES_ERROR;
				CLANG_WARN_QUOTED_INCLUDE_IN_FRAMEWORK_HEADER = YES;
				CLANG_WARN_RANGE_LOOP_ANALYSIS = YES;
				CLANG_WARN_STRICT_PROTOTYPES = YES;
				CLANG_WARN_SUSPICIOUS_MOVE = YES;
				CLANG_WARN_UNGUARDED_AVAILABILITY = YES_AGGRESSIVE;
				CLANG_WARN_UNREACHABLE_CODE = YES;
				CLANG_WARN__DUPLICATE_METHOD_MATCH = YES;
				COPY_PHASE_STRIP = NO;
				DEBUG_INFORMATION_FORMAT = "dwarf-with-dsym";
				ENABLE_NS_ASSERTIONS = NO;
				ENABLE_STRICT_OBJC_MSGSEND = YES;
				GCC_C_LANGUAGE_STANDARD = gnu11;
				GCC_NO_COMMON_BLOCKS = YES;
				GCC_WARN_64_TO_32_BIT_CONVERSION = YES;
				GCC_WARN_ABOUT_RETURN_TYPE = YES_ERROR;
				GCC_WARN_UNDECLARED_SELECTOR = YES;
				GCC_WARN_UNINITIALIZED_AUTOS = YES_AGGRESSIVE;
				GCC_WARN_UNUSED_FUNCTION = YES;
				GCC_WARN_UNUSED_VARIABLE = YES;
				MACOSX_DEPLOYMENT_TARGET = 12.1;
				MTL_ENABLE_DEBUG_INFO = NO;
				MTL_FAST_MATH = YES;
				SDKROOT = macosx;
			};
			name = Release;
		};
		0422955B278C30840090983F /* Debug */ = {
			isa = XCBuildConfiguration;
			buildSettings = {
				CODE_SIGN_STYLE = Automatic;
				DEVELOPMENT_TEAM = 4SL5L673UU;
				EXECUTABLE_PREFIX = lib;
				GCC_ENABLE_CPP_EXCEPTIONS = YES;
				GCC_ENABLE_CPP_RTTI = YES;
				HEADER_SEARCH_PATHS = (
					./vox.render,
					./vox.math,
				);
				LIBRARY_SEARCH_PATHS = ./third_party/glog/build;
				OTHER_LDFLAGS = "-lglog";
				PRODUCT_NAME = "$(TARGET_NAME)";
				SKIP_INSTALL = YES;
				SYSTEM_HEADER_SEARCH_PATHS = (
					./third_party/tinygltf,
					./third_party/glog/src,
					./third_party/glog/build,
					./third_party/glfw/include,
				);
			};
			name = Debug;
		};
		0422955C278C30840090983F /* Release */ = {
			isa = XCBuildConfiguration;
			buildSettings = {
				CODE_SIGN_STYLE = Automatic;
				DEVELOPMENT_TEAM = 4SL5L673UU;
				EXECUTABLE_PREFIX = lib;
				GCC_ENABLE_CPP_EXCEPTIONS = YES;
				GCC_ENABLE_CPP_RTTI = YES;
				HEADER_SEARCH_PATHS = (
					./vox.render,
					./vox.math,
				);
				LIBRARY_SEARCH_PATHS = ./third_party/glog/build;
				OTHER_LDFLAGS = "-lglog";
				PRODUCT_NAME = "$(TARGET_NAME)";
				SKIP_INSTALL = YES;
				SYSTEM_HEADER_SEARCH_PATHS = (
					./third_party/tinygltf,
					./third_party/glog/src,
					./third_party/glog/build,
					./third_party/glfw/include,
				);
			};
			name = Release;
		};
		042295E1278D121D0090983F /* Debug */ = {
			isa = XCBuildConfiguration;
			buildSettings = {
				CODE_SIGN_STYLE = Automatic;
				DEVELOPMENT_TEAM = 4SL5L673UU;
				EXECUTABLE_PREFIX = lib;
				GCC_ENABLE_CPP_EXCEPTIONS = YES;
				GCC_ENABLE_CPP_RTTI = YES;
				HEADER_SEARCH_PATHS = ./vox.math;
				PRODUCT_NAME = "$(TARGET_NAME)";
				SKIP_INSTALL = YES;
				SYSTEM_HEADER_SEARCH_PATHS = ./third_party/eigen;
			};
			name = Debug;
		};
		042295E2278D121D0090983F /* Release */ = {
			isa = XCBuildConfiguration;
			buildSettings = {
				CODE_SIGN_STYLE = Automatic;
				DEVELOPMENT_TEAM = 4SL5L673UU;
				EXECUTABLE_PREFIX = lib;
				GCC_ENABLE_CPP_EXCEPTIONS = YES;
				GCC_ENABLE_CPP_RTTI = YES;
				HEADER_SEARCH_PATHS = ./vox.math;
				PRODUCT_NAME = "$(TARGET_NAME)";
				SKIP_INSTALL = YES;
				SYSTEM_HEADER_SEARCH_PATHS = ./third_party/eigen;
			};
			name = Release;
		};
		0422960E278D29770090983F /* Debug */ = {
			isa = XCBuildConfiguration;
			buildSettings = {
				CODE_SIGN_STYLE = Automatic;
				DEVELOPMENT_TEAM = 4SL5L673UU;
				ENABLE_HARDENED_RUNTIME = YES;
				GCC_INLINES_ARE_PRIVATE_EXTERN = NO;
				GCC_SYMBOLS_PRIVATE_EXTERN = NO;
				HEADER_SEARCH_PATHS = (
					./vox.geometry,
					./vox.math,
				);
				LIBRARY_SEARCH_PATHS = ./third_party/build/lib;
				OTHER_LDFLAGS = (
					"-lgtest",
					"-lgtest_main",
				);
				PRODUCT_NAME = "$(TARGET_NAME)";
				SYSTEM_HEADER_SEARCH_PATHS = (
					./third_party/eigen,
					./third_party/googletest/googlemock/include,
					./third_party/googletest/googletest/include,
				);
			};
			name = Debug;
		};
		0422960F278D29770090983F /* Release */ = {
			isa = XCBuildConfiguration;
			buildSettings = {
				CODE_SIGN_STYLE = Automatic;
				DEVELOPMENT_TEAM = 4SL5L673UU;
				ENABLE_HARDENED_RUNTIME = YES;
				GCC_INLINES_ARE_PRIVATE_EXTERN = NO;
				GCC_SYMBOLS_PRIVATE_EXTERN = NO;
				HEADER_SEARCH_PATHS = (
					./vox.geometry,
					./vox.math,
				);
				LIBRARY_SEARCH_PATHS = ./third_party/build/lib;
				OTHER_LDFLAGS = (
					"-lgtest",
					"-lgtest_main",
				);
				PRODUCT_NAME = "$(TARGET_NAME)";
				SYSTEM_HEADER_SEARCH_PATHS = (
					./third_party/eigen,
					./third_party/googletest/googlemock/include,
					./third_party/googletest/googletest/include,
				);
			};
			name = Release;
		};
		042296A8278DAE4E0090983F /* Debug */ = {
			isa = XCBuildConfiguration;
			buildSettings = {
				CODE_SIGN_STYLE = Automatic;
				DEVELOPMENT_TEAM = 4SL5L673UU;
				EXECUTABLE_PREFIX = lib;
				GCC_ENABLE_CPP_EXCEPTIONS = YES;
				GCC_ENABLE_CPP_RTTI = YES;
				PRODUCT_NAME = "$(TARGET_NAME)";
				SKIP_INSTALL = YES;
			};
			name = Debug;
		};
		042296A9278DAE4E0090983F /* Release */ = {
			isa = XCBuildConfiguration;
			buildSettings = {
				CODE_SIGN_STYLE = Automatic;
				DEVELOPMENT_TEAM = 4SL5L673UU;
				EXECUTABLE_PREFIX = lib;
				GCC_ENABLE_CPP_EXCEPTIONS = YES;
				GCC_ENABLE_CPP_RTTI = YES;
				PRODUCT_NAME = "$(TARGET_NAME)";
				SKIP_INSTALL = YES;
			};
			name = Release;
		};
/* End XCBuildConfiguration section */

/* Begin XCConfigurationList section */
		0422954A278C30840090983F /* Build configuration list for PBXProject "DigitalVox4" */ = {
			isa = XCConfigurationList;
			buildConfigurations = (
				04229558278C30840090983F /* Debug */,
				04229559278C30840090983F /* Release */,
			);
			defaultConfigurationIsVisible = 0;
			defaultConfigurationName = Release;
		};
		0422955A278C30840090983F /* Build configuration list for PBXNativeTarget "vox.render" */ = {
			isa = XCConfigurationList;
			buildConfigurations = (
				0422955B278C30840090983F /* Debug */,
				0422955C278C30840090983F /* Release */,
			);
			defaultConfigurationIsVisible = 0;
			defaultConfigurationName = Release;
		};
		042295E3278D121D0090983F /* Build configuration list for PBXNativeTarget "vox.geometry" */ = {
			isa = XCConfigurationList;
			buildConfigurations = (
				042295E1278D121D0090983F /* Debug */,
				042295E2278D121D0090983F /* Release */,
			);
			defaultConfigurationIsVisible = 0;
			defaultConfigurationName = Release;
		};
		0422960D278D29770090983F /* Build configuration list for PBXNativeTarget "unit_tests" */ = {
			isa = XCConfigurationList;
			buildConfigurations = (
				0422960E278D29770090983F /* Debug */,
				0422960F278D29770090983F /* Release */,
			);
			defaultConfigurationIsVisible = 0;
			defaultConfigurationName = Release;
		};
		042296A7278DAE4E0090983F /* Build configuration list for PBXNativeTarget "vox.math" */ = {
			isa = XCConfigurationList;
			buildConfigurations = (
				042296A8278DAE4E0090983F /* Debug */,
				042296A9278DAE4E0090983F /* Release */,
			);
			defaultConfigurationIsVisible = 0;
			defaultConfigurationName = Release;
		};
/* End XCConfigurationList section */
	};
	rootObject = 04229547278C30840090983F /* Project object */;
}
